Starting provisioning process
module.module-01.random_password.admin_password: Refreshing state... [id=none]
module.module-01.random_string.azurerm_storage_account_name: Refreshing state... [id=kfgddidyzldwoalo]
module.module-01.azurerm_public_ip.bastion_host_01: Refreshing state... [id=/subscriptions/33f27ac9-52ef-43de-b518-ef0b994e7f1b/resourceGroups/RG-EastUS-terraform-3/providers/Microsoft.Network/publicIPAddresses/pip-bst-terraform-01]
module.module-01.azurerm_storage_account.st: Refreshing state... [id=/subscriptions/33f27ac9-52ef-43de-b518-ef0b994e7f1b/resourceGroups/RG-EastUS-terraform-3/providers/Microsoft.Storage/storageAccounts/stkfgddidyzldwoalo]
module.module-01.azurerm_log_analytics_workspace.log_analytics_workspace_01: Refreshing state... [id=/subscriptions/33f27ac9-52ef-43de-b518-ef0b994e7f1b/resourceGroups/RG-EastUS-terraform-3/providers/Microsoft.OperationalInsights/workspaces/log-shared-terraform-01]
module.module-01.azurerm_virtual_network.vnet_shared_01: Refreshing state... [id=/subscriptions/33f27ac9-52ef-43de-b518-ef0b994e7f1b/resourceGroups/RG-EastUS-terraform-3/providers/Microsoft.Network/virtualNetworks/vnet-shared-01]
module.module-01.azurerm_key_vault.kv: Refreshing state... [id=/subscriptions/33f27ac9-52ef-43de-b518-ef0b994e7f1b/resourceGroups/RG-EastUS-terraform-3/providers/Microsoft.KeyVault/vaults/kv-kfgddidyzldwoalo]
module.module-01.azurerm_subnet.vnet_shared_01_subnets["snet-adds-01"]: Refreshing state... [id=/subscriptions/33f27ac9-52ef-43de-b518-ef0b994e7f1b/resourceGroups/RG-EastUS-terraform-3/providers/Microsoft.Network/virtualNetworks/vnet-shared-01/subnets/snet-adds-01]
module.module-01.azurerm_subnet.vnet_shared_01_subnets["AzureBastionSubnet"]: Refreshing state... [id=/subscriptions/33f27ac9-52ef-43de-b518-ef0b994e7f1b/resourceGroups/RG-EastUS-terraform-3/providers/Microsoft.Network/virtualNetworks/vnet-shared-01/subnets/AzureBastionSubnet]
module.module-01.azurerm_subnet.vnet_shared_01_subnets["snet-misc-01"]: Refreshing state... [id=/subscriptions/33f27ac9-52ef-43de-b518-ef0b994e7f1b/resourceGroups/RG-EastUS-terraform-3/providers/Microsoft.Network/virtualNetworks/vnet-shared-01/subnets/snet-misc-01]
module.module-01.azurerm_subnet.vnet_shared_01_subnets["snet-misc-02"]: Refreshing state... [id=/subscriptions/33f27ac9-52ef-43de-b518-ef0b994e7f1b/resourceGroups/RG-EastUS-terraform-3/providers/Microsoft.Network/virtualNetworks/vnet-shared-01/subnets/snet-misc-02]
module.module-01.azurerm_network_security_group.network_security_groups_m1["snet-misc-01"]: Refreshing state... [id=/subscriptions/33f27ac9-52ef-43de-b518-ef0b994e7f1b/resourceGroups/RG-EastUS-terraform-3/providers/Microsoft.Network/networkSecurityGroups/nsg-vnet-shared-01.snet-misc-01]
module.module-01.azurerm_network_security_group.network_security_groups_m1["snet-adds-01"]: Refreshing state... [id=/subscriptions/33f27ac9-52ef-43de-b518-ef0b994e7f1b/resourceGroups/RG-EastUS-terraform-3/providers/Microsoft.Network/networkSecurityGroups/nsg-vnet-shared-01.snet-adds-01]
module.module-01.azurerm_network_interface.vm_adds_nic_01: Refreshing state... [id=/subscriptions/33f27ac9-52ef-43de-b518-ef0b994e7f1b/resourceGroups/RG-EastUS-terraform-3/providers/Microsoft.Network/networkInterfaces/nic-adds1-1]
module.module-01.azurerm_bastion_host.bastion_host_01: Refreshing state... [id=/subscriptions/33f27ac9-52ef-43de-b518-ef0b994e7f1b/resourceGroups/RG-EastUS-terraform-3/providers/Microsoft.Network/bastionHosts/bst-terraform-01]
module.module-01.azurerm_network_security_group.network_security_groups_m1["snet-misc-02"]: Refreshing state... [id=/subscriptions/33f27ac9-52ef-43de-b518-ef0b994e7f1b/resourceGroups/RG-EastUS-terraform-3/providers/Microsoft.Network/networkSecurityGroups/nsg-vnet-shared-01.snet-misc-02]
module.module-01.azurerm_network_security_group.network_security_groups_m1["AzureBastionSubnet"]: Refreshing state... [id=/subscriptions/33f27ac9-52ef-43de-b518-ef0b994e7f1b/resourceGroups/RG-EastUS-terraform-3/providers/Microsoft.Network/networkSecurityGroups/nsg-vnet-shared-01.AzureBastionSubnet]
module.module-01.azurerm_network_security_rule.network_security_rules_m1["AzureBastionSubnet.AllowGetSessionInformationOutbound"]: Refreshing state... [id=/subscriptions/33f27ac9-52ef-43de-b518-ef0b994e7f1b/resourceGroups/RG-EastUS-terraform-3/providers/Microsoft.Network/networkSecurityGroups/nsg-vnet-shared-01.AzureBastionSubnet/securityRules/AllowGetSessionInformationOutbound]
module.module-01.azurerm_network_security_rule.network_security_rules_m1["AzureBastionSubnet.AllowAzureLoadBalancerInbound"]: Refreshing state... [id=/subscriptions/33f27ac9-52ef-43de-b518-ef0b994e7f1b/resourceGroups/RG-EastUS-terraform-3/providers/Microsoft.Network/networkSecurityGroups/nsg-vnet-shared-01.AzureBastionSubnet/securityRules/AllowAzureLoadBalancerInbound]
module.module-01.azurerm_network_security_rule.network_security_rules_m1["snet-misc-02.AllowInternetOutbound"]: Refreshing state... [id=/subscriptions/33f27ac9-52ef-43de-b518-ef0b994e7f1b/resourceGroups/RG-EastUS-terraform-3/providers/Microsoft.Network/networkSecurityGroups/nsg-vnet-shared-01.snet-misc-02/securityRules/AllowInternetOutbound]
module.module-01.azurerm_network_security_rule.network_security_rules_m1["AzureBastionSubnet.AllowHttpsInbound"]: Refreshing state... [id=/subscriptions/33f27ac9-52ef-43de-b518-ef0b994e7f1b/resourceGroups/RG-EastUS-terraform-3/providers/Microsoft.Network/networkSecurityGroups/nsg-vnet-shared-01.AzureBastionSubnet/securityRules/AllowHttpsInbound]
module.module-01.azurerm_network_security_rule.network_security_rules_m1["AzureBastionSubnet.AllowBastionCommunicationInbound"]: Refreshing state... [id=/subscriptions/33f27ac9-52ef-43de-b518-ef0b994e7f1b/resourceGroups/RG-EastUS-terraform-3/providers/Microsoft.Network/networkSecurityGroups/nsg-vnet-shared-01.AzureBastionSubnet/securityRules/AllowBastionCommunicationInbound]
module.module-01.azurerm_network_security_rule.network_security_rules_m1["snet-misc-02.AllowVirtualNetworkInbound"]: Refreshing state... [id=/subscriptions/33f27ac9-52ef-43de-b518-ef0b994e7f1b/resourceGroups/RG-EastUS-terraform-3/providers/Microsoft.Network/networkSecurityGroups/nsg-vnet-shared-01.snet-misc-02/securityRules/AllowVirtualNetworkInbound]
module.module-01.azurerm_network_security_rule.network_security_rules_m1["AzureBastionSubnet.AllowSshRdpOutbound"]: Refreshing state... [id=/subscriptions/33f27ac9-52ef-43de-b518-ef0b994e7f1b/resourceGroups/RG-EastUS-terraform-3/providers/Microsoft.Network/networkSecurityGroups/nsg-vnet-shared-01.AzureBastionSubnet/securityRules/AllowSshRdpOutbound]
module.module-01.azurerm_network_security_rule.network_security_rules_m1["snet-adds-01.AllowInternetOutbound"]: Refreshing state... [id=/subscriptions/33f27ac9-52ef-43de-b518-ef0b994e7f1b/resourceGroups/RG-EastUS-terraform-3/providers/Microsoft.Network/networkSecurityGroups/nsg-vnet-shared-01.snet-adds-01/securityRules/AllowInternetOutbound]
module.module-01.azurerm_network_security_rule.network_security_rules_m1["AzureBastionSubnet.AllowGatewayManagerInbound"]: Refreshing state... [id=/subscriptions/33f27ac9-52ef-43de-b518-ef0b994e7f1b/resourceGroups/RG-EastUS-terraform-3/providers/Microsoft.Network/networkSecurityGroups/nsg-vnet-shared-01.AzureBastionSubnet/securityRules/AllowGatewayManagerInbound]
module.module-01.azurerm_network_security_rule.network_security_rules_m1["snet-misc-02.AllowVirtualNetworkOutbound"]: Refreshing state... [id=/subscriptions/33f27ac9-52ef-43de-b518-ef0b994e7f1b/resourceGroups/RG-EastUS-terraform-3/providers/Microsoft.Network/networkSecurityGroups/nsg-vnet-shared-01.snet-misc-02/securityRules/AllowVirtualNetworkOutbound]
module.module-01.azurerm_network_security_rule.network_security_rules_m1["snet-misc-01.AllowVirtualNetworkOutbound"]: Refreshing state... [id=/subscriptions/33f27ac9-52ef-43de-b518-ef0b994e7f1b/resourceGroups/RG-EastUS-terraform-3/providers/Microsoft.Network/networkSecurityGroups/nsg-vnet-shared-01.snet-misc-01/securityRules/AllowVirtualNetworkOutbound]
module.module-01.azurerm_network_security_rule.network_security_rules_m1["snet-adds-01.AllowVirtualNetworkOutbound"]: Refreshing state... [id=/subscriptions/33f27ac9-52ef-43de-b518-ef0b994e7f1b/resourceGroups/RG-EastUS-terraform-3/providers/Microsoft.Network/networkSecurityGroups/nsg-vnet-shared-01.snet-adds-01/securityRules/AllowVirtualNetworkOutbound]
module.module-01.azurerm_network_security_rule.network_security_rules_m1["snet-misc-01.AllowInternetOutbound"]: Refreshing state... [id=/subscriptions/33f27ac9-52ef-43de-b518-ef0b994e7f1b/resourceGroups/RG-EastUS-terraform-3/providers/Microsoft.Network/networkSecurityGroups/nsg-vnet-shared-01.snet-misc-01/securityRules/AllowInternetOutbound]
module.module-01.azurerm_network_security_rule.network_security_rules_m1["AzureBastionSubnet.AllowBastionCommunicationOutbound"]: Refreshing state... [id=/subscriptions/33f27ac9-52ef-43de-b518-ef0b994e7f1b/resourceGroups/RG-EastUS-terraform-3/providers/Microsoft.Network/networkSecurityGroups/nsg-vnet-shared-01.AzureBastionSubnet/securityRules/AllowBastionCommunicationOutbound]
module.module-01.azurerm_network_security_rule.network_security_rules_m1["AzureBastionSubnet.AllowAzureCloudOutbound"]: Refreshing state... [id=/subscriptions/33f27ac9-52ef-43de-b518-ef0b994e7f1b/resourceGroups/RG-EastUS-terraform-3/providers/Microsoft.Network/networkSecurityGroups/nsg-vnet-shared-01.AzureBastionSubnet/securityRules/AllowAzureCloudOutbound]
module.module-01.azurerm_network_security_rule.network_security_rules_m1["snet-adds-01.AllowVirtualNetworkInbound"]: Refreshing state... [id=/subscriptions/33f27ac9-52ef-43de-b518-ef0b994e7f1b/resourceGroups/RG-EastUS-terraform-3/providers/Microsoft.Network/networkSecurityGroups/nsg-vnet-shared-01.snet-adds-01/securityRules/AllowVirtualNetworkInbound]
module.module-01.azurerm_network_security_rule.network_security_rules_m1["snet-misc-01.AllowVirtualNetworkInbound"]: Refreshing state... [id=/subscriptions/33f27ac9-52ef-43de-b518-ef0b994e7f1b/resourceGroups/RG-EastUS-terraform-3/providers/Microsoft.Network/networkSecurityGroups/nsg-vnet-shared-01.snet-misc-01/securityRules/AllowVirtualNetworkInbound]
module.module-01.azurerm_storage_container.st_container: Refreshing state... [id=https://stkfgddidyzldwoalo.blob.core.windows.net/scripts]
module.module-01.azurerm_subnet_network_security_group_association.nsg_subnet_associations_m1["snet-adds-01"]: Refreshing state... [id=/subscriptions/33f27ac9-52ef-43de-b518-ef0b994e7f1b/resourceGroups/RG-EastUS-terraform-3/providers/Microsoft.Network/virtualNetworks/vnet-shared-01/subnets/snet-adds-01]
module.module-01.azurerm_subnet_network_security_group_association.nsg_subnet_associations_m1["snet-misc-02"]: Refreshing state... [id=/subscriptions/33f27ac9-52ef-43de-b518-ef0b994e7f1b/resourceGroups/RG-EastUS-terraform-3/providers/Microsoft.Network/virtualNetworks/vnet-shared-01/subnets/snet-misc-02]
module.module-01.azurerm_subnet_network_security_group_association.nsg_subnet_associations_m1["AzureBastionSubnet"]: Refreshing state... [id=/subscriptions/33f27ac9-52ef-43de-b518-ef0b994e7f1b/resourceGroups/RG-EastUS-terraform-3/providers/Microsoft.Network/virtualNetworks/vnet-shared-01/subnets/AzureBastionSubnet]
module.module-01.azurerm_subnet_network_security_group_association.nsg_subnet_associations_m1["snet-misc-01"]: Refreshing state... [id=/subscriptions/33f27ac9-52ef-43de-b518-ef0b994e7f1b/resourceGroups/RG-EastUS-terraform-3/providers/Microsoft.Network/virtualNetworks/vnet-shared-01/subnets/snet-misc-01]
module.module-01.azurerm_key_vault_secret.storage_account_access_key: Refreshing state... [id=https://kv-kfgddidyzldwoalo.vault.azure.net/secrets/stkfgddidyzldwoalo/402ae9bb4c484336a9808f860ff063b2]
module.module-01.azurerm_key_vault_secret.adminuser: Refreshing state... [id=https://kv-kfgddidyzldwoalo.vault.azure.net/secrets/adminuser/d901eef8f0644823a6f4ad27268310cb]
module.module-01.azurerm_key_vault_secret.log_analytics_workspace_01_primary_shared_key: Refreshing state... [id=https://kv-kfgddidyzldwoalo.vault.azure.net/secrets/c6bcec30-2587-422d-8bf4-378a35f63df6/43a30bedb2aa4c27b3655a1de521c84c]
module.module-01.azurerm_key_vault_secret.adminpassword: Refreshing state... [id=https://kv-kfgddidyzldwoalo.vault.azure.net/secrets/adminpassword/e4a0657e301e434fad947ea9f5d93588]

Terraform used the selected providers to generate the following execution
plan. Resource actions are indicated with the following symbols:
-/+ destroy and then create replacement

Terraform planned the following actions, but then encountered a problem:

  # module.module-01.azurerm_bastion_host.bastion_host_01 must be replaced
-/+ resource "azurerm_bastion_host" "bastion_host_01" {
      ~ dns_name               = "bst-2e04ffa9-f119-46a2-bf7e-c81c86a9c7f4.bastion.azure.com" -> (known after apply)
      ~ id                     = "/subscriptions/33f27ac9-52ef-43de-b518-ef0b994e7f1b/resourceGroups/RG-EastUS-terraform-3/providers/Microsoft.Network/bastionHosts/bst-terraform-01" -> (known after apply)
      ~ location               = "eastus" -> "swedencentral" # forces replacement
        name                   = "bst-terraform-01"
      ~ resource_group_name    = "RG-EastUS-terraform-3" -> "RG-SwedenCentral-terraform-3" # forces replacement
      - tags                   = {} -> null
        # (7 unchanged attributes hidden)

      ~ ip_configuration {
            name                 = "ipc-bst-terraform-01"
          ~ public_ip_address_id = "/subscriptions/33f27ac9-52ef-43de-b518-ef0b994e7f1b/resourceGroups/RG-EastUS-terraform-3/providers/Microsoft.Network/publicIPAddresses/pip-bst-terraform-01" # forces replacement -> (known after apply) # forces replacement
          ~ subnet_id            = "/subscriptions/33f27ac9-52ef-43de-b518-ef0b994e7f1b/resourceGroups/RG-EastUS-terraform-3/providers/Microsoft.Network/virtualNetworks/vnet-shared-01/subnets/AzureBastionSubnet" # forces replacement -> (known after apply) # forces replacement
        }
    }

  # module.module-01.azurerm_key_vault.kv must be replaced
-/+ resource "azurerm_key_vault" "kv" {
      ~ access_policy                   = [
          ~ {
              - application_id          = ""
              - certificate_permissions = []
              - key_permissions         = []
              - storage_permissions     = []
                # (3 unchanged attributes hidden)
            },
          ~ {
              - application_id          = ""
              - certificate_permissions = []
              - key_permissions         = []
              - storage_permissions     = []
                # (3 unchanged attributes hidden)
            },
        ]
      - enabled_for_deployment          = false -> null
      - enabled_for_disk_encryption     = false -> null
      - enabled_for_template_deployment = false -> null
      ~ id                              = "/subscriptions/33f27ac9-52ef-43de-b518-ef0b994e7f1b/resourceGroups/RG-EastUS-terraform-3/providers/Microsoft.KeyVault/vaults/kv-kfgddidyzldwoalo" -> (known after apply)
      ~ location                        = "eastus" -> "swedencentral" # forces replacement
        name                            = "kv-kfgddidyzldwoalo"
      ~ resource_group_name             = "RG-EastUS-terraform-3" -> "RG-SwedenCentral-terraform-3" # forces replacement
      - tags                            = {} -> null
      ~ vault_uri                       = "https://kv-kfgddidyzldwoalo.vault.azure.net/" -> (known after apply)
        # (6 unchanged attributes hidden)

      - network_acls {
          - bypass                     = "AzureServices" -> null
          - default_action             = "Allow" -> null
          - ip_rules                   = [] -> null
          - virtual_network_subnet_ids = [] -> null
        }
    }

  # module.module-01.azurerm_key_vault_secret.adminpassword must be replaced
-/+ resource "azurerm_key_vault_secret" "adminpassword" {
      ~ id                      = "https://kv-kfgddidyzldwoalo.vault.azure.net/secrets/adminpassword/e4a0657e301e434fad947ea9f5d93588" -> (known after apply)
      ~ key_vault_id            = "/subscriptions/33f27ac9-52ef-43de-b518-ef0b994e7f1b/resourceGroups/RG-EastUS-terraform-3/providers/Microsoft.KeyVault/vaults/kv-kfgddidyzldwoalo" # forces replacement -> (known after apply) # forces replacement
        name                    = "adminpassword"
      ~ resource_id             = "/subscriptions/33f27ac9-52ef-43de-b518-ef0b994e7f1b/resourceGroups/RG-EastUS-terraform-3/providers/Microsoft.KeyVault/vaults/kv-kfgddidyzldwoalo/secrets/adminpassword/versions/e4a0657e301e434fad947ea9f5d93588" -> (known after apply)
      ~ resource_versionless_id = "/subscriptions/33f27ac9-52ef-43de-b518-ef0b994e7f1b/resourceGroups/RG-EastUS-terraform-3/providers/Microsoft.KeyVault/vaults/kv-kfgddidyzldwoalo/secrets/adminpassword" -> (known after apply)
      - tags                    = {} -> null
      ~ version                 = "e4a0657e301e434fad947ea9f5d93588" -> (known after apply)
      ~ versionless_id          = "https://kv-kfgddidyzldwoalo.vault.azure.net/secrets/adminpassword" -> (known after apply)
        # (1 unchanged attribute hidden)
    }

  # module.module-01.azurerm_key_vault_secret.adminuser must be replaced
-/+ resource "azurerm_key_vault_secret" "adminuser" {
      ~ id                      = "https://kv-kfgddidyzldwoalo.vault.azure.net/secrets/adminuser/d901eef8f0644823a6f4ad27268310cb" -> (known after apply)
      ~ key_vault_id            = "/subscriptions/33f27ac9-52ef-43de-b518-ef0b994e7f1b/resourceGroups/RG-EastUS-terraform-3/providers/Microsoft.KeyVault/vaults/kv-kfgddidyzldwoalo" # forces replacement -> (known after apply) # forces replacement
        name                    = "adminuser"
      ~ resource_id             = "/subscriptions/33f27ac9-52ef-43de-b518-ef0b994e7f1b/resourceGroups/RG-EastUS-terraform-3/providers/Microsoft.KeyVault/vaults/kv-kfgddidyzldwoalo/secrets/adminuser/versions/d901eef8f0644823a6f4ad27268310cb" -> (known after apply)
      ~ resource_versionless_id = "/subscriptions/33f27ac9-52ef-43de-b518-ef0b994e7f1b/resourceGroups/RG-EastUS-terraform-3/providers/Microsoft.KeyVault/vaults/kv-kfgddidyzldwoalo/secrets/adminuser" -> (known after apply)
      - tags                    = {} -> null
      ~ version                 = "d901eef8f0644823a6f4ad27268310cb" -> (known after apply)
      ~ versionless_id          = "https://kv-kfgddidyzldwoalo.vault.azure.net/secrets/adminuser" -> (known after apply)
        # (1 unchanged attribute hidden)
    }

  # module.module-01.azurerm_key_vault_secret.log_analytics_workspace_01_primary_shared_key must be replaced
-/+ resource "azurerm_key_vault_secret" "log_analytics_workspace_01_primary_shared_key" {
      ~ id                      = "https://kv-kfgddidyzldwoalo.vault.azure.net/secrets/c6bcec30-2587-422d-8bf4-378a35f63df6/43a30bedb2aa4c27b3655a1de521c84c" -> (known after apply)
      ~ key_vault_id            = "/subscriptions/33f27ac9-52ef-43de-b518-ef0b994e7f1b/resourceGroups/RG-EastUS-terraform-3/providers/Microsoft.KeyVault/vaults/kv-kfgddidyzldwoalo" # forces replacement -> (known after apply) # forces replacement
      ~ name                    = "c6bcec30-2587-422d-8bf4-378a35f63df6" # forces replacement -> (known after apply) # forces replacement
      ~ resource_id             = "/subscriptions/33f27ac9-52ef-43de-b518-ef0b994e7f1b/resourceGroups/RG-EastUS-terraform-3/providers/Microsoft.KeyVault/vaults/kv-kfgddidyzldwoalo/secrets/c6bcec30-2587-422d-8bf4-378a35f63df6/versions/43a30bedb2aa4c27b3655a1de521c84c" -> (known after apply)
      ~ resource_versionless_id = "/subscriptions/33f27ac9-52ef-43de-b518-ef0b994e7f1b/resourceGroups/RG-EastUS-terraform-3/providers/Microsoft.KeyVault/vaults/kv-kfgddidyzldwoalo/secrets/c6bcec30-2587-422d-8bf4-378a35f63df6" -> (known after apply)
      - tags                    = {} -> null
      ~ value                   = (sensitive value)
      ~ version                 = "43a30bedb2aa4c27b3655a1de521c84c" -> (known after apply)
      ~ versionless_id          = "https://kv-kfgddidyzldwoalo.vault.azure.net/secrets/c6bcec30-2587-422d-8bf4-378a35f63df6" -> (known after apply)
    }

  # module.module-01.azurerm_key_vault_secret.storage_account_access_key must be replaced
-/+ resource "azurerm_key_vault_secret" "storage_account_access_key" {
      ~ id                      = "https://kv-kfgddidyzldwoalo.vault.azure.net/secrets/stkfgddidyzldwoalo/402ae9bb4c484336a9808f860ff063b2" -> (known after apply)
      ~ key_vault_id            = "/subscriptions/33f27ac9-52ef-43de-b518-ef0b994e7f1b/resourceGroups/RG-EastUS-terraform-3/providers/Microsoft.KeyVault/vaults/kv-kfgddidyzldwoalo" # forces replacement -> (known after apply) # forces replacement
        name                    = "stkfgddidyzldwoalo"
      ~ resource_id             = "/subscriptions/33f27ac9-52ef-43de-b518-ef0b994e7f1b/resourceGroups/RG-EastUS-terraform-3/providers/Microsoft.KeyVault/vaults/kv-kfgddidyzldwoalo/secrets/stkfgddidyzldwoalo/versions/402ae9bb4c484336a9808f860ff063b2" -> (known after apply)
      ~ resource_versionless_id = "/subscriptions/33f27ac9-52ef-43de-b518-ef0b994e7f1b/resourceGroups/RG-EastUS-terraform-3/providers/Microsoft.KeyVault/vaults/kv-kfgddidyzldwoalo/secrets/stkfgddidyzldwoalo" -> (known after apply)
      - tags                    = {} -> null
      ~ value                   = (sensitive value)
      ~ version                 = "402ae9bb4c484336a9808f860ff063b2" -> (known after apply)
      ~ versionless_id          = "https://kv-kfgddidyzldwoalo.vault.azure.net/secrets/stkfgddidyzldwoalo" -> (known after apply)
    }

  # module.module-01.azurerm_log_analytics_workspace.log_analytics_workspace_01 must be replaced
-/+ resource "azurerm_log_analytics_workspace" "log_analytics_workspace_01" {
      - cmk_for_query_forced                    = false -> null
      ~ id                                      = "/subscriptions/33f27ac9-52ef-43de-b518-ef0b994e7f1b/resourceGroups/RG-EastUS-terraform-3/providers/Microsoft.OperationalInsights/workspaces/log-shared-terraform-01" -> (known after apply)
      - immediate_data_purge_on_30_days_enabled = false -> null
      ~ location                                = "eastus" -> "swedencentral" # forces replacement
        name                                    = "log-shared-terraform-01"
      ~ primary_shared_key                      = (sensitive value)
      ~ resource_group_name                     = "RG-EastUS-terraform-3" -> "RG-SwedenCentral-terraform-3" # forces replacement
      ~ secondary_shared_key                    = (sensitive value)
      - tags                                    = {} -> null
      ~ workspace_id                            = "c6bcec30-2587-422d-8bf4-378a35f63df6" -> (known after apply)
        # (7 unchanged attributes hidden)
    }

  # module.module-01.azurerm_network_interface.vm_adds_nic_01 must be replaced
-/+ resource "azurerm_network_interface" "vm_adds_nic_01" {
      ~ applied_dns_servers           = [] -> (known after apply)
      ~ dns_servers                   = [] -> (known after apply)
      ~ id                            = "/subscriptions/33f27ac9-52ef-43de-b518-ef0b994e7f1b/resourceGroups/RG-EastUS-terraform-3/providers/Microsoft.Network/networkInterfaces/nic-adds1-1" -> (known after apply)
      + internal_dns_name_label       = (known after apply)
      ~ internal_domain_name_suffix   = "zklapyv0ie5evamro3rr5w0kxb.bx.internal.cloudapp.net" -> (known after apply)
      ~ location                      = "eastus" -> "swedencentral" # forces replacement
      + mac_address                   = (known after apply)
        name                          = "nic-adds1-1"
      ~ private_ip_address            = "10.1.1.4" -> (known after apply)
      ~ private_ip_addresses          = [
          - "10.1.1.4",
        ] -> (known after apply)
      ~ resource_group_name           = "RG-EastUS-terraform-3" -> "RG-SwedenCentral-terraform-3" # forces replacement
      - tags                          = {} -> null
      + virtual_machine_id            = (known after apply)
        # (2 unchanged attributes hidden)

      ~ ip_configuration {
          + gateway_load_balancer_frontend_ip_configuration_id = (known after apply)
            name                                               = "ipc-adds1-1"
          ~ primary                                            = true -> (known after apply)
          ~ private_ip_address                                 = "10.1.1.4" -> (known after apply)
          ~ subnet_id                                          = "/subscriptions/33f27ac9-52ef-43de-b518-ef0b994e7f1b/resourceGroups/RG-EastUS-terraform-3/providers/Microsoft.Network/virtualNetworks/vnet-shared-01/subnets/snet-adds-01" -> (known after apply)
            # (2 unchanged attributes hidden)
        }
    }

  # module.module-01.azurerm_network_security_group.network_security_groups_m1["AzureBastionSubnet"] must be replaced
-/+ resource "azurerm_network_security_group" "network_security_groups_m1" {
      ~ id                  = "/subscriptions/33f27ac9-52ef-43de-b518-ef0b994e7f1b/resourceGroups/RG-EastUS-terraform-3/providers/Microsoft.Network/networkSecurityGroups/nsg-vnet-shared-01.AzureBastionSubnet" -> (known after apply)
      ~ location            = "eastus" -> "swedencentral" # forces replacement
        name                = "nsg-vnet-shared-01.AzureBastionSubnet"
      ~ resource_group_name = "RG-EastUS-terraform-3" -> "RG-SwedenCentral-terraform-3" # forces replacement
      ~ security_rule       = [
          - {
              - access                                     = "Allow"
              - description                                = ""
              - destination_address_prefix                 = "*"
              - destination_address_prefixes               = []
              - destination_application_security_group_ids = []
              - destination_port_range                     = "443"
              - destination_port_ranges                    = []
              - direction                                  = "Inbound"
              - name                                       = "AllowAzureLoadBalancerInbound"
              - priority                                   = 120
              - protocol                                   = "Tcp"
              - source_address_prefix                      = "AzureLoadBalancer"
              - source_address_prefixes                    = []
              - source_application_security_group_ids      = []
              - source_port_range                          = "*"
              - source_port_ranges                         = []
            },
          - {
              - access                                     = "Allow"
              - description                                = ""
              - destination_address_prefix                 = "*"
              - destination_address_prefixes               = []
              - destination_application_security_group_ids = []
              - destination_port_range                     = "443"
              - destination_port_ranges                    = []
              - direction                                  = "Inbound"
              - name                                       = "AllowGatewayManagerInbound"
              - priority                                   = 110
              - protocol                                   = "Tcp"
              - source_address_prefix                      = "GatewayManager"
              - source_address_prefixes                    = []
              - source_application_security_group_ids      = []
              - source_port_range                          = "*"
              - source_port_ranges                         = []
            },
          - {
              - access                                     = "Allow"
              - description                                = ""
              - destination_address_prefix                 = "*"
              - destination_address_prefixes               = []
              - destination_application_security_group_ids = []
              - destination_port_range                     = "443"
              - destination_port_ranges                    = []
              - direction                                  = "Inbound"
              - name                                       = "AllowHttpsInbound"
              - priority                                   = 100
              - protocol                                   = "Tcp"
              - source_address_prefix                      = "Internet"
              - source_address_prefixes                    = []
              - source_application_security_group_ids      = []
              - source_port_range                          = "*"
              - source_port_ranges                         = []
            },
          - {
              - access                                     = "Allow"
              - description                                = ""
              - destination_address_prefix                 = "AzureCloud"
              - destination_address_prefixes               = []
              - destination_application_security_group_ids = []
              - destination_port_range                     = "443"
              - destination_port_ranges                    = []
              - direction                                  = "Outbound"
              - name                                       = "AllowAzureCloudOutbound"
              - priority                                   = 150
              - protocol                                   = "Tcp"
              - source_address_prefix                      = "*"
              - source_address_prefixes                    = []
              - source_application_security_group_ids      = []
              - source_port_range                          = "*"
              - source_port_ranges                         = []
            },
          - {
              - access                                     = "Allow"
              - description                                = ""
              - destination_address_prefix                 = "Internet"
              - destination_address_prefixes               = []
              - destination_application_security_group_ids = []
              - destination_port_range                     = "80"
              - destination_port_ranges                    = []
              - direction                                  = "Outbound"
              - name                                       = "AllowGetSessionInformationOutbound"
              - priority                                   = 170
              - protocol                                   = "*"
              - source_address_prefix                      = "*"
              - source_address_prefixes                    = []
              - source_application_security_group_ids      = []
              - source_port_range                          = "*"
              - source_port_ranges                         = []
            },
          - {
              - access                                     = "Allow"
              - description                                = ""
              - destination_address_prefix                 = "VirtualNetwork"
              - destination_address_prefixes               = []
              - destination_application_security_group_ids = []
              - destination_port_range                     = ""
              - destination_port_ranges                    = [
                  - "22",
                  - "3389",
                ]
              - direction                                  = "Outbound"
              - name                                       = "AllowSshRdpOutbound"
              - priority                                   = 140
              - protocol                                   = "*"
              - source_address_prefix                      = "*"
              - source_address_prefixes                    = []
              - source_application_security_group_ids      = []
              - source_port_range                          = "*"
              - source_port_ranges                         = []
            },
          - {
              - access                                     = "Allow"
              - description                                = ""
              - destination_address_prefix                 = "VirtualNetwork"
              - destination_address_prefixes               = []
              - destination_application_security_group_ids = []
              - destination_port_range                     = ""
              - destination_port_ranges                    = [
                  - "5701",
                  - "8080",
                ]
              - direction                                  = "Inbound"
              - name                                       = "AllowBastionCommunicationInbound"
              - priority                                   = 130
              - protocol                                   = "*"
              - source_address_prefix                      = "VirtualNetwork"
              - source_address_prefixes                    = []
              - source_application_security_group_ids      = []
              - source_port_range                          = "*"
              - source_port_ranges                         = []
            },
          - {
              - access                                     = "Allow"
              - description                                = ""
              - destination_address_prefix                 = "VirtualNetwork"
              - destination_address_prefixes               = []
              - destination_application_security_group_ids = []
              - destination_port_range                     = ""
              - destination_port_ranges                    = [
                  - "5701",
                  - "8080",
                ]
              - direction                                  = "Outbound"
              - name                                       = "AllowBastionCommunicationOutbound"
              - priority                                   = 160
              - protocol                                   = "*"
              - source_address_prefix                      = "VirtualNetwork"
              - source_address_prefixes                    = []
              - source_application_security_group_ids      = []
              - source_port_range                          = "*"
              - source_port_ranges                         = []
            },
        ] -> (known after apply)
      - tags                = {} -> null
    }

  # module.module-01.azurerm_network_security_group.network_security_groups_m1["snet-adds-01"] must be replaced
-/+ resource "azurerm_network_security_group" "network_security_groups_m1" {
      ~ id                  = "/subscriptions/33f27ac9-52ef-43de-b518-ef0b994e7f1b/resourceGroups/RG-EastUS-terraform-3/providers/Microsoft.Network/networkSecurityGroups/nsg-vnet-shared-01.snet-adds-01" -> (known after apply)
      ~ location            = "eastus" -> "swedencentral" # forces replacement
        name                = "nsg-vnet-shared-01.snet-adds-01"
      ~ resource_group_name = "RG-EastUS-terraform-3" -> "RG-SwedenCentral-terraform-3" # forces replacement
      ~ security_rule       = [
          - {
              - access                                     = "Allow"
              - description                                = ""
              - destination_address_prefix                 = "Internet"
              - destination_address_prefixes               = []
              - destination_application_security_group_ids = []
              - destination_port_range                     = "*"
              - destination_port_ranges                    = []
              - direction                                  = "Outbound"
              - name                                       = "AllowInternetOutbound"
              - priority                                   = 120
              - protocol                                   = "*"
              - source_address_prefix                      = "*"
              - source_address_prefixes                    = []
              - source_application_security_group_ids      = []
              - source_port_range                          = "*"
              - source_port_ranges                         = []
            },
          - {
              - access                                     = "Allow"
              - description                                = ""
              - destination_address_prefix                 = "VirtualNetwork"
              - destination_address_prefixes               = []
              - destination_application_security_group_ids = []
              - destination_port_range                     = "*"
              - destination_port_ranges                    = []
              - direction                                  = "Inbound"
              - name                                       = "AllowVirtualNetworkInbound"
              - priority                                   = 100
              - protocol                                   = "*"
              - source_address_prefix                      = "VirtualNetwork"
              - source_address_prefixes                    = []
              - source_application_security_group_ids      = []
              - source_port_range                          = "*"
              - source_port_ranges                         = []
            },
          - {
              - access                                     = "Allow"
              - description                                = ""
              - destination_address_prefix                 = "VirtualNetwork"
              - destination_address_prefixes               = []
              - destination_application_security_group_ids = []
              - destination_port_range                     = "*"
              - destination_port_ranges                    = []
              - direction                                  = "Outbound"
              - name                                       = "AllowVirtualNetworkOutbound"
              - priority                                   = 110
              - protocol                                   = "*"
              - source_address_prefix                      = "VirtualNetwork"
              - source_address_prefixes                    = []
              - source_application_security_group_ids      = []
              - source_port_range                          = "*"
              - source_port_ranges                         = []
            },
        ] -> (known after apply)
      - tags                = {} -> null
    }

  # module.module-01.azurerm_network_security_group.network_security_groups_m1["snet-misc-01"] must be replaced
-/+ resource "azurerm_network_security_group" "network_security_groups_m1" {
      ~ id                  = "/subscriptions/33f27ac9-52ef-43de-b518-ef0b994e7f1b/resourceGroups/RG-EastUS-terraform-3/providers/Microsoft.Network/networkSecurityGroups/nsg-vnet-shared-01.snet-misc-01" -> (known after apply)
      ~ location            = "eastus" -> "swedencentral" # forces replacement
        name                = "nsg-vnet-shared-01.snet-misc-01"
      ~ resource_group_name = "RG-EastUS-terraform-3" -> "RG-SwedenCentral-terraform-3" # forces replacement
      ~ security_rule       = [
          - {
              - access                                     = "Allow"
              - description                                = ""
              - destination_address_prefix                 = "Internet"
              - destination_address_prefixes               = []
              - destination_application_security_group_ids = []
              - destination_port_range                     = "*"
              - destination_port_ranges                    = []
              - direction                                  = "Outbound"
              - name                                       = "AllowInternetOutbound"
              - priority                                   = 120
              - protocol                                   = "*"
              - source_address_prefix                      = "*"
              - source_address_prefixes                    = []
              - source_application_security_group_ids      = []
              - source_port_range                          = "*"
              - source_port_ranges                         = []
            },
          - {
              - access                                     = "Allow"
              - description                                = ""
              - destination_address_prefix                 = "VirtualNetwork"
              - destination_address_prefixes               = []
              - destination_application_security_group_ids = []
              - destination_port_range                     = "*"
              - destination_port_ranges                    = []
              - direction                                  = "Inbound"
              - name                                       = "AllowVirtualNetworkInbound"
              - priority                                   = 100
              - protocol                                   = "*"
              - source_address_prefix                      = "VirtualNetwork"
              - source_address_prefixes                    = []
              - source_application_security_group_ids      = []
              - source_port_range                          = "*"
              - source_port_ranges                         = []
            },
          - {
              - access                                     = "Allow"
              - description                                = ""
              - destination_address_prefix                 = "VirtualNetwork"
              - destination_address_prefixes               = []
              - destination_application_security_group_ids = []
              - destination_port_range                     = "*"
              - destination_port_ranges                    = []
              - direction                                  = "Outbound"
              - name                                       = "AllowVirtualNetworkOutbound"
              - priority                                   = 110
              - protocol                                   = "*"
              - source_address_prefix                      = "VirtualNetwork"
              - source_address_prefixes                    = []
              - source_application_security_group_ids      = []
              - source_port_range                          = "*"
              - source_port_ranges                         = []
            },
        ] -> (known after apply)
      - tags                = {} -> null
    }

  # module.module-01.azurerm_network_security_group.network_security_groups_m1["snet-misc-02"] must be replaced
-/+ resource "azurerm_network_security_group" "network_security_groups_m1" {
      ~ id                  = "/subscriptions/33f27ac9-52ef-43de-b518-ef0b994e7f1b/resourceGroups/RG-EastUS-terraform-3/providers/Microsoft.Network/networkSecurityGroups/nsg-vnet-shared-01.snet-misc-02" -> (known after apply)
      ~ location            = "eastus" -> "swedencentral" # forces replacement
        name                = "nsg-vnet-shared-01.snet-misc-02"
      ~ resource_group_name = "RG-EastUS-terraform-3" -> "RG-SwedenCentral-terraform-3" # forces replacement
      ~ security_rule       = [
          - {
              - access                                     = "Allow"
              - description                                = ""
              - destination_address_prefix                 = "Internet"
              - destination_address_prefixes               = []
              - destination_application_security_group_ids = []
              - destination_port_range                     = "*"
              - destination_port_ranges                    = []
              - direction                                  = "Outbound"
              - name                                       = "AllowInternetOutbound"
              - priority                                   = 120
              - protocol                                   = "*"
              - source_address_prefix                      = "*"
              - source_address_prefixes                    = []
              - source_application_security_group_ids      = []
              - source_port_range                          = "*"
              - source_port_ranges                         = []
            },
          - {
              - access                                     = "Allow"
              - description                                = ""
              - destination_address_prefix                 = "VirtualNetwork"
              - destination_address_prefixes               = []
              - destination_application_security_group_ids = []
              - destination_port_range                     = "*"
              - destination_port_ranges                    = []
              - direction                                  = "Inbound"
              - name                                       = "AllowVirtualNetworkInbound"
              - priority                                   = 100
              - protocol                                   = "*"
              - source_address_prefix                      = "VirtualNetwork"
              - source_address_prefixes                    = []
              - source_application_security_group_ids      = []
              - source_port_range                          = "*"
              - source_port_ranges                         = []
            },
          - {
              - access                                     = "Allow"
              - description                                = ""
              - destination_address_prefix                 = "VirtualNetwork"
              - destination_address_prefixes               = []
              - destination_application_security_group_ids = []
              - destination_port_range                     = "*"
              - destination_port_ranges                    = []
              - direction                                  = "Outbound"
              - name                                       = "AllowVirtualNetworkOutbound"
              - priority                                   = 110
              - protocol                                   = "*"
              - source_address_prefix                      = "VirtualNetwork"
              - source_address_prefixes                    = []
              - source_application_security_group_ids      = []
              - source_port_range                          = "*"
              - source_port_ranges                         = []
            },
        ] -> (known after apply)
      - tags                = {} -> null
    }

  # module.module-01.azurerm_network_security_rule.network_security_rules_m1["AzureBastionSubnet.AllowAzureCloudOutbound"] must be replaced
-/+ resource "azurerm_network_security_rule" "network_security_rules_m1" {
      - destination_address_prefixes               = [] -> null
      - destination_application_security_group_ids = [] -> null
      - destination_port_ranges                    = [] -> null
      ~ id                                         = "/subscriptions/33f27ac9-52ef-43de-b518-ef0b994e7f1b/resourceGroups/RG-EastUS-terraform-3/providers/Microsoft.Network/networkSecurityGroups/nsg-vnet-shared-01.AzureBastionSubnet/securityRules/AllowAzureCloudOutbound" -> (known after apply)
        name                                       = "AllowAzureCloudOutbound"
      ~ resource_group_name                        = "RG-EastUS-terraform-3" -> "RG-SwedenCentral-terraform-3" # forces replacement
      - source_address_prefixes                    = [] -> null
      - source_application_security_group_ids      = [] -> null
      - source_port_ranges                         = [] -> null
        # (9 unchanged attributes hidden)
    }

  # module.module-01.azurerm_network_security_rule.network_security_rules_m1["AzureBastionSubnet.AllowAzureLoadBalancerInbound"] must be replaced
-/+ resource "azurerm_network_security_rule" "network_security_rules_m1" {
      - destination_address_prefixes               = [] -> null
      - destination_application_security_group_ids = [] -> null
      - destination_port_ranges                    = [] -> null
      ~ id                                         = "/subscriptions/33f27ac9-52ef-43de-b518-ef0b994e7f1b/resourceGroups/RG-EastUS-terraform-3/providers/Microsoft.Network/networkSecurityGroups/nsg-vnet-shared-01.AzureBastionSubnet/securityRules/AllowAzureLoadBalancerInbound" -> (known after apply)
        name                                       = "AllowAzureLoadBalancerInbound"
      ~ resource_group_name                        = "RG-EastUS-terraform-3" -> "RG-SwedenCentral-terraform-3" # forces replacement
      - source_address_prefixes                    = [] -> null
      - source_application_security_group_ids      = [] -> null
      - source_port_ranges                         = [] -> null
        # (9 unchanged attributes hidden)
    }

  # module.module-01.azurerm_network_security_rule.network_security_rules_m1["AzureBastionSubnet.AllowBastionCommunicationInbound"] must be replaced
-/+ resource "azurerm_network_security_rule" "network_security_rules_m1" {
      - destination_address_prefixes               = [] -> null
      - destination_application_security_group_ids = [] -> null
      ~ id                                         = "/subscriptions/33f27ac9-52ef-43de-b518-ef0b994e7f1b/resourceGroups/RG-EastUS-terraform-3/providers/Microsoft.Network/networkSecurityGroups/nsg-vnet-shared-01.AzureBastionSubnet/securityRules/AllowBastionCommunicationInbound" -> (known after apply)
        name                                       = "AllowBastionCommunicationInbound"
      ~ resource_group_name                        = "RG-EastUS-terraform-3" -> "RG-SwedenCentral-terraform-3" # forces replacement
      - source_address_prefixes                    = [] -> null
      - source_application_security_group_ids      = [] -> null
      - source_port_ranges                         = [] -> null
        # (9 unchanged attributes hidden)
    }

  # module.module-01.azurerm_network_security_rule.network_security_rules_m1["AzureBastionSubnet.AllowBastionCommunicationOutbound"] must be replaced
-/+ resource "azurerm_network_security_rule" "network_security_rules_m1" {
      - destination_address_prefixes               = [] -> null
      - destination_application_security_group_ids = [] -> null
      ~ id                                         = "/subscriptions/33f27ac9-52ef-43de-b518-ef0b994e7f1b/resourceGroups/RG-EastUS-terraform-3/providers/Microsoft.Network/networkSecurityGroups/nsg-vnet-shared-01.AzureBastionSubnet/securityRules/AllowBastionCommunicationOutbound" -> (known after apply)
        name                                       = "AllowBastionCommunicationOutbound"
      ~ resource_group_name                        = "RG-EastUS-terraform-3" -> "RG-SwedenCentral-terraform-3" # forces replacement
      - source_address_prefixes                    = [] -> null
      - source_application_security_group_ids      = [] -> null
      - source_port_ranges                         = [] -> null
        # (9 unchanged attributes hidden)
    }

  # module.module-01.azurerm_network_security_rule.network_security_rules_m1["AzureBastionSubnet.AllowGatewayManagerInbound"] must be replaced
-/+ resource "azurerm_network_security_rule" "network_security_rules_m1" {
      - destination_address_prefixes               = [] -> null
      - destination_application_security_group_ids = [] -> null
      - destination_port_ranges                    = [] -> null
      ~ id                                         = "/subscriptions/33f27ac9-52ef-43de-b518-ef0b994e7f1b/resourceGroups/RG-EastUS-terraform-3/providers/Microsoft.Network/networkSecurityGroups/nsg-vnet-shared-01.AzureBastionSubnet/securityRules/AllowGatewayManagerInbound" -> (known after apply)
        name                                       = "AllowGatewayManagerInbound"
      ~ resource_group_name                        = "RG-EastUS-terraform-3" -> "RG-SwedenCentral-terraform-3" # forces replacement
      - source_address_prefixes                    = [] -> null
      - source_application_security_group_ids      = [] -> null
      - source_port_ranges                         = [] -> null
        # (9 unchanged attributes hidden)
    }

  # module.module-01.azurerm_network_security_rule.network_security_rules_m1["AzureBastionSubnet.AllowGetSessionInformationOutbound"] must be replaced
-/+ resource "azurerm_network_security_rule" "network_security_rules_m1" {
      - destination_address_prefixes               = [] -> null
      - destination_application_security_group_ids = [] -> null
      - destination_port_ranges                    = [] -> null
      ~ id                                         = "/subscriptions/33f27ac9-52ef-43de-b518-ef0b994e7f1b/resourceGroups/RG-EastUS-terraform-3/providers/Microsoft.Network/networkSecurityGroups/nsg-vnet-shared-01.AzureBastionSubnet/securityRules/AllowGetSessionInformationOutbound" -> (known after apply)
        name                                       = "AllowGetSessionInformationOutbound"
      ~ resource_group_name                        = "RG-EastUS-terraform-3" -> "RG-SwedenCentral-terraform-3" # forces replacement
      - source_address_prefixes                    = [] -> null
      - source_application_security_group_ids      = [] -> null
      - source_port_ranges                         = [] -> null
        # (9 unchanged attributes hidden)
    }

  # module.module-01.azurerm_network_security_rule.network_security_rules_m1["AzureBastionSubnet.AllowHttpsInbound"] must be replaced
-/+ resource "azurerm_network_security_rule" "network_security_rules_m1" {
      - destination_address_prefixes               = [] -> null
      - destination_application_security_group_ids = [] -> null
      - destination_port_ranges                    = [] -> null
      ~ id                                         = "/subscriptions/33f27ac9-52ef-43de-b518-ef0b994e7f1b/resourceGroups/RG-EastUS-terraform-3/providers/Microsoft.Network/networkSecurityGroups/nsg-vnet-shared-01.AzureBastionSubnet/securityRules/AllowHttpsInbound" -> (known after apply)
        name                                       = "AllowHttpsInbound"
      ~ resource_group_name                        = "RG-EastUS-terraform-3" -> "RG-SwedenCentral-terraform-3" # forces replacement
      - source_address_prefixes                    = [] -> null
      - source_application_security_group_ids      = [] -> null
      - source_port_ranges                         = [] -> null
        # (9 unchanged attributes hidden)
    }

  # module.module-01.azurerm_network_security_rule.network_security_rules_m1["AzureBastionSubnet.AllowSshRdpOutbound"] must be replaced
-/+ resource "azurerm_network_security_rule" "network_security_rules_m1" {
      - destination_address_prefixes               = [] -> null
      - destination_application_security_group_ids = [] -> null
      ~ id                                         = "/subscriptions/33f27ac9-52ef-43de-b518-ef0b994e7f1b/resourceGroups/RG-EastUS-terraform-3/providers/Microsoft.Network/networkSecurityGroups/nsg-vnet-shared-01.AzureBastionSubnet/securityRules/AllowSshRdpOutbound" -> (known after apply)
        name                                       = "AllowSshRdpOutbound"
      ~ resource_group_name                        = "RG-EastUS-terraform-3" -> "RG-SwedenCentral-terraform-3" # forces replacement
      - source_address_prefixes                    = [] -> null
      - source_application_security_group_ids      = [] -> null
      - source_port_ranges                         = [] -> null
        # (9 unchanged attributes hidden)
    }

  # module.module-01.azurerm_network_security_rule.network_security_rules_m1["snet-adds-01.AllowInternetOutbound"] must be replaced
-/+ resource "azurerm_network_security_rule" "network_security_rules_m1" {
      - destination_address_prefixes               = [] -> null
      - destination_application_security_group_ids = [] -> null
      - destination_port_ranges                    = [] -> null
      ~ id                                         = "/subscriptions/33f27ac9-52ef-43de-b518-ef0b994e7f1b/resourceGroups/RG-EastUS-terraform-3/providers/Microsoft.Network/networkSecurityGroups/nsg-vnet-shared-01.snet-adds-01/securityRules/AllowInternetOutbound" -> (known after apply)
        name                                       = "AllowInternetOutbound"
      ~ resource_group_name                        = "RG-EastUS-terraform-3" -> "RG-SwedenCentral-terraform-3" # forces replacement
      - source_address_prefixes                    = [] -> null
      - source_application_security_group_ids      = [] -> null
      - source_port_ranges                         = [] -> null
        # (9 unchanged attributes hidden)
    }

  # module.module-01.azurerm_network_security_rule.network_security_rules_m1["snet-adds-01.AllowVirtualNetworkInbound"] must be replaced
-/+ resource "azurerm_network_security_rule" "network_security_rules_m1" {
      - destination_address_prefixes               = [] -> null
      - destination_application_security_group_ids = [] -> null
      - destination_port_ranges                    = [] -> null
      ~ id                                         = "/subscriptions/33f27ac9-52ef-43de-b518-ef0b994e7f1b/resourceGroups/RG-EastUS-terraform-3/providers/Microsoft.Network/networkSecurityGroups/nsg-vnet-shared-01.snet-adds-01/securityRules/AllowVirtualNetworkInbound" -> (known after apply)
        name                                       = "AllowVirtualNetworkInbound"
      ~ resource_group_name                        = "RG-EastUS-terraform-3" -> "RG-SwedenCentral-terraform-3" # forces replacement
      - source_address_prefixes                    = [] -> null
      - source_application_security_group_ids      = [] -> null
      - source_port_ranges                         = [] -> null
        # (9 unchanged attributes hidden)
    }

  # module.module-01.azurerm_network_security_rule.network_security_rules_m1["snet-adds-01.AllowVirtualNetworkOutbound"] must be replaced
-/+ resource "azurerm_network_security_rule" "network_security_rules_m1" {
      - destination_address_prefixes               = [] -> null
      - destination_application_security_group_ids = [] -> null
      - destination_port_ranges                    = [] -> null
      ~ id                                         = "/subscriptions/33f27ac9-52ef-43de-b518-ef0b994e7f1b/resourceGroups/RG-EastUS-terraform-3/providers/Microsoft.Network/networkSecurityGroups/nsg-vnet-shared-01.snet-adds-01/securityRules/AllowVirtualNetworkOutbound" -> (known after apply)
        name                                       = "AllowVirtualNetworkOutbound"
      ~ resource_group_name                        = "RG-EastUS-terraform-3" -> "RG-SwedenCentral-terraform-3" # forces replacement
      - source_address_prefixes                    = [] -> null
      - source_application_security_group_ids      = [] -> null
      - source_port_ranges                         = [] -> null
        # (9 unchanged attributes hidden)
    }

  # module.module-01.azurerm_network_security_rule.network_security_rules_m1["snet-misc-01.AllowInternetOutbound"] must be replaced
-/+ resource "azurerm_network_security_rule" "network_security_rules_m1" {
      - destination_address_prefixes               = [] -> null
      - destination_application_security_group_ids = [] -> null
      - destination_port_ranges                    = [] -> null
      ~ id                                         = "/subscriptions/33f27ac9-52ef-43de-b518-ef0b994e7f1b/resourceGroups/RG-EastUS-terraform-3/providers/Microsoft.Network/networkSecurityGroups/nsg-vnet-shared-01.snet-misc-01/securityRules/AllowInternetOutbound" -> (known after apply)
        name                                       = "AllowInternetOutbound"
      ~ resource_group_name                        = "RG-EastUS-terraform-3" -> "RG-SwedenCentral-terraform-3" # forces replacement
      - source_address_prefixes                    = [] -> null
      - source_application_security_group_ids      = [] -> null
      - source_port_ranges                         = [] -> null
        # (9 unchanged attributes hidden)
    }

  # module.module-01.azurerm_network_security_rule.network_security_rules_m1["snet-misc-01.AllowVirtualNetworkInbound"] must be replaced
-/+ resource "azurerm_network_security_rule" "network_security_rules_m1" {
      - destination_address_prefixes               = [] -> null
      - destination_application_security_group_ids = [] -> null
      - destination_port_ranges                    = [] -> null
      ~ id                                         = "/subscriptions/33f27ac9-52ef-43de-b518-ef0b994e7f1b/resourceGroups/RG-EastUS-terraform-3/providers/Microsoft.Network/networkSecurityGroups/nsg-vnet-shared-01.snet-misc-01/securityRules/AllowVirtualNetworkInbound" -> (known after apply)
        name                                       = "AllowVirtualNetworkInbound"
      ~ resource_group_name                        = "RG-EastUS-terraform-3" -> "RG-SwedenCentral-terraform-3" # forces replacement
      - source_address_prefixes                    = [] -> null
      - source_application_security_group_ids      = [] -> null
      - source_port_ranges                         = [] -> null
        # (9 unchanged attributes hidden)
    }

  # module.module-01.azurerm_network_security_rule.network_security_rules_m1["snet-misc-01.AllowVirtualNetworkOutbound"] must be replaced
-/+ resource "azurerm_network_security_rule" "network_security_rules_m1" {
      - destination_address_prefixes               = [] -> null
      - destination_application_security_group_ids = [] -> null
      - destination_port_ranges                    = [] -> null
      ~ id                                         = "/subscriptions/33f27ac9-52ef-43de-b518-ef0b994e7f1b/resourceGroups/RG-EastUS-terraform-3/providers/Microsoft.Network/networkSecurityGroups/nsg-vnet-shared-01.snet-misc-01/securityRules/AllowVirtualNetworkOutbound" -> (known after apply)
        name                                       = "AllowVirtualNetworkOutbound"
      ~ resource_group_name                        = "RG-EastUS-terraform-3" -> "RG-SwedenCentral-terraform-3" # forces replacement
      - source_address_prefixes                    = [] -> null
      - source_application_security_group_ids      = [] -> null
      - source_port_ranges                         = [] -> null
        # (9 unchanged attributes hidden)
    }

  # module.module-01.azurerm_network_security_rule.network_security_rules_m1["snet-misc-02.AllowInternetOutbound"] must be replaced
-/+ resource "azurerm_network_security_rule" "network_security_rules_m1" {
      - destination_address_prefixes               = [] -> null
      - destination_application_security_group_ids = [] -> null
      - destination_port_ranges                    = [] -> null
      ~ id                                         = "/subscriptions/33f27ac9-52ef-43de-b518-ef0b994e7f1b/resourceGroups/RG-EastUS-terraform-3/providers/Microsoft.Network/networkSecurityGroups/nsg-vnet-shared-01.snet-misc-02/securityRules/AllowInternetOutbound" -> (known after apply)
        name                                       = "AllowInternetOutbound"
      ~ resource_group_name                        = "RG-EastUS-terraform-3" -> "RG-SwedenCentral-terraform-3" # forces replacement
      - source_address_prefixes                    = [] -> null
      - source_application_security_group_ids      = [] -> null
      - source_port_ranges                         = [] -> null
        # (9 unchanged attributes hidden)
    }

  # module.module-01.azurerm_network_security_rule.network_security_rules_m1["snet-misc-02.AllowVirtualNetworkInbound"] must be replaced
-/+ resource "azurerm_network_security_rule" "network_security_rules_m1" {
      - destination_address_prefixes               = [] -> null
      - destination_application_security_group_ids = [] -> null
      - destination_port_ranges                    = [] -> null
      ~ id                                         = "/subscriptions/33f27ac9-52ef-43de-b518-ef0b994e7f1b/resourceGroups/RG-EastUS-terraform-3/providers/Microsoft.Network/networkSecurityGroups/nsg-vnet-shared-01.snet-misc-02/securityRules/AllowVirtualNetworkInbound" -> (known after apply)
        name                                       = "AllowVirtualNetworkInbound"
      ~ resource_group_name                        = "RG-EastUS-terraform-3" -> "RG-SwedenCentral-terraform-3" # forces replacement
      - source_address_prefixes                    = [] -> null
      - source_application_security_group_ids      = [] -> null
      - source_port_ranges                         = [] -> null
        # (9 unchanged attributes hidden)
    }

  # module.module-01.azurerm_network_security_rule.network_security_rules_m1["snet-misc-02.AllowVirtualNetworkOutbound"] must be replaced
-/+ resource "azurerm_network_security_rule" "network_security_rules_m1" {
      - destination_address_prefixes               = [] -> null
      - destination_application_security_group_ids = [] -> null
      - destination_port_ranges                    = [] -> null
      ~ id                                         = "/subscriptions/33f27ac9-52ef-43de-b518-ef0b994e7f1b/resourceGroups/RG-EastUS-terraform-3/providers/Microsoft.Network/networkSecurityGroups/nsg-vnet-shared-01.snet-misc-02/securityRules/AllowVirtualNetworkOutbound" -> (known after apply)
        name                                       = "AllowVirtualNetworkOutbound"
      ~ resource_group_name                        = "RG-EastUS-terraform-3" -> "RG-SwedenCentral-terraform-3" # forces replacement
      - source_address_prefixes                    = [] -> null
      - source_application_security_group_ids      = [] -> null
      - source_port_ranges                         = [] -> null
        # (9 unchanged attributes hidden)
    }

  # module.module-01.azurerm_public_ip.bastion_host_01 must be replaced
-/+ resource "azurerm_public_ip" "bastion_host_01" {
      + fqdn                    = (known after apply)
      ~ id                      = "/subscriptions/33f27ac9-52ef-43de-b518-ef0b994e7f1b/resourceGroups/RG-EastUS-terraform-3/providers/Microsoft.Network/publicIPAddresses/pip-bst-terraform-01" -> (known after apply)
      ~ ip_address              = "52.234.220.78" -> (known after apply)
      - ip_tags                 = {} -> null
      ~ location                = "eastus" -> "swedencentral" # forces replacement
        name                    = "pip-bst-terraform-01"
      ~ resource_group_name     = "RG-EastUS-terraform-3" -> "RG-SwedenCentral-terraform-3" # forces replacement
      - tags                    = {} -> null
      - zones                   = [] -> null
        # (6 unchanged attributes hidden)
    }

  # module.module-01.azurerm_storage_account.st must be replaced
-/+ resource "azurerm_storage_account" "st" {
      ~ access_tier                        = "Hot" -> (known after apply)
      ~ id                                 = "/subscriptions/33f27ac9-52ef-43de-b518-ef0b994e7f1b/resourceGroups/RG-EastUS-terraform-3/providers/Microsoft.Storage/storageAccounts/stkfgddidyzldwoalo" -> (known after apply)
      + large_file_share_enabled           = (known after apply)
      ~ location                           = "eastus" -> "swedencentral" # forces replacement
        name                               = "stkfgddidyzldwoalo"
      ~ primary_access_key                 = (sensitive value)
      ~ primary_blob_connection_string     = (sensitive value)
      ~ primary_blob_endpoint              = "https://stkfgddidyzldwoalo.blob.core.windows.net/" -> (known after apply)
      ~ primary_blob_host                  = "stkfgddidyzldwoalo.blob.core.windows.net" -> (known after apply)
      + primary_blob_internet_endpoint     = (known after apply)
      + primary_blob_internet_host         = (known after apply)
      + primary_blob_microsoft_endpoint    = (known after apply)
      + primary_blob_microsoft_host        = (known after apply)
      ~ primary_connection_string          = (sensitive value)
      ~ primary_dfs_endpoint               = "https://stkfgddidyzldwoalo.dfs.core.windows.net/" -> (known after apply)
      ~ primary_dfs_host                   = "stkfgddidyzldwoalo.dfs.core.windows.net" -> (known after apply)
      + primary_dfs_internet_endpoint      = (known after apply)
      + primary_dfs_internet_host          = (known after apply)
      + primary_dfs_microsoft_endpoint     = (known after apply)
      + primary_dfs_microsoft_host         = (known after apply)
      ~ primary_file_endpoint              = "https://stkfgddidyzldwoalo.file.core.windows.net/" -> (known after apply)
      ~ primary_file_host                  = "stkfgddidyzldwoalo.file.core.windows.net" -> (known after apply)
      + primary_file_internet_endpoint     = (known after apply)
      + primary_file_internet_host         = (known after apply)
      + primary_file_microsoft_endpoint    = (known after apply)
      + primary_file_microsoft_host        = (known after apply)
      ~ primary_location                   = "eastus" -> (known after apply)
      ~ primary_queue_endpoint             = "https://stkfgddidyzldwoalo.queue.core.windows.net/" -> (known after apply)
      ~ primary_queue_host                 = "stkfgddidyzldwoalo.queue.core.windows.net" -> (known after apply)
      + primary_queue_microsoft_endpoint   = (known after apply)
      + primary_queue_microsoft_host       = (known after apply)
      ~ primary_table_endpoint             = "https://stkfgddidyzldwoalo.table.core.windows.net/" -> (known after apply)
      ~ primary_table_host                 = "stkfgddidyzldwoalo.table.core.windows.net" -> (known after apply)
      + primary_table_microsoft_endpoint   = (known after apply)
      + primary_table_microsoft_host       = (known after apply)
      ~ primary_web_endpoint               = "https://stkfgddidyzldwoalo.z13.web.core.windows.net/" -> (known after apply)
      ~ primary_web_host                   = "stkfgddidyzldwoalo.z13.web.core.windows.net" -> (known after apply)
      + primary_web_internet_endpoint      = (known after apply)
      + primary_web_internet_host          = (known after apply)
      + primary_web_microsoft_endpoint     = (known after apply)
      + primary_web_microsoft_host         = (known after apply)
      ~ resource_group_name                = "RG-EastUS-terraform-3" -> "RG-SwedenCentral-terraform-3" # forces replacement
      ~ secondary_access_key               = (sensitive value)
      + secondary_blob_connection_string   = (sensitive value)
      + secondary_blob_endpoint            = (known after apply)
      + secondary_blob_host                = (known after apply)
      + secondary_blob_internet_endpoint   = (known after apply)
      + secondary_blob_internet_host       = (known after apply)
      + secondary_blob_microsoft_endpoint  = (known after apply)
      + secondary_blob_microsoft_host      = (known after apply)
      ~ secondary_connection_string        = (sensitive value)
      + secondary_dfs_endpoint             = (known after apply)
      + secondary_dfs_host                 = (known after apply)
      + secondary_dfs_internet_endpoint    = (known after apply)
      + secondary_dfs_internet_host        = (known after apply)
      + secondary_dfs_microsoft_endpoint   = (known after apply)
      + secondary_dfs_microsoft_host       = (known after apply)
      + secondary_file_endpoint            = (known after apply)
      + secondary_file_host                = (known after apply)
      + secondary_file_internet_endpoint   = (known after apply)
      + secondary_file_internet_host       = (known after apply)
      + secondary_file_microsoft_endpoint  = (known after apply)
      + secondary_file_microsoft_host      = (known after apply)
      + secondary_location                 = (known after apply)
      + secondary_queue_endpoint           = (known after apply)
      + secondary_queue_host               = (known after apply)
      + secondary_queue_microsoft_endpoint = (known after apply)
      + secondary_queue_microsoft_host     = (known after apply)
      + secondary_table_endpoint           = (known after apply)
      + secondary_table_host               = (known after apply)
      + secondary_table_microsoft_endpoint = (known after apply)
      + secondary_table_microsoft_host     = (known after apply)
      + secondary_web_endpoint             = (known after apply)
      + secondary_web_host                 = (known after apply)
      + secondary_web_internet_endpoint    = (known after apply)
      + secondary_web_internet_host        = (known after apply)
      + secondary_web_microsoft_endpoint   = (known after apply)
      + secondary_web_microsoft_host       = (known after apply)
      - tags                               = {} -> null
        # (17 unchanged attributes hidden)

      - blob_properties {
          - change_feed_enabled           = false -> null
          - change_feed_retention_in_days = 0 -> null
          - last_access_time_enabled      = false -> null
          - versioning_enabled            = false -> null
        }

      - network_rules {
          - bypass                     = [
              - "AzureServices",
            ] -> null
          - default_action             = "Allow" -> null
          - ip_rules                   = [] -> null
          - virtual_network_subnet_ids = [] -> null
        }

      - queue_properties {
          - hour_metrics {
              - enabled               = true -> null
              - include_apis          = true -> null
              - retention_policy_days = 7 -> null
              - version               = "1.0" -> null
            }
          - logging {
              - delete                = false -> null
              - read                  = false -> null
              - retention_policy_days = 0 -> null
              - version               = "1.0" -> null
              - write                 = false -> null
            }
          - minute_metrics {
              - enabled               = false -> null
              - include_apis          = false -> null
              - retention_policy_days = 0 -> null
              - version               = "1.0" -> null
            }
        }

      - share_properties {
          - retention_policy {
              - days = 7 -> null
            }
        }
    }

  # module.module-01.azurerm_subnet.vnet_shared_01_subnets["AzureBastionSubnet"] must be replaced
-/+ resource "azurerm_subnet" "vnet_shared_01_subnets" {
      ~ enforce_private_link_endpoint_network_policies = true -> (known after apply)
      ~ enforce_private_link_service_network_policies  = false -> (known after apply)
      ~ id                                             = "/subscriptions/33f27ac9-52ef-43de-b518-ef0b994e7f1b/resourceGroups/RG-EastUS-terraform-3/providers/Microsoft.Network/virtualNetworks/vnet-shared-01/subnets/AzureBastionSubnet" -> (known after apply)
        name                                           = "AzureBastionSubnet"
      ~ private_link_service_network_policies_enabled  = true -> (known after apply)
      ~ resource_group_name                            = "RG-EastUS-terraform-3" -> "RG-SwedenCentral-terraform-3" # forces replacement
      - service_endpoint_policy_ids                    = [] -> null
      - service_endpoints                              = [] -> null
        # (3 unchanged attributes hidden)
    }

  # module.module-01.azurerm_subnet.vnet_shared_01_subnets["snet-adds-01"] must be replaced
-/+ resource "azurerm_subnet" "vnet_shared_01_subnets" {
      ~ enforce_private_link_endpoint_network_policies = true -> (known after apply)
      ~ enforce_private_link_service_network_policies  = false -> (known after apply)
      ~ id                                             = "/subscriptions/33f27ac9-52ef-43de-b518-ef0b994e7f1b/resourceGroups/RG-EastUS-terraform-3/providers/Microsoft.Network/virtualNetworks/vnet-shared-01/subnets/snet-adds-01" -> (known after apply)
        name                                           = "snet-adds-01"
      ~ private_link_service_network_policies_enabled  = true -> (known after apply)
      ~ resource_group_name                            = "RG-EastUS-terraform-3" -> "RG-SwedenCentral-terraform-3" # forces replacement
      - service_endpoint_policy_ids                    = [] -> null
      - service_endpoints                              = [] -> null
        # (3 unchanged attributes hidden)
    }

  # module.module-01.azurerm_subnet.vnet_shared_01_subnets["snet-misc-01"] must be replaced
-/+ resource "azurerm_subnet" "vnet_shared_01_subnets" {
      ~ enforce_private_link_endpoint_network_policies = true -> (known after apply)
      ~ enforce_private_link_service_network_policies  = false -> (known after apply)
      ~ id                                             = "/subscriptions/33f27ac9-52ef-43de-b518-ef0b994e7f1b/resourceGroups/RG-EastUS-terraform-3/providers/Microsoft.Network/virtualNetworks/vnet-shared-01/subnets/snet-misc-01" -> (known after apply)
        name                                           = "snet-misc-01"
      ~ private_link_service_network_policies_enabled  = true -> (known after apply)
      ~ resource_group_name                            = "RG-EastUS-terraform-3" -> "RG-SwedenCentral-terraform-3" # forces replacement
      - service_endpoint_policy_ids                    = [] -> null
      - service_endpoints                              = [] -> null
        # (3 unchanged attributes hidden)
    }

  # module.module-01.azurerm_subnet.vnet_shared_01_subnets["snet-misc-02"] must be replaced
-/+ resource "azurerm_subnet" "vnet_shared_01_subnets" {
      ~ enforce_private_link_endpoint_network_policies = true -> (known after apply)
      ~ enforce_private_link_service_network_policies  = false -> (known after apply)
      ~ id                                             = "/subscriptions/33f27ac9-52ef-43de-b518-ef0b994e7f1b/resourceGroups/RG-EastUS-terraform-3/providers/Microsoft.Network/virtualNetworks/vnet-shared-01/subnets/snet-misc-02" -> (known after apply)
        name                                           = "snet-misc-02"
      ~ private_link_service_network_policies_enabled  = true -> (known after apply)
      ~ resource_group_name                            = "RG-EastUS-terraform-3" -> "RG-SwedenCentral-terraform-3" # forces replacement
      - service_endpoint_policy_ids                    = [] -> null
      - service_endpoints                              = [] -> null
        # (3 unchanged attributes hidden)
    }

  # module.module-01.azurerm_subnet_network_security_group_association.nsg_subnet_associations_m1["AzureBastionSubnet"] must be replaced
-/+ resource "azurerm_subnet_network_security_group_association" "nsg_subnet_associations_m1" {
      ~ id                        = "/subscriptions/33f27ac9-52ef-43de-b518-ef0b994e7f1b/resourceGroups/RG-EastUS-terraform-3/providers/Microsoft.Network/virtualNetworks/vnet-shared-01/subnets/AzureBastionSubnet" -> (known after apply)
      ~ network_security_group_id = "/subscriptions/33f27ac9-52ef-43de-b518-ef0b994e7f1b/resourceGroups/RG-EastUS-terraform-3/providers/Microsoft.Network/networkSecurityGroups/nsg-vnet-shared-01.AzureBastionSubnet" # forces replacement -> (known after apply) # forces replacement
      ~ subnet_id                 = "/subscriptions/33f27ac9-52ef-43de-b518-ef0b994e7f1b/resourceGroups/RG-EastUS-terraform-3/providers/Microsoft.Network/virtualNetworks/vnet-shared-01/subnets/AzureBastionSubnet" # forces replacement -> (known after apply) # forces replacement
    }

  # module.module-01.azurerm_subnet_network_security_group_association.nsg_subnet_associations_m1["snet-adds-01"] must be replaced
-/+ resource "azurerm_subnet_network_security_group_association" "nsg_subnet_associations_m1" {
      ~ id                        = "/subscriptions/33f27ac9-52ef-43de-b518-ef0b994e7f1b/resourceGroups/RG-EastUS-terraform-3/providers/Microsoft.Network/virtualNetworks/vnet-shared-01/subnets/snet-adds-01" -> (known after apply)
      ~ network_security_group_id = "/subscriptions/33f27ac9-52ef-43de-b518-ef0b994e7f1b/resourceGroups/RG-EastUS-terraform-3/providers/Microsoft.Network/networkSecurityGroups/nsg-vnet-shared-01.snet-adds-01" # forces replacement -> (known after apply) # forces replacement
      ~ subnet_id                 = "/subscriptions/33f27ac9-52ef-43de-b518-ef0b994e7f1b/resourceGroups/RG-EastUS-terraform-3/providers/Microsoft.Network/virtualNetworks/vnet-shared-01/subnets/snet-adds-01" # forces replacement -> (known after apply) # forces replacement
    }

  # module.module-01.azurerm_subnet_network_security_group_association.nsg_subnet_associations_m1["snet-misc-01"] must be replaced
-/+ resource "azurerm_subnet_network_security_group_association" "nsg_subnet_associations_m1" {
      ~ id                        = "/subscriptions/33f27ac9-52ef-43de-b518-ef0b994e7f1b/resourceGroups/RG-EastUS-terraform-3/providers/Microsoft.Network/virtualNetworks/vnet-shared-01/subnets/snet-misc-01" -> (known after apply)
      ~ network_security_group_id = "/subscriptions/33f27ac9-52ef-43de-b518-ef0b994e7f1b/resourceGroups/RG-EastUS-terraform-3/providers/Microsoft.Network/networkSecurityGroups/nsg-vnet-shared-01.snet-misc-01" # forces replacement -> (known after apply) # forces replacement
      ~ subnet_id                 = "/subscriptions/33f27ac9-52ef-43de-b518-ef0b994e7f1b/resourceGroups/RG-EastUS-terraform-3/providers/Microsoft.Network/virtualNetworks/vnet-shared-01/subnets/snet-misc-01" # forces replacement -> (known after apply) # forces replacement
    }

  # module.module-01.azurerm_subnet_network_security_group_association.nsg_subnet_associations_m1["snet-misc-02"] must be replaced
-/+ resource "azurerm_subnet_network_security_group_association" "nsg_subnet_associations_m1" {
      ~ id                        = "/subscriptions/33f27ac9-52ef-43de-b518-ef0b994e7f1b/resourceGroups/RG-EastUS-terraform-3/providers/Microsoft.Network/virtualNetworks/vnet-shared-01/subnets/snet-misc-02" -> (known after apply)
      ~ network_security_group_id = "/subscriptions/33f27ac9-52ef-43de-b518-ef0b994e7f1b/resourceGroups/RG-EastUS-terraform-3/providers/Microsoft.Network/networkSecurityGroups/nsg-vnet-shared-01.snet-misc-02" # forces replacement -> (known after apply) # forces replacement
      ~ subnet_id                 = "/subscriptions/33f27ac9-52ef-43de-b518-ef0b994e7f1b/resourceGroups/RG-EastUS-terraform-3/providers/Microsoft.Network/virtualNetworks/vnet-shared-01/subnets/snet-misc-02" # forces replacement -> (known after apply) # forces replacement
    }

  # module.module-01.azurerm_virtual_network.vnet_shared_01 must be replaced
-/+ resource "azurerm_virtual_network" "vnet_shared_01" {
      - flow_timeout_in_minutes = 0 -> null
      ~ guid                    = "e20796ca-41ba-4a3e-8191-77631fdb4ab9" -> (known after apply)
      ~ id                      = "/subscriptions/33f27ac9-52ef-43de-b518-ef0b994e7f1b/resourceGroups/RG-EastUS-terraform-3/providers/Microsoft.Network/virtualNetworks/vnet-shared-01" -> (known after apply)
      ~ location                = "eastus" -> "swedencentral" # forces replacement
        name                    = "vnet-shared-01"
      ~ resource_group_name     = "RG-EastUS-terraform-3" -> "RG-SwedenCentral-terraform-3" # forces replacement
      ~ subnet                  = [
          - {
              - address_prefix = "10.1.0.0/27"
              - id             = "/subscriptions/33f27ac9-52ef-43de-b518-ef0b994e7f1b/resourceGroups/RG-EastUS-terraform-3/providers/Microsoft.Network/virtualNetworks/vnet-shared-01/subnets/AzureBastionSubnet"
              - name           = "AzureBastionSubnet"
              - security_group = "/subscriptions/33f27ac9-52ef-43de-b518-ef0b994e7f1b/resourceGroups/RG-EastUS-terraform-3/providers/Microsoft.Network/networkSecurityGroups/nsg-vnet-shared-01.AzureBastionSubnet"
            },
          - {
              - address_prefix = "10.1.1.0/24"
              - id             = "/subscriptions/33f27ac9-52ef-43de-b518-ef0b994e7f1b/resourceGroups/RG-EastUS-terraform-3/providers/Microsoft.Network/virtualNetworks/vnet-shared-01/subnets/snet-adds-01"
              - name           = "snet-adds-01"
              - security_group = "/subscriptions/33f27ac9-52ef-43de-b518-ef0b994e7f1b/resourceGroups/RG-EastUS-terraform-3/providers/Microsoft.Network/networkSecurityGroups/nsg-vnet-shared-01.snet-adds-01"
            },
          - {
              - address_prefix = "10.1.2.0/27"
              - id             = "/subscriptions/33f27ac9-52ef-43de-b518-ef0b994e7f1b/resourceGroups/RG-EastUS-terraform-3/providers/Microsoft.Network/virtualNetworks/vnet-shared-01/subnets/snet-misc-01"
              - name           = "snet-misc-01"
              - security_group = "/subscriptions/33f27ac9-52ef-43de-b518-ef0b994e7f1b/resourceGroups/RG-EastUS-terraform-3/providers/Microsoft.Network/networkSecurityGroups/nsg-vnet-shared-01.snet-misc-01"
            },
          - {
              - address_prefix = "10.1.3.0/27"
              - id             = "/subscriptions/33f27ac9-52ef-43de-b518-ef0b994e7f1b/resourceGroups/RG-EastUS-terraform-3/providers/Microsoft.Network/virtualNetworks/vnet-shared-01/subnets/snet-misc-02"
              - name           = "snet-misc-02"
              - security_group = "/subscriptions/33f27ac9-52ef-43de-b518-ef0b994e7f1b/resourceGroups/RG-EastUS-terraform-3/providers/Microsoft.Network/networkSecurityGroups/nsg-vnet-shared-01.snet-misc-02"
            },
        ] -> (known after apply)
      - tags                    = {} -> null
        # (2 unchanged attributes hidden)
    }

Plan: 40 to add, 0 to change, 40 to destroy.
╷
│ Error: "admin_password" has to fulfill 3 out of these 4 conditions: Has lower characters, Has upper characters, Has a digit, Has a special character other than "_", fullfiled only 2 conditions
│ 
│   with module.module-01.azurerm_windows_virtual_machine.vm_adds,
│   on modules/module-01/module-01.tf line 202, in resource "azurerm_windows_virtual_machine" "vm_adds":
│  202:   admin_password           = azurerm_key_vault_secret.adminpassword.value
│ 
╵
Starting provisioning process
module.module-01.random_password.admin_password: Refreshing state... [id=none]
module.module-01.random_string.azurerm_storage_account_name: Refreshing state... [id=kfgddidyzldwoalo]
module.module-01.azurerm_virtual_network.vnet_shared_01: Refreshing state... [id=/subscriptions/33f27ac9-52ef-43de-b518-ef0b994e7f1b/resourceGroups/RG-EastUS-terraform-3/providers/Microsoft.Network/virtualNetworks/vnet-shared-01]
module.module-01.azurerm_public_ip.bastion_host_01: Refreshing state... [id=/subscriptions/33f27ac9-52ef-43de-b518-ef0b994e7f1b/resourceGroups/RG-EastUS-terraform-3/providers/Microsoft.Network/publicIPAddresses/pip-bst-terraform-01]
module.module-01.azurerm_storage_account.st: Refreshing state... [id=/subscriptions/33f27ac9-52ef-43de-b518-ef0b994e7f1b/resourceGroups/RG-EastUS-terraform-3/providers/Microsoft.Storage/storageAccounts/stkfgddidyzldwoalo]
module.module-01.azurerm_log_analytics_workspace.log_analytics_workspace_01: Refreshing state... [id=/subscriptions/33f27ac9-52ef-43de-b518-ef0b994e7f1b/resourceGroups/RG-EastUS-terraform-3/providers/Microsoft.OperationalInsights/workspaces/log-shared-terraform-01]
module.module-01.azurerm_key_vault.kv: Refreshing state... [id=/subscriptions/33f27ac9-52ef-43de-b518-ef0b994e7f1b/resourceGroups/RG-EastUS-terraform-3/providers/Microsoft.KeyVault/vaults/kv-kfgddidyzldwoalo]
module.module-01.azurerm_subnet.vnet_shared_01_subnets["AzureBastionSubnet"]: Refreshing state... [id=/subscriptions/33f27ac9-52ef-43de-b518-ef0b994e7f1b/resourceGroups/RG-EastUS-terraform-3/providers/Microsoft.Network/virtualNetworks/vnet-shared-01/subnets/AzureBastionSubnet]
module.module-01.azurerm_subnet.vnet_shared_01_subnets["snet-misc-02"]: Refreshing state... [id=/subscriptions/33f27ac9-52ef-43de-b518-ef0b994e7f1b/resourceGroups/RG-EastUS-terraform-3/providers/Microsoft.Network/virtualNetworks/vnet-shared-01/subnets/snet-misc-02]
module.module-01.azurerm_subnet.vnet_shared_01_subnets["snet-misc-01"]: Refreshing state... [id=/subscriptions/33f27ac9-52ef-43de-b518-ef0b994e7f1b/resourceGroups/RG-EastUS-terraform-3/providers/Microsoft.Network/virtualNetworks/vnet-shared-01/subnets/snet-misc-01]
module.module-01.azurerm_subnet.vnet_shared_01_subnets["snet-adds-01"]: Refreshing state... [id=/subscriptions/33f27ac9-52ef-43de-b518-ef0b994e7f1b/resourceGroups/RG-EastUS-terraform-3/providers/Microsoft.Network/virtualNetworks/vnet-shared-01/subnets/snet-adds-01]
module.module-01.azurerm_network_security_group.network_security_groups_m1["snet-adds-01"]: Refreshing state... [id=/subscriptions/33f27ac9-52ef-43de-b518-ef0b994e7f1b/resourceGroups/RG-EastUS-terraform-3/providers/Microsoft.Network/networkSecurityGroups/nsg-vnet-shared-01.snet-adds-01]
module.module-01.azurerm_bastion_host.bastion_host_01: Refreshing state... [id=/subscriptions/33f27ac9-52ef-43de-b518-ef0b994e7f1b/resourceGroups/RG-EastUS-terraform-3/providers/Microsoft.Network/bastionHosts/bst-terraform-01]
module.module-01.azurerm_network_security_group.network_security_groups_m1["snet-misc-02"]: Refreshing state... [id=/subscriptions/33f27ac9-52ef-43de-b518-ef0b994e7f1b/resourceGroups/RG-EastUS-terraform-3/providers/Microsoft.Network/networkSecurityGroups/nsg-vnet-shared-01.snet-misc-02]
module.module-01.azurerm_network_security_group.network_security_groups_m1["AzureBastionSubnet"]: Refreshing state... [id=/subscriptions/33f27ac9-52ef-43de-b518-ef0b994e7f1b/resourceGroups/RG-EastUS-terraform-3/providers/Microsoft.Network/networkSecurityGroups/nsg-vnet-shared-01.AzureBastionSubnet]
module.module-01.azurerm_network_security_group.network_security_groups_m1["snet-misc-01"]: Refreshing state... [id=/subscriptions/33f27ac9-52ef-43de-b518-ef0b994e7f1b/resourceGroups/RG-EastUS-terraform-3/providers/Microsoft.Network/networkSecurityGroups/nsg-vnet-shared-01.snet-misc-01]
module.module-01.azurerm_network_interface.vm_adds_nic_01: Refreshing state... [id=/subscriptions/33f27ac9-52ef-43de-b518-ef0b994e7f1b/resourceGroups/RG-EastUS-terraform-3/providers/Microsoft.Network/networkInterfaces/nic-adds1-1]
module.module-01.azurerm_network_security_rule.network_security_rules_m1["AzureBastionSubnet.AllowGetSessionInformationOutbound"]: Refreshing state... [id=/subscriptions/33f27ac9-52ef-43de-b518-ef0b994e7f1b/resourceGroups/RG-EastUS-terraform-3/providers/Microsoft.Network/networkSecurityGroups/nsg-vnet-shared-01.AzureBastionSubnet/securityRules/AllowGetSessionInformationOutbound]
module.module-01.azurerm_network_security_rule.network_security_rules_m1["snet-misc-02.AllowVirtualNetworkInbound"]: Refreshing state... [id=/subscriptions/33f27ac9-52ef-43de-b518-ef0b994e7f1b/resourceGroups/RG-EastUS-terraform-3/providers/Microsoft.Network/networkSecurityGroups/nsg-vnet-shared-01.snet-misc-02/securityRules/AllowVirtualNetworkInbound]
module.module-01.azurerm_network_security_rule.network_security_rules_m1["AzureBastionSubnet.AllowBastionCommunicationOutbound"]: Refreshing state... [id=/subscriptions/33f27ac9-52ef-43de-b518-ef0b994e7f1b/resourceGroups/RG-EastUS-terraform-3/providers/Microsoft.Network/networkSecurityGroups/nsg-vnet-shared-01.AzureBastionSubnet/securityRules/AllowBastionCommunicationOutbound]
module.module-01.azurerm_network_security_rule.network_security_rules_m1["snet-adds-01.AllowVirtualNetworkInbound"]: Refreshing state... [id=/subscriptions/33f27ac9-52ef-43de-b518-ef0b994e7f1b/resourceGroups/RG-EastUS-terraform-3/providers/Microsoft.Network/networkSecurityGroups/nsg-vnet-shared-01.snet-adds-01/securityRules/AllowVirtualNetworkInbound]
module.module-01.azurerm_network_security_rule.network_security_rules_m1["AzureBastionSubnet.AllowBastionCommunicationInbound"]: Refreshing state... [id=/subscriptions/33f27ac9-52ef-43de-b518-ef0b994e7f1b/resourceGroups/RG-EastUS-terraform-3/providers/Microsoft.Network/networkSecurityGroups/nsg-vnet-shared-01.AzureBastionSubnet/securityRules/AllowBastionCommunicationInbound]
module.module-01.azurerm_network_security_rule.network_security_rules_m1["AzureBastionSubnet.AllowAzureLoadBalancerInbound"]: Refreshing state... [id=/subscriptions/33f27ac9-52ef-43de-b518-ef0b994e7f1b/resourceGroups/RG-EastUS-terraform-3/providers/Microsoft.Network/networkSecurityGroups/nsg-vnet-shared-01.AzureBastionSubnet/securityRules/AllowAzureLoadBalancerInbound]
module.module-01.azurerm_network_security_rule.network_security_rules_m1["snet-misc-01.AllowInternetOutbound"]: Refreshing state... [id=/subscriptions/33f27ac9-52ef-43de-b518-ef0b994e7f1b/resourceGroups/RG-EastUS-terraform-3/providers/Microsoft.Network/networkSecurityGroups/nsg-vnet-shared-01.snet-misc-01/securityRules/AllowInternetOutbound]
module.module-01.azurerm_network_security_rule.network_security_rules_m1["snet-misc-02.AllowInternetOutbound"]: Refreshing state... [id=/subscriptions/33f27ac9-52ef-43de-b518-ef0b994e7f1b/resourceGroups/RG-EastUS-terraform-3/providers/Microsoft.Network/networkSecurityGroups/nsg-vnet-shared-01.snet-misc-02/securityRules/AllowInternetOutbound]
module.module-01.azurerm_network_security_rule.network_security_rules_m1["snet-adds-01.AllowInternetOutbound"]: Refreshing state... [id=/subscriptions/33f27ac9-52ef-43de-b518-ef0b994e7f1b/resourceGroups/RG-EastUS-terraform-3/providers/Microsoft.Network/networkSecurityGroups/nsg-vnet-shared-01.snet-adds-01/securityRules/AllowInternetOutbound]
module.module-01.azurerm_network_security_rule.network_security_rules_m1["AzureBastionSubnet.AllowHttpsInbound"]: Refreshing state... [id=/subscriptions/33f27ac9-52ef-43de-b518-ef0b994e7f1b/resourceGroups/RG-EastUS-terraform-3/providers/Microsoft.Network/networkSecurityGroups/nsg-vnet-shared-01.AzureBastionSubnet/securityRules/AllowHttpsInbound]
module.module-01.azurerm_network_security_rule.network_security_rules_m1["snet-misc-01.AllowVirtualNetworkInbound"]: Refreshing state... [id=/subscriptions/33f27ac9-52ef-43de-b518-ef0b994e7f1b/resourceGroups/RG-EastUS-terraform-3/providers/Microsoft.Network/networkSecurityGroups/nsg-vnet-shared-01.snet-misc-01/securityRules/AllowVirtualNetworkInbound]
module.module-01.azurerm_network_security_rule.network_security_rules_m1["snet-misc-02.AllowVirtualNetworkOutbound"]: Refreshing state... [id=/subscriptions/33f27ac9-52ef-43de-b518-ef0b994e7f1b/resourceGroups/RG-EastUS-terraform-3/providers/Microsoft.Network/networkSecurityGroups/nsg-vnet-shared-01.snet-misc-02/securityRules/AllowVirtualNetworkOutbound]
module.module-01.azurerm_network_security_rule.network_security_rules_m1["AzureBastionSubnet.AllowAzureCloudOutbound"]: Refreshing state... [id=/subscriptions/33f27ac9-52ef-43de-b518-ef0b994e7f1b/resourceGroups/RG-EastUS-terraform-3/providers/Microsoft.Network/networkSecurityGroups/nsg-vnet-shared-01.AzureBastionSubnet/securityRules/AllowAzureCloudOutbound]
module.module-01.azurerm_network_security_rule.network_security_rules_m1["snet-misc-01.AllowVirtualNetworkOutbound"]: Refreshing state... [id=/subscriptions/33f27ac9-52ef-43de-b518-ef0b994e7f1b/resourceGroups/RG-EastUS-terraform-3/providers/Microsoft.Network/networkSecurityGroups/nsg-vnet-shared-01.snet-misc-01/securityRules/AllowVirtualNetworkOutbound]
module.module-01.azurerm_network_security_rule.network_security_rules_m1["AzureBastionSubnet.AllowGatewayManagerInbound"]: Refreshing state... [id=/subscriptions/33f27ac9-52ef-43de-b518-ef0b994e7f1b/resourceGroups/RG-EastUS-terraform-3/providers/Microsoft.Network/networkSecurityGroups/nsg-vnet-shared-01.AzureBastionSubnet/securityRules/AllowGatewayManagerInbound]
module.module-01.azurerm_network_security_rule.network_security_rules_m1["snet-adds-01.AllowVirtualNetworkOutbound"]: Refreshing state... [id=/subscriptions/33f27ac9-52ef-43de-b518-ef0b994e7f1b/resourceGroups/RG-EastUS-terraform-3/providers/Microsoft.Network/networkSecurityGroups/nsg-vnet-shared-01.snet-adds-01/securityRules/AllowVirtualNetworkOutbound]
module.module-01.azurerm_network_security_rule.network_security_rules_m1["AzureBastionSubnet.AllowSshRdpOutbound"]: Refreshing state... [id=/subscriptions/33f27ac9-52ef-43de-b518-ef0b994e7f1b/resourceGroups/RG-EastUS-terraform-3/providers/Microsoft.Network/networkSecurityGroups/nsg-vnet-shared-01.AzureBastionSubnet/securityRules/AllowSshRdpOutbound]
module.module-01.azurerm_key_vault_secret.adminuser: Refreshing state... [id=https://kv-kfgddidyzldwoalo.vault.azure.net/secrets/adminuser/d901eef8f0644823a6f4ad27268310cb]
module.module-01.azurerm_key_vault_secret.log_analytics_workspace_01_primary_shared_key: Refreshing state... [id=https://kv-kfgddidyzldwoalo.vault.azure.net/secrets/c6bcec30-2587-422d-8bf4-378a35f63df6/43a30bedb2aa4c27b3655a1de521c84c]
module.module-01.azurerm_key_vault_secret.adminpassword: Refreshing state... [id=https://kv-kfgddidyzldwoalo.vault.azure.net/secrets/adminpassword/e4a0657e301e434fad947ea9f5d93588]
module.module-01.azurerm_subnet_network_security_group_association.nsg_subnet_associations_m1["snet-adds-01"]: Refreshing state... [id=/subscriptions/33f27ac9-52ef-43de-b518-ef0b994e7f1b/resourceGroups/RG-EastUS-terraform-3/providers/Microsoft.Network/virtualNetworks/vnet-shared-01/subnets/snet-adds-01]
module.module-01.azurerm_subnet_network_security_group_association.nsg_subnet_associations_m1["snet-misc-01"]: Refreshing state... [id=/subscriptions/33f27ac9-52ef-43de-b518-ef0b994e7f1b/resourceGroups/RG-EastUS-terraform-3/providers/Microsoft.Network/virtualNetworks/vnet-shared-01/subnets/snet-misc-01]
module.module-01.azurerm_subnet_network_security_group_association.nsg_subnet_associations_m1["AzureBastionSubnet"]: Refreshing state... [id=/subscriptions/33f27ac9-52ef-43de-b518-ef0b994e7f1b/resourceGroups/RG-EastUS-terraform-3/providers/Microsoft.Network/virtualNetworks/vnet-shared-01/subnets/AzureBastionSubnet]
module.module-01.azurerm_subnet_network_security_group_association.nsg_subnet_associations_m1["snet-misc-02"]: Refreshing state... [id=/subscriptions/33f27ac9-52ef-43de-b518-ef0b994e7f1b/resourceGroups/RG-EastUS-terraform-3/providers/Microsoft.Network/virtualNetworks/vnet-shared-01/subnets/snet-misc-02]
module.module-01.azurerm_key_vault_secret.storage_account_access_key: Refreshing state... [id=https://kv-kfgddidyzldwoalo.vault.azure.net/secrets/stkfgddidyzldwoalo/402ae9bb4c484336a9808f860ff063b2]
module.module-01.azurerm_storage_container.st_container: Refreshing state... [id=https://stkfgddidyzldwoalo.blob.core.windows.net/scripts]

Terraform used the selected providers to generate the following execution
plan. Resource actions are indicated with the following symbols:
-/+ destroy and then create replacement

Terraform planned the following actions, but then encountered a problem:

  # module.module-01.azurerm_bastion_host.bastion_host_01 must be replaced
-/+ resource "azurerm_bastion_host" "bastion_host_01" {
      ~ dns_name               = "bst-2e04ffa9-f119-46a2-bf7e-c81c86a9c7f4.bastion.azure.com" -> (known after apply)
      ~ id                     = "/subscriptions/33f27ac9-52ef-43de-b518-ef0b994e7f1b/resourceGroups/RG-EastUS-terraform-3/providers/Microsoft.Network/bastionHosts/bst-terraform-01" -> (known after apply)
      ~ location               = "eastus" -> "swedencentral" # forces replacement
        name                   = "bst-terraform-01"
      ~ resource_group_name    = "RG-EastUS-terraform-3" -> "RG-SwedenCentral-terraform-3" # forces replacement
      - tags                   = {} -> null
        # (7 unchanged attributes hidden)

      ~ ip_configuration {
            name                 = "ipc-bst-terraform-01"
          ~ public_ip_address_id = "/subscriptions/33f27ac9-52ef-43de-b518-ef0b994e7f1b/resourceGroups/RG-EastUS-terraform-3/providers/Microsoft.Network/publicIPAddresses/pip-bst-terraform-01" # forces replacement -> (known after apply) # forces replacement
          ~ subnet_id            = "/subscriptions/33f27ac9-52ef-43de-b518-ef0b994e7f1b/resourceGroups/RG-EastUS-terraform-3/providers/Microsoft.Network/virtualNetworks/vnet-shared-01/subnets/AzureBastionSubnet" # forces replacement -> (known after apply) # forces replacement
        }
    }

  # module.module-01.azurerm_key_vault.kv must be replaced
-/+ resource "azurerm_key_vault" "kv" {
      ~ access_policy                   = [
          ~ {
              - application_id          = ""
              - certificate_permissions = []
              - key_permissions         = []
              - storage_permissions     = []
                # (3 unchanged attributes hidden)
            },
          ~ {
              - application_id          = ""
              - certificate_permissions = []
              - key_permissions         = []
              - storage_permissions     = []
                # (3 unchanged attributes hidden)
            },
        ]
      - enabled_for_deployment          = false -> null
      - enabled_for_disk_encryption     = false -> null
      - enabled_for_template_deployment = false -> null
      ~ id                              = "/subscriptions/33f27ac9-52ef-43de-b518-ef0b994e7f1b/resourceGroups/RG-EastUS-terraform-3/providers/Microsoft.KeyVault/vaults/kv-kfgddidyzldwoalo" -> (known after apply)
      ~ location                        = "eastus" -> "swedencentral" # forces replacement
        name                            = "kv-kfgddidyzldwoalo"
      ~ resource_group_name             = "RG-EastUS-terraform-3" -> "RG-SwedenCentral-terraform-3" # forces replacement
      - tags                            = {} -> null
      ~ vault_uri                       = "https://kv-kfgddidyzldwoalo.vault.azure.net/" -> (known after apply)
        # (6 unchanged attributes hidden)

      - network_acls {
          - bypass                     = "AzureServices" -> null
          - default_action             = "Allow" -> null
          - ip_rules                   = [] -> null
          - virtual_network_subnet_ids = [] -> null
        }
    }

  # module.module-01.azurerm_key_vault_secret.adminpassword must be replaced
-/+ resource "azurerm_key_vault_secret" "adminpassword" {
      ~ id                      = "https://kv-kfgddidyzldwoalo.vault.azure.net/secrets/adminpassword/e4a0657e301e434fad947ea9f5d93588" -> (known after apply)
      ~ key_vault_id            = "/subscriptions/33f27ac9-52ef-43de-b518-ef0b994e7f1b/resourceGroups/RG-EastUS-terraform-3/providers/Microsoft.KeyVault/vaults/kv-kfgddidyzldwoalo" # forces replacement -> (known after apply) # forces replacement
        name                    = "adminpassword"
      ~ resource_id             = "/subscriptions/33f27ac9-52ef-43de-b518-ef0b994e7f1b/resourceGroups/RG-EastUS-terraform-3/providers/Microsoft.KeyVault/vaults/kv-kfgddidyzldwoalo/secrets/adminpassword/versions/e4a0657e301e434fad947ea9f5d93588" -> (known after apply)
      ~ resource_versionless_id = "/subscriptions/33f27ac9-52ef-43de-b518-ef0b994e7f1b/resourceGroups/RG-EastUS-terraform-3/providers/Microsoft.KeyVault/vaults/kv-kfgddidyzldwoalo/secrets/adminpassword" -> (known after apply)
      - tags                    = {} -> null
      ~ version                 = "e4a0657e301e434fad947ea9f5d93588" -> (known after apply)
      ~ versionless_id          = "https://kv-kfgddidyzldwoalo.vault.azure.net/secrets/adminpassword" -> (known after apply)
        # (1 unchanged attribute hidden)
    }

  # module.module-01.azurerm_key_vault_secret.adminuser must be replaced
-/+ resource "azurerm_key_vault_secret" "adminuser" {
      ~ id                      = "https://kv-kfgddidyzldwoalo.vault.azure.net/secrets/adminuser/d901eef8f0644823a6f4ad27268310cb" -> (known after apply)
      ~ key_vault_id            = "/subscriptions/33f27ac9-52ef-43de-b518-ef0b994e7f1b/resourceGroups/RG-EastUS-terraform-3/providers/Microsoft.KeyVault/vaults/kv-kfgddidyzldwoalo" # forces replacement -> (known after apply) # forces replacement
        name                    = "adminuser"
      ~ resource_id             = "/subscriptions/33f27ac9-52ef-43de-b518-ef0b994e7f1b/resourceGroups/RG-EastUS-terraform-3/providers/Microsoft.KeyVault/vaults/kv-kfgddidyzldwoalo/secrets/adminuser/versions/d901eef8f0644823a6f4ad27268310cb" -> (known after apply)
      ~ resource_versionless_id = "/subscriptions/33f27ac9-52ef-43de-b518-ef0b994e7f1b/resourceGroups/RG-EastUS-terraform-3/providers/Microsoft.KeyVault/vaults/kv-kfgddidyzldwoalo/secrets/adminuser" -> (known after apply)
      - tags                    = {} -> null
      ~ version                 = "d901eef8f0644823a6f4ad27268310cb" -> (known after apply)
      ~ versionless_id          = "https://kv-kfgddidyzldwoalo.vault.azure.net/secrets/adminuser" -> (known after apply)
        # (1 unchanged attribute hidden)
    }

  # module.module-01.azurerm_key_vault_secret.log_analytics_workspace_01_primary_shared_key must be replaced
-/+ resource "azurerm_key_vault_secret" "log_analytics_workspace_01_primary_shared_key" {
      ~ id                      = "https://kv-kfgddidyzldwoalo.vault.azure.net/secrets/c6bcec30-2587-422d-8bf4-378a35f63df6/43a30bedb2aa4c27b3655a1de521c84c" -> (known after apply)
      ~ key_vault_id            = "/subscriptions/33f27ac9-52ef-43de-b518-ef0b994e7f1b/resourceGroups/RG-EastUS-terraform-3/providers/Microsoft.KeyVault/vaults/kv-kfgddidyzldwoalo" # forces replacement -> (known after apply) # forces replacement
      ~ name                    = "c6bcec30-2587-422d-8bf4-378a35f63df6" # forces replacement -> (known after apply) # forces replacement
      ~ resource_id             = "/subscriptions/33f27ac9-52ef-43de-b518-ef0b994e7f1b/resourceGroups/RG-EastUS-terraform-3/providers/Microsoft.KeyVault/vaults/kv-kfgddidyzldwoalo/secrets/c6bcec30-2587-422d-8bf4-378a35f63df6/versions/43a30bedb2aa4c27b3655a1de521c84c" -> (known after apply)
      ~ resource_versionless_id = "/subscriptions/33f27ac9-52ef-43de-b518-ef0b994e7f1b/resourceGroups/RG-EastUS-terraform-3/providers/Microsoft.KeyVault/vaults/kv-kfgddidyzldwoalo/secrets/c6bcec30-2587-422d-8bf4-378a35f63df6" -> (known after apply)
      - tags                    = {} -> null
      ~ value                   = (sensitive value)
      ~ version                 = "43a30bedb2aa4c27b3655a1de521c84c" -> (known after apply)
      ~ versionless_id          = "https://kv-kfgddidyzldwoalo.vault.azure.net/secrets/c6bcec30-2587-422d-8bf4-378a35f63df6" -> (known after apply)
    }

  # module.module-01.azurerm_key_vault_secret.storage_account_access_key must be replaced
-/+ resource "azurerm_key_vault_secret" "storage_account_access_key" {
      ~ id                      = "https://kv-kfgddidyzldwoalo.vault.azure.net/secrets/stkfgddidyzldwoalo/402ae9bb4c484336a9808f860ff063b2" -> (known after apply)
      ~ key_vault_id            = "/subscriptions/33f27ac9-52ef-43de-b518-ef0b994e7f1b/resourceGroups/RG-EastUS-terraform-3/providers/Microsoft.KeyVault/vaults/kv-kfgddidyzldwoalo" # forces replacement -> (known after apply) # forces replacement
        name                    = "stkfgddidyzldwoalo"
      ~ resource_id             = "/subscriptions/33f27ac9-52ef-43de-b518-ef0b994e7f1b/resourceGroups/RG-EastUS-terraform-3/providers/Microsoft.KeyVault/vaults/kv-kfgddidyzldwoalo/secrets/stkfgddidyzldwoalo/versions/402ae9bb4c484336a9808f860ff063b2" -> (known after apply)
      ~ resource_versionless_id = "/subscriptions/33f27ac9-52ef-43de-b518-ef0b994e7f1b/resourceGroups/RG-EastUS-terraform-3/providers/Microsoft.KeyVault/vaults/kv-kfgddidyzldwoalo/secrets/stkfgddidyzldwoalo" -> (known after apply)
      - tags                    = {} -> null
      ~ value                   = (sensitive value)
      ~ version                 = "402ae9bb4c484336a9808f860ff063b2" -> (known after apply)
      ~ versionless_id          = "https://kv-kfgddidyzldwoalo.vault.azure.net/secrets/stkfgddidyzldwoalo" -> (known after apply)
    }

  # module.module-01.azurerm_log_analytics_workspace.log_analytics_workspace_01 must be replaced
-/+ resource "azurerm_log_analytics_workspace" "log_analytics_workspace_01" {
      - cmk_for_query_forced                    = false -> null
      ~ id                                      = "/subscriptions/33f27ac9-52ef-43de-b518-ef0b994e7f1b/resourceGroups/RG-EastUS-terraform-3/providers/Microsoft.OperationalInsights/workspaces/log-shared-terraform-01" -> (known after apply)
      - immediate_data_purge_on_30_days_enabled = false -> null
      ~ location                                = "eastus" -> "swedencentral" # forces replacement
        name                                    = "log-shared-terraform-01"
      ~ primary_shared_key                      = (sensitive value)
      ~ resource_group_name                     = "RG-EastUS-terraform-3" -> "RG-SwedenCentral-terraform-3" # forces replacement
      ~ secondary_shared_key                    = (sensitive value)
      - tags                                    = {} -> null
      ~ workspace_id                            = "c6bcec30-2587-422d-8bf4-378a35f63df6" -> (known after apply)
        # (7 unchanged attributes hidden)
    }

  # module.module-01.azurerm_network_interface.vm_adds_nic_01 must be replaced
-/+ resource "azurerm_network_interface" "vm_adds_nic_01" {
      ~ applied_dns_servers           = [] -> (known after apply)
      ~ dns_servers                   = [] -> (known after apply)
      ~ id                            = "/subscriptions/33f27ac9-52ef-43de-b518-ef0b994e7f1b/resourceGroups/RG-EastUS-terraform-3/providers/Microsoft.Network/networkInterfaces/nic-adds1-1" -> (known after apply)
      + internal_dns_name_label       = (known after apply)
      ~ internal_domain_name_suffix   = "zklapyv0ie5evamro3rr5w0kxb.bx.internal.cloudapp.net" -> (known after apply)
      ~ location                      = "eastus" -> "swedencentral" # forces replacement
      + mac_address                   = (known after apply)
        name                          = "nic-adds1-1"
      ~ private_ip_address            = "10.1.1.4" -> (known after apply)
      ~ private_ip_addresses          = [
          - "10.1.1.4",
        ] -> (known after apply)
      ~ resource_group_name           = "RG-EastUS-terraform-3" -> "RG-SwedenCentral-terraform-3" # forces replacement
      - tags                          = {} -> null
      + virtual_machine_id            = (known after apply)
        # (2 unchanged attributes hidden)

      ~ ip_configuration {
          + gateway_load_balancer_frontend_ip_configuration_id = (known after apply)
            name                                               = "ipc-adds1-1"
          ~ primary                                            = true -> (known after apply)
          ~ private_ip_address                                 = "10.1.1.4" -> (known after apply)
          ~ subnet_id                                          = "/subscriptions/33f27ac9-52ef-43de-b518-ef0b994e7f1b/resourceGroups/RG-EastUS-terraform-3/providers/Microsoft.Network/virtualNetworks/vnet-shared-01/subnets/snet-adds-01" -> (known after apply)
            # (2 unchanged attributes hidden)
        }
    }

  # module.module-01.azurerm_network_security_group.network_security_groups_m1["AzureBastionSubnet"] must be replaced
-/+ resource "azurerm_network_security_group" "network_security_groups_m1" {
      ~ id                  = "/subscriptions/33f27ac9-52ef-43de-b518-ef0b994e7f1b/resourceGroups/RG-EastUS-terraform-3/providers/Microsoft.Network/networkSecurityGroups/nsg-vnet-shared-01.AzureBastionSubnet" -> (known after apply)
      ~ location            = "eastus" -> "swedencentral" # forces replacement
        name                = "nsg-vnet-shared-01.AzureBastionSubnet"
      ~ resource_group_name = "RG-EastUS-terraform-3" -> "RG-SwedenCentral-terraform-3" # forces replacement
      ~ security_rule       = [
          - {
              - access                                     = "Allow"
              - description                                = ""
              - destination_address_prefix                 = "*"
              - destination_address_prefixes               = []
              - destination_application_security_group_ids = []
              - destination_port_range                     = "443"
              - destination_port_ranges                    = []
              - direction                                  = "Inbound"
              - name                                       = "AllowAzureLoadBalancerInbound"
              - priority                                   = 120
              - protocol                                   = "Tcp"
              - source_address_prefix                      = "AzureLoadBalancer"
              - source_address_prefixes                    = []
              - source_application_security_group_ids      = []
              - source_port_range                          = "*"
              - source_port_ranges                         = []
            },
          - {
              - access                                     = "Allow"
              - description                                = ""
              - destination_address_prefix                 = "*"
              - destination_address_prefixes               = []
              - destination_application_security_group_ids = []
              - destination_port_range                     = "443"
              - destination_port_ranges                    = []
              - direction                                  = "Inbound"
              - name                                       = "AllowGatewayManagerInbound"
              - priority                                   = 110
              - protocol                                   = "Tcp"
              - source_address_prefix                      = "GatewayManager"
              - source_address_prefixes                    = []
              - source_application_security_group_ids      = []
              - source_port_range                          = "*"
              - source_port_ranges                         = []
            },
          - {
              - access                                     = "Allow"
              - description                                = ""
              - destination_address_prefix                 = "*"
              - destination_address_prefixes               = []
              - destination_application_security_group_ids = []
              - destination_port_range                     = "443"
              - destination_port_ranges                    = []
              - direction                                  = "Inbound"
              - name                                       = "AllowHttpsInbound"
              - priority                                   = 100
              - protocol                                   = "Tcp"
              - source_address_prefix                      = "Internet"
              - source_address_prefixes                    = []
              - source_application_security_group_ids      = []
              - source_port_range                          = "*"
              - source_port_ranges                         = []
            },
          - {
              - access                                     = "Allow"
              - description                                = ""
              - destination_address_prefix                 = "AzureCloud"
              - destination_address_prefixes               = []
              - destination_application_security_group_ids = []
              - destination_port_range                     = "443"
              - destination_port_ranges                    = []
              - direction                                  = "Outbound"
              - name                                       = "AllowAzureCloudOutbound"
              - priority                                   = 150
              - protocol                                   = "Tcp"
              - source_address_prefix                      = "*"
              - source_address_prefixes                    = []
              - source_application_security_group_ids      = []
              - source_port_range                          = "*"
              - source_port_ranges                         = []
            },
          - {
              - access                                     = "Allow"
              - description                                = ""
              - destination_address_prefix                 = "Internet"
              - destination_address_prefixes               = []
              - destination_application_security_group_ids = []
              - destination_port_range                     = "80"
              - destination_port_ranges                    = []
              - direction                                  = "Outbound"
              - name                                       = "AllowGetSessionInformationOutbound"
              - priority                                   = 170
              - protocol                                   = "*"
              - source_address_prefix                      = "*"
              - source_address_prefixes                    = []
              - source_application_security_group_ids      = []
              - source_port_range                          = "*"
              - source_port_ranges                         = []
            },
          - {
              - access                                     = "Allow"
              - description                                = ""
              - destination_address_prefix                 = "VirtualNetwork"
              - destination_address_prefixes               = []
              - destination_application_security_group_ids = []
              - destination_port_range                     = ""
              - destination_port_ranges                    = [
                  - "22",
                  - "3389",
                ]
              - direction                                  = "Outbound"
              - name                                       = "AllowSshRdpOutbound"
              - priority                                   = 140
              - protocol                                   = "*"
              - source_address_prefix                      = "*"
              - source_address_prefixes                    = []
              - source_application_security_group_ids      = []
              - source_port_range                          = "*"
              - source_port_ranges                         = []
            },
          - {
              - access                                     = "Allow"
              - description                                = ""
              - destination_address_prefix                 = "VirtualNetwork"
              - destination_address_prefixes               = []
              - destination_application_security_group_ids = []
              - destination_port_range                     = ""
              - destination_port_ranges                    = [
                  - "5701",
                  - "8080",
                ]
              - direction                                  = "Inbound"
              - name                                       = "AllowBastionCommunicationInbound"
              - priority                                   = 130
              - protocol                                   = "*"
              - source_address_prefix                      = "VirtualNetwork"
              - source_address_prefixes                    = []
              - source_application_security_group_ids      = []
              - source_port_range                          = "*"
              - source_port_ranges                         = []
            },
          - {
              - access                                     = "Allow"
              - description                                = ""
              - destination_address_prefix                 = "VirtualNetwork"
              - destination_address_prefixes               = []
              - destination_application_security_group_ids = []
              - destination_port_range                     = ""
              - destination_port_ranges                    = [
                  - "5701",
                  - "8080",
                ]
              - direction                                  = "Outbound"
              - name                                       = "AllowBastionCommunicationOutbound"
              - priority                                   = 160
              - protocol                                   = "*"
              - source_address_prefix                      = "VirtualNetwork"
              - source_address_prefixes                    = []
              - source_application_security_group_ids      = []
              - source_port_range                          = "*"
              - source_port_ranges                         = []
            },
        ] -> (known after apply)
      - tags                = {} -> null
    }

  # module.module-01.azurerm_network_security_group.network_security_groups_m1["snet-adds-01"] must be replaced
-/+ resource "azurerm_network_security_group" "network_security_groups_m1" {
      ~ id                  = "/subscriptions/33f27ac9-52ef-43de-b518-ef0b994e7f1b/resourceGroups/RG-EastUS-terraform-3/providers/Microsoft.Network/networkSecurityGroups/nsg-vnet-shared-01.snet-adds-01" -> (known after apply)
      ~ location            = "eastus" -> "swedencentral" # forces replacement
        name                = "nsg-vnet-shared-01.snet-adds-01"
      ~ resource_group_name = "RG-EastUS-terraform-3" -> "RG-SwedenCentral-terraform-3" # forces replacement
      ~ security_rule       = [
          - {
              - access                                     = "Allow"
              - description                                = ""
              - destination_address_prefix                 = "Internet"
              - destination_address_prefixes               = []
              - destination_application_security_group_ids = []
              - destination_port_range                     = "*"
              - destination_port_ranges                    = []
              - direction                                  = "Outbound"
              - name                                       = "AllowInternetOutbound"
              - priority                                   = 120
              - protocol                                   = "*"
              - source_address_prefix                      = "*"
              - source_address_prefixes                    = []
              - source_application_security_group_ids      = []
              - source_port_range                          = "*"
              - source_port_ranges                         = []
            },
          - {
              - access                                     = "Allow"
              - description                                = ""
              - destination_address_prefix                 = "VirtualNetwork"
              - destination_address_prefixes               = []
              - destination_application_security_group_ids = []
              - destination_port_range                     = "*"
              - destination_port_ranges                    = []
              - direction                                  = "Inbound"
              - name                                       = "AllowVirtualNetworkInbound"
              - priority                                   = 100
              - protocol                                   = "*"
              - source_address_prefix                      = "VirtualNetwork"
              - source_address_prefixes                    = []
              - source_application_security_group_ids      = []
              - source_port_range                          = "*"
              - source_port_ranges                         = []
            },
          - {
              - access                                     = "Allow"
              - description                                = ""
              - destination_address_prefix                 = "VirtualNetwork"
              - destination_address_prefixes               = []
              - destination_application_security_group_ids = []
              - destination_port_range                     = "*"
              - destination_port_ranges                    = []
              - direction                                  = "Outbound"
              - name                                       = "AllowVirtualNetworkOutbound"
              - priority                                   = 110
              - protocol                                   = "*"
              - source_address_prefix                      = "VirtualNetwork"
              - source_address_prefixes                    = []
              - source_application_security_group_ids      = []
              - source_port_range                          = "*"
              - source_port_ranges                         = []
            },
        ] -> (known after apply)
      - tags                = {} -> null
    }

  # module.module-01.azurerm_network_security_group.network_security_groups_m1["snet-misc-01"] must be replaced
-/+ resource "azurerm_network_security_group" "network_security_groups_m1" {
      ~ id                  = "/subscriptions/33f27ac9-52ef-43de-b518-ef0b994e7f1b/resourceGroups/RG-EastUS-terraform-3/providers/Microsoft.Network/networkSecurityGroups/nsg-vnet-shared-01.snet-misc-01" -> (known after apply)
      ~ location            = "eastus" -> "swedencentral" # forces replacement
        name                = "nsg-vnet-shared-01.snet-misc-01"
      ~ resource_group_name = "RG-EastUS-terraform-3" -> "RG-SwedenCentral-terraform-3" # forces replacement
      ~ security_rule       = [
          - {
              - access                                     = "Allow"
              - description                                = ""
              - destination_address_prefix                 = "Internet"
              - destination_address_prefixes               = []
              - destination_application_security_group_ids = []
              - destination_port_range                     = "*"
              - destination_port_ranges                    = []
              - direction                                  = "Outbound"
              - name                                       = "AllowInternetOutbound"
              - priority                                   = 120
              - protocol                                   = "*"
              - source_address_prefix                      = "*"
              - source_address_prefixes                    = []
              - source_application_security_group_ids      = []
              - source_port_range                          = "*"
              - source_port_ranges                         = []
            },
          - {
              - access                                     = "Allow"
              - description                                = ""
              - destination_address_prefix                 = "VirtualNetwork"
              - destination_address_prefixes               = []
              - destination_application_security_group_ids = []
              - destination_port_range                     = "*"
              - destination_port_ranges                    = []
              - direction                                  = "Inbound"
              - name                                       = "AllowVirtualNetworkInbound"
              - priority                                   = 100
              - protocol                                   = "*"
              - source_address_prefix                      = "VirtualNetwork"
              - source_address_prefixes                    = []
              - source_application_security_group_ids      = []
              - source_port_range                          = "*"
              - source_port_ranges                         = []
            },
          - {
              - access                                     = "Allow"
              - description                                = ""
              - destination_address_prefix                 = "VirtualNetwork"
              - destination_address_prefixes               = []
              - destination_application_security_group_ids = []
              - destination_port_range                     = "*"
              - destination_port_ranges                    = []
              - direction                                  = "Outbound"
              - name                                       = "AllowVirtualNetworkOutbound"
              - priority                                   = 110
              - protocol                                   = "*"
              - source_address_prefix                      = "VirtualNetwork"
              - source_address_prefixes                    = []
              - source_application_security_group_ids      = []
              - source_port_range                          = "*"
              - source_port_ranges                         = []
            },
        ] -> (known after apply)
      - tags                = {} -> null
    }

  # module.module-01.azurerm_network_security_group.network_security_groups_m1["snet-misc-02"] must be replaced
-/+ resource "azurerm_network_security_group" "network_security_groups_m1" {
      ~ id                  = "/subscriptions/33f27ac9-52ef-43de-b518-ef0b994e7f1b/resourceGroups/RG-EastUS-terraform-3/providers/Microsoft.Network/networkSecurityGroups/nsg-vnet-shared-01.snet-misc-02" -> (known after apply)
      ~ location            = "eastus" -> "swedencentral" # forces replacement
        name                = "nsg-vnet-shared-01.snet-misc-02"
      ~ resource_group_name = "RG-EastUS-terraform-3" -> "RG-SwedenCentral-terraform-3" # forces replacement
      ~ security_rule       = [
          - {
              - access                                     = "Allow"
              - description                                = ""
              - destination_address_prefix                 = "Internet"
              - destination_address_prefixes               = []
              - destination_application_security_group_ids = []
              - destination_port_range                     = "*"
              - destination_port_ranges                    = []
              - direction                                  = "Outbound"
              - name                                       = "AllowInternetOutbound"
              - priority                                   = 120
              - protocol                                   = "*"
              - source_address_prefix                      = "*"
              - source_address_prefixes                    = []
              - source_application_security_group_ids      = []
              - source_port_range                          = "*"
              - source_port_ranges                         = []
            },
          - {
              - access                                     = "Allow"
              - description                                = ""
              - destination_address_prefix                 = "VirtualNetwork"
              - destination_address_prefixes               = []
              - destination_application_security_group_ids = []
              - destination_port_range                     = "*"
              - destination_port_ranges                    = []
              - direction                                  = "Inbound"
              - name                                       = "AllowVirtualNetworkInbound"
              - priority                                   = 100
              - protocol                                   = "*"
              - source_address_prefix                      = "VirtualNetwork"
              - source_address_prefixes                    = []
              - source_application_security_group_ids      = []
              - source_port_range                          = "*"
              - source_port_ranges                         = []
            },
          - {
              - access                                     = "Allow"
              - description                                = ""
              - destination_address_prefix                 = "VirtualNetwork"
              - destination_address_prefixes               = []
              - destination_application_security_group_ids = []
              - destination_port_range                     = "*"
              - destination_port_ranges                    = []
              - direction                                  = "Outbound"
              - name                                       = "AllowVirtualNetworkOutbound"
              - priority                                   = 110
              - protocol                                   = "*"
              - source_address_prefix                      = "VirtualNetwork"
              - source_address_prefixes                    = []
              - source_application_security_group_ids      = []
              - source_port_range                          = "*"
              - source_port_ranges                         = []
            },
        ] -> (known after apply)
      - tags                = {} -> null
    }

  # module.module-01.azurerm_network_security_rule.network_security_rules_m1["AzureBastionSubnet.AllowAzureCloudOutbound"] must be replaced
-/+ resource "azurerm_network_security_rule" "network_security_rules_m1" {
      - destination_address_prefixes               = [] -> null
      - destination_application_security_group_ids = [] -> null
      - destination_port_ranges                    = [] -> null
      ~ id                                         = "/subscriptions/33f27ac9-52ef-43de-b518-ef0b994e7f1b/resourceGroups/RG-EastUS-terraform-3/providers/Microsoft.Network/networkSecurityGroups/nsg-vnet-shared-01.AzureBastionSubnet/securityRules/AllowAzureCloudOutbound" -> (known after apply)
        name                                       = "AllowAzureCloudOutbound"
      ~ resource_group_name                        = "RG-EastUS-terraform-3" -> "RG-SwedenCentral-terraform-3" # forces replacement
      - source_address_prefixes                    = [] -> null
      - source_application_security_group_ids      = [] -> null
      - source_port_ranges                         = [] -> null
        # (9 unchanged attributes hidden)
    }

  # module.module-01.azurerm_network_security_rule.network_security_rules_m1["AzureBastionSubnet.AllowAzureLoadBalancerInbound"] must be replaced
-/+ resource "azurerm_network_security_rule" "network_security_rules_m1" {
      - destination_address_prefixes               = [] -> null
      - destination_application_security_group_ids = [] -> null
      - destination_port_ranges                    = [] -> null
      ~ id                                         = "/subscriptions/33f27ac9-52ef-43de-b518-ef0b994e7f1b/resourceGroups/RG-EastUS-terraform-3/providers/Microsoft.Network/networkSecurityGroups/nsg-vnet-shared-01.AzureBastionSubnet/securityRules/AllowAzureLoadBalancerInbound" -> (known after apply)
        name                                       = "AllowAzureLoadBalancerInbound"
      ~ resource_group_name                        = "RG-EastUS-terraform-3" -> "RG-SwedenCentral-terraform-3" # forces replacement
      - source_address_prefixes                    = [] -> null
      - source_application_security_group_ids      = [] -> null
      - source_port_ranges                         = [] -> null
        # (9 unchanged attributes hidden)
    }

  # module.module-01.azurerm_network_security_rule.network_security_rules_m1["AzureBastionSubnet.AllowBastionCommunicationInbound"] must be replaced
-/+ resource "azurerm_network_security_rule" "network_security_rules_m1" {
      - destination_address_prefixes               = [] -> null
      - destination_application_security_group_ids = [] -> null
      ~ id                                         = "/subscriptions/33f27ac9-52ef-43de-b518-ef0b994e7f1b/resourceGroups/RG-EastUS-terraform-3/providers/Microsoft.Network/networkSecurityGroups/nsg-vnet-shared-01.AzureBastionSubnet/securityRules/AllowBastionCommunicationInbound" -> (known after apply)
        name                                       = "AllowBastionCommunicationInbound"
      ~ resource_group_name                        = "RG-EastUS-terraform-3" -> "RG-SwedenCentral-terraform-3" # forces replacement
      - source_address_prefixes                    = [] -> null
      - source_application_security_group_ids      = [] -> null
      - source_port_ranges                         = [] -> null
        # (9 unchanged attributes hidden)
    }

  # module.module-01.azurerm_network_security_rule.network_security_rules_m1["AzureBastionSubnet.AllowBastionCommunicationOutbound"] must be replaced
-/+ resource "azurerm_network_security_rule" "network_security_rules_m1" {
      - destination_address_prefixes               = [] -> null
      - destination_application_security_group_ids = [] -> null
      ~ id                                         = "/subscriptions/33f27ac9-52ef-43de-b518-ef0b994e7f1b/resourceGroups/RG-EastUS-terraform-3/providers/Microsoft.Network/networkSecurityGroups/nsg-vnet-shared-01.AzureBastionSubnet/securityRules/AllowBastionCommunicationOutbound" -> (known after apply)
        name                                       = "AllowBastionCommunicationOutbound"
      ~ resource_group_name                        = "RG-EastUS-terraform-3" -> "RG-SwedenCentral-terraform-3" # forces replacement
      - source_address_prefixes                    = [] -> null
      - source_application_security_group_ids      = [] -> null
      - source_port_ranges                         = [] -> null
        # (9 unchanged attributes hidden)
    }

  # module.module-01.azurerm_network_security_rule.network_security_rules_m1["AzureBastionSubnet.AllowGatewayManagerInbound"] must be replaced
-/+ resource "azurerm_network_security_rule" "network_security_rules_m1" {
      - destination_address_prefixes               = [] -> null
      - destination_application_security_group_ids = [] -> null
      - destination_port_ranges                    = [] -> null
      ~ id                                         = "/subscriptions/33f27ac9-52ef-43de-b518-ef0b994e7f1b/resourceGroups/RG-EastUS-terraform-3/providers/Microsoft.Network/networkSecurityGroups/nsg-vnet-shared-01.AzureBastionSubnet/securityRules/AllowGatewayManagerInbound" -> (known after apply)
        name                                       = "AllowGatewayManagerInbound"
      ~ resource_group_name                        = "RG-EastUS-terraform-3" -> "RG-SwedenCentral-terraform-3" # forces replacement
      - source_address_prefixes                    = [] -> null
      - source_application_security_group_ids      = [] -> null
      - source_port_ranges                         = [] -> null
        # (9 unchanged attributes hidden)
    }

  # module.module-01.azurerm_network_security_rule.network_security_rules_m1["AzureBastionSubnet.AllowGetSessionInformationOutbound"] must be replaced
-/+ resource "azurerm_network_security_rule" "network_security_rules_m1" {
      - destination_address_prefixes               = [] -> null
      - destination_application_security_group_ids = [] -> null
      - destination_port_ranges                    = [] -> null
      ~ id                                         = "/subscriptions/33f27ac9-52ef-43de-b518-ef0b994e7f1b/resourceGroups/RG-EastUS-terraform-3/providers/Microsoft.Network/networkSecurityGroups/nsg-vnet-shared-01.AzureBastionSubnet/securityRules/AllowGetSessionInformationOutbound" -> (known after apply)
        name                                       = "AllowGetSessionInformationOutbound"
      ~ resource_group_name                        = "RG-EastUS-terraform-3" -> "RG-SwedenCentral-terraform-3" # forces replacement
      - source_address_prefixes                    = [] -> null
      - source_application_security_group_ids      = [] -> null
      - source_port_ranges                         = [] -> null
        # (9 unchanged attributes hidden)
    }

  # module.module-01.azurerm_network_security_rule.network_security_rules_m1["AzureBastionSubnet.AllowHttpsInbound"] must be replaced
-/+ resource "azurerm_network_security_rule" "network_security_rules_m1" {
      - destination_address_prefixes               = [] -> null
      - destination_application_security_group_ids = [] -> null
      - destination_port_ranges                    = [] -> null
      ~ id                                         = "/subscriptions/33f27ac9-52ef-43de-b518-ef0b994e7f1b/resourceGroups/RG-EastUS-terraform-3/providers/Microsoft.Network/networkSecurityGroups/nsg-vnet-shared-01.AzureBastionSubnet/securityRules/AllowHttpsInbound" -> (known after apply)
        name                                       = "AllowHttpsInbound"
      ~ resource_group_name                        = "RG-EastUS-terraform-3" -> "RG-SwedenCentral-terraform-3" # forces replacement
      - source_address_prefixes                    = [] -> null
      - source_application_security_group_ids      = [] -> null
      - source_port_ranges                         = [] -> null
        # (9 unchanged attributes hidden)
    }

  # module.module-01.azurerm_network_security_rule.network_security_rules_m1["AzureBastionSubnet.AllowSshRdpOutbound"] must be replaced
-/+ resource "azurerm_network_security_rule" "network_security_rules_m1" {
      - destination_address_prefixes               = [] -> null
      - destination_application_security_group_ids = [] -> null
      ~ id                                         = "/subscriptions/33f27ac9-52ef-43de-b518-ef0b994e7f1b/resourceGroups/RG-EastUS-terraform-3/providers/Microsoft.Network/networkSecurityGroups/nsg-vnet-shared-01.AzureBastionSubnet/securityRules/AllowSshRdpOutbound" -> (known after apply)
        name                                       = "AllowSshRdpOutbound"
      ~ resource_group_name                        = "RG-EastUS-terraform-3" -> "RG-SwedenCentral-terraform-3" # forces replacement
      - source_address_prefixes                    = [] -> null
      - source_application_security_group_ids      = [] -> null
      - source_port_ranges                         = [] -> null
        # (9 unchanged attributes hidden)
    }

  # module.module-01.azurerm_network_security_rule.network_security_rules_m1["snet-adds-01.AllowInternetOutbound"] must be replaced
-/+ resource "azurerm_network_security_rule" "network_security_rules_m1" {
      - destination_address_prefixes               = [] -> null
      - destination_application_security_group_ids = [] -> null
      - destination_port_ranges                    = [] -> null
      ~ id                                         = "/subscriptions/33f27ac9-52ef-43de-b518-ef0b994e7f1b/resourceGroups/RG-EastUS-terraform-3/providers/Microsoft.Network/networkSecurityGroups/nsg-vnet-shared-01.snet-adds-01/securityRules/AllowInternetOutbound" -> (known after apply)
        name                                       = "AllowInternetOutbound"
      ~ resource_group_name                        = "RG-EastUS-terraform-3" -> "RG-SwedenCentral-terraform-3" # forces replacement
      - source_address_prefixes                    = [] -> null
      - source_application_security_group_ids      = [] -> null
      - source_port_ranges                         = [] -> null
        # (9 unchanged attributes hidden)
    }

  # module.module-01.azurerm_network_security_rule.network_security_rules_m1["snet-adds-01.AllowVirtualNetworkInbound"] must be replaced
-/+ resource "azurerm_network_security_rule" "network_security_rules_m1" {
      - destination_address_prefixes               = [] -> null
      - destination_application_security_group_ids = [] -> null
      - destination_port_ranges                    = [] -> null
      ~ id                                         = "/subscriptions/33f27ac9-52ef-43de-b518-ef0b994e7f1b/resourceGroups/RG-EastUS-terraform-3/providers/Microsoft.Network/networkSecurityGroups/nsg-vnet-shared-01.snet-adds-01/securityRules/AllowVirtualNetworkInbound" -> (known after apply)
        name                                       = "AllowVirtualNetworkInbound"
      ~ resource_group_name                        = "RG-EastUS-terraform-3" -> "RG-SwedenCentral-terraform-3" # forces replacement
      - source_address_prefixes                    = [] -> null
      - source_application_security_group_ids      = [] -> null
      - source_port_ranges                         = [] -> null
        # (9 unchanged attributes hidden)
    }

  # module.module-01.azurerm_network_security_rule.network_security_rules_m1["snet-adds-01.AllowVirtualNetworkOutbound"] must be replaced
-/+ resource "azurerm_network_security_rule" "network_security_rules_m1" {
      - destination_address_prefixes               = [] -> null
      - destination_application_security_group_ids = [] -> null
      - destination_port_ranges                    = [] -> null
      ~ id                                         = "/subscriptions/33f27ac9-52ef-43de-b518-ef0b994e7f1b/resourceGroups/RG-EastUS-terraform-3/providers/Microsoft.Network/networkSecurityGroups/nsg-vnet-shared-01.snet-adds-01/securityRules/AllowVirtualNetworkOutbound" -> (known after apply)
        name                                       = "AllowVirtualNetworkOutbound"
      ~ resource_group_name                        = "RG-EastUS-terraform-3" -> "RG-SwedenCentral-terraform-3" # forces replacement
      - source_address_prefixes                    = [] -> null
      - source_application_security_group_ids      = [] -> null
      - source_port_ranges                         = [] -> null
        # (9 unchanged attributes hidden)
    }

  # module.module-01.azurerm_network_security_rule.network_security_rules_m1["snet-misc-01.AllowInternetOutbound"] must be replaced
-/+ resource "azurerm_network_security_rule" "network_security_rules_m1" {
      - destination_address_prefixes               = [] -> null
      - destination_application_security_group_ids = [] -> null
      - destination_port_ranges                    = [] -> null
      ~ id                                         = "/subscriptions/33f27ac9-52ef-43de-b518-ef0b994e7f1b/resourceGroups/RG-EastUS-terraform-3/providers/Microsoft.Network/networkSecurityGroups/nsg-vnet-shared-01.snet-misc-01/securityRules/AllowInternetOutbound" -> (known after apply)
        name                                       = "AllowInternetOutbound"
      ~ resource_group_name                        = "RG-EastUS-terraform-3" -> "RG-SwedenCentral-terraform-3" # forces replacement
      - source_address_prefixes                    = [] -> null
      - source_application_security_group_ids      = [] -> null
      - source_port_ranges                         = [] -> null
        # (9 unchanged attributes hidden)
    }

  # module.module-01.azurerm_network_security_rule.network_security_rules_m1["snet-misc-01.AllowVirtualNetworkInbound"] must be replaced
-/+ resource "azurerm_network_security_rule" "network_security_rules_m1" {
      - destination_address_prefixes               = [] -> null
      - destination_application_security_group_ids = [] -> null
      - destination_port_ranges                    = [] -> null
      ~ id                                         = "/subscriptions/33f27ac9-52ef-43de-b518-ef0b994e7f1b/resourceGroups/RG-EastUS-terraform-3/providers/Microsoft.Network/networkSecurityGroups/nsg-vnet-shared-01.snet-misc-01/securityRules/AllowVirtualNetworkInbound" -> (known after apply)
        name                                       = "AllowVirtualNetworkInbound"
      ~ resource_group_name                        = "RG-EastUS-terraform-3" -> "RG-SwedenCentral-terraform-3" # forces replacement
      - source_address_prefixes                    = [] -> null
      - source_application_security_group_ids      = [] -> null
      - source_port_ranges                         = [] -> null
        # (9 unchanged attributes hidden)
    }

  # module.module-01.azurerm_network_security_rule.network_security_rules_m1["snet-misc-01.AllowVirtualNetworkOutbound"] must be replaced
-/+ resource "azurerm_network_security_rule" "network_security_rules_m1" {
      - destination_address_prefixes               = [] -> null
      - destination_application_security_group_ids = [] -> null
      - destination_port_ranges                    = [] -> null
      ~ id                                         = "/subscriptions/33f27ac9-52ef-43de-b518-ef0b994e7f1b/resourceGroups/RG-EastUS-terraform-3/providers/Microsoft.Network/networkSecurityGroups/nsg-vnet-shared-01.snet-misc-01/securityRules/AllowVirtualNetworkOutbound" -> (known after apply)
        name                                       = "AllowVirtualNetworkOutbound"
      ~ resource_group_name                        = "RG-EastUS-terraform-3" -> "RG-SwedenCentral-terraform-3" # forces replacement
      - source_address_prefixes                    = [] -> null
      - source_application_security_group_ids      = [] -> null
      - source_port_ranges                         = [] -> null
        # (9 unchanged attributes hidden)
    }

  # module.module-01.azurerm_network_security_rule.network_security_rules_m1["snet-misc-02.AllowInternetOutbound"] must be replaced
-/+ resource "azurerm_network_security_rule" "network_security_rules_m1" {
      - destination_address_prefixes               = [] -> null
      - destination_application_security_group_ids = [] -> null
      - destination_port_ranges                    = [] -> null
      ~ id                                         = "/subscriptions/33f27ac9-52ef-43de-b518-ef0b994e7f1b/resourceGroups/RG-EastUS-terraform-3/providers/Microsoft.Network/networkSecurityGroups/nsg-vnet-shared-01.snet-misc-02/securityRules/AllowInternetOutbound" -> (known after apply)
        name                                       = "AllowInternetOutbound"
      ~ resource_group_name                        = "RG-EastUS-terraform-3" -> "RG-SwedenCentral-terraform-3" # forces replacement
      - source_address_prefixes                    = [] -> null
      - source_application_security_group_ids      = [] -> null
      - source_port_ranges                         = [] -> null
        # (9 unchanged attributes hidden)
    }

  # module.module-01.azurerm_network_security_rule.network_security_rules_m1["snet-misc-02.AllowVirtualNetworkInbound"] must be replaced
-/+ resource "azurerm_network_security_rule" "network_security_rules_m1" {
      - destination_address_prefixes               = [] -> null
      - destination_application_security_group_ids = [] -> null
      - destination_port_ranges                    = [] -> null
      ~ id                                         = "/subscriptions/33f27ac9-52ef-43de-b518-ef0b994e7f1b/resourceGroups/RG-EastUS-terraform-3/providers/Microsoft.Network/networkSecurityGroups/nsg-vnet-shared-01.snet-misc-02/securityRules/AllowVirtualNetworkInbound" -> (known after apply)
        name                                       = "AllowVirtualNetworkInbound"
      ~ resource_group_name                        = "RG-EastUS-terraform-3" -> "RG-SwedenCentral-terraform-3" # forces replacement
      - source_address_prefixes                    = [] -> null
      - source_application_security_group_ids      = [] -> null
      - source_port_ranges                         = [] -> null
        # (9 unchanged attributes hidden)
    }

  # module.module-01.azurerm_network_security_rule.network_security_rules_m1["snet-misc-02.AllowVirtualNetworkOutbound"] must be replaced
-/+ resource "azurerm_network_security_rule" "network_security_rules_m1" {
      - destination_address_prefixes               = [] -> null
      - destination_application_security_group_ids = [] -> null
      - destination_port_ranges                    = [] -> null
      ~ id                                         = "/subscriptions/33f27ac9-52ef-43de-b518-ef0b994e7f1b/resourceGroups/RG-EastUS-terraform-3/providers/Microsoft.Network/networkSecurityGroups/nsg-vnet-shared-01.snet-misc-02/securityRules/AllowVirtualNetworkOutbound" -> (known after apply)
        name                                       = "AllowVirtualNetworkOutbound"
      ~ resource_group_name                        = "RG-EastUS-terraform-3" -> "RG-SwedenCentral-terraform-3" # forces replacement
      - source_address_prefixes                    = [] -> null
      - source_application_security_group_ids      = [] -> null
      - source_port_ranges                         = [] -> null
        # (9 unchanged attributes hidden)
    }

  # module.module-01.azurerm_public_ip.bastion_host_01 must be replaced
-/+ resource "azurerm_public_ip" "bastion_host_01" {
      + fqdn                    = (known after apply)
      ~ id                      = "/subscriptions/33f27ac9-52ef-43de-b518-ef0b994e7f1b/resourceGroups/RG-EastUS-terraform-3/providers/Microsoft.Network/publicIPAddresses/pip-bst-terraform-01" -> (known after apply)
      ~ ip_address              = "52.234.220.78" -> (known after apply)
      - ip_tags                 = {} -> null
      ~ location                = "eastus" -> "swedencentral" # forces replacement
        name                    = "pip-bst-terraform-01"
      ~ resource_group_name     = "RG-EastUS-terraform-3" -> "RG-SwedenCentral-terraform-3" # forces replacement
      - tags                    = {} -> null
      - zones                   = [] -> null
        # (6 unchanged attributes hidden)
    }

  # module.module-01.azurerm_storage_account.st must be replaced
-/+ resource "azurerm_storage_account" "st" {
      ~ access_tier                        = "Hot" -> (known after apply)
      ~ id                                 = "/subscriptions/33f27ac9-52ef-43de-b518-ef0b994e7f1b/resourceGroups/RG-EastUS-terraform-3/providers/Microsoft.Storage/storageAccounts/stkfgddidyzldwoalo" -> (known after apply)
      + large_file_share_enabled           = (known after apply)
      ~ location                           = "eastus" -> "swedencentral" # forces replacement
        name                               = "stkfgddidyzldwoalo"
      ~ primary_access_key                 = (sensitive value)
      ~ primary_blob_connection_string     = (sensitive value)
      ~ primary_blob_endpoint              = "https://stkfgddidyzldwoalo.blob.core.windows.net/" -> (known after apply)
      ~ primary_blob_host                  = "stkfgddidyzldwoalo.blob.core.windows.net" -> (known after apply)
      + primary_blob_internet_endpoint     = (known after apply)
      + primary_blob_internet_host         = (known after apply)
      + primary_blob_microsoft_endpoint    = (known after apply)
      + primary_blob_microsoft_host        = (known after apply)
      ~ primary_connection_string          = (sensitive value)
      ~ primary_dfs_endpoint               = "https://stkfgddidyzldwoalo.dfs.core.windows.net/" -> (known after apply)
      ~ primary_dfs_host                   = "stkfgddidyzldwoalo.dfs.core.windows.net" -> (known after apply)
      + primary_dfs_internet_endpoint      = (known after apply)
      + primary_dfs_internet_host          = (known after apply)
      + primary_dfs_microsoft_endpoint     = (known after apply)
      + primary_dfs_microsoft_host         = (known after apply)
      ~ primary_file_endpoint              = "https://stkfgddidyzldwoalo.file.core.windows.net/" -> (known after apply)
      ~ primary_file_host                  = "stkfgddidyzldwoalo.file.core.windows.net" -> (known after apply)
      + primary_file_internet_endpoint     = (known after apply)
      + primary_file_internet_host         = (known after apply)
      + primary_file_microsoft_endpoint    = (known after apply)
      + primary_file_microsoft_host        = (known after apply)
      ~ primary_location                   = "eastus" -> (known after apply)
      ~ primary_queue_endpoint             = "https://stkfgddidyzldwoalo.queue.core.windows.net/" -> (known after apply)
      ~ primary_queue_host                 = "stkfgddidyzldwoalo.queue.core.windows.net" -> (known after apply)
      + primary_queue_microsoft_endpoint   = (known after apply)
      + primary_queue_microsoft_host       = (known after apply)
      ~ primary_table_endpoint             = "https://stkfgddidyzldwoalo.table.core.windows.net/" -> (known after apply)
      ~ primary_table_host                 = "stkfgddidyzldwoalo.table.core.windows.net" -> (known after apply)
      + primary_table_microsoft_endpoint   = (known after apply)
      + primary_table_microsoft_host       = (known after apply)
      ~ primary_web_endpoint               = "https://stkfgddidyzldwoalo.z13.web.core.windows.net/" -> (known after apply)
      ~ primary_web_host                   = "stkfgddidyzldwoalo.z13.web.core.windows.net" -> (known after apply)
      + primary_web_internet_endpoint      = (known after apply)
      + primary_web_internet_host          = (known after apply)
      + primary_web_microsoft_endpoint     = (known after apply)
      + primary_web_microsoft_host         = (known after apply)
      ~ resource_group_name                = "RG-EastUS-terraform-3" -> "RG-SwedenCentral-terraform-3" # forces replacement
      ~ secondary_access_key               = (sensitive value)
      + secondary_blob_connection_string   = (sensitive value)
      + secondary_blob_endpoint            = (known after apply)
      + secondary_blob_host                = (known after apply)
      + secondary_blob_internet_endpoint   = (known after apply)
      + secondary_blob_internet_host       = (known after apply)
      + secondary_blob_microsoft_endpoint  = (known after apply)
      + secondary_blob_microsoft_host      = (known after apply)
      ~ secondary_connection_string        = (sensitive value)
      + secondary_dfs_endpoint             = (known after apply)
      + secondary_dfs_host                 = (known after apply)
      + secondary_dfs_internet_endpoint    = (known after apply)
      + secondary_dfs_internet_host        = (known after apply)
      + secondary_dfs_microsoft_endpoint   = (known after apply)
      + secondary_dfs_microsoft_host       = (known after apply)
      + secondary_file_endpoint            = (known after apply)
      + secondary_file_host                = (known after apply)
      + secondary_file_internet_endpoint   = (known after apply)
      + secondary_file_internet_host       = (known after apply)
      + secondary_file_microsoft_endpoint  = (known after apply)
      + secondary_file_microsoft_host      = (known after apply)
      + secondary_location                 = (known after apply)
      + secondary_queue_endpoint           = (known after apply)
      + secondary_queue_host               = (known after apply)
      + secondary_queue_microsoft_endpoint = (known after apply)
      + secondary_queue_microsoft_host     = (known after apply)
      + secondary_table_endpoint           = (known after apply)
      + secondary_table_host               = (known after apply)
      + secondary_table_microsoft_endpoint = (known after apply)
      + secondary_table_microsoft_host     = (known after apply)
      + secondary_web_endpoint             = (known after apply)
      + secondary_web_host                 = (known after apply)
      + secondary_web_internet_endpoint    = (known after apply)
      + secondary_web_internet_host        = (known after apply)
      + secondary_web_microsoft_endpoint   = (known after apply)
      + secondary_web_microsoft_host       = (known after apply)
      - tags                               = {} -> null
        # (17 unchanged attributes hidden)

      - blob_properties {
          - change_feed_enabled           = false -> null
          - change_feed_retention_in_days = 0 -> null
          - last_access_time_enabled      = false -> null
          - versioning_enabled            = false -> null
        }

      - network_rules {
          - bypass                     = [
              - "AzureServices",
            ] -> null
          - default_action             = "Allow" -> null
          - ip_rules                   = [] -> null
          - virtual_network_subnet_ids = [] -> null
        }

      - queue_properties {
          - hour_metrics {
              - enabled               = true -> null
              - include_apis          = true -> null
              - retention_policy_days = 7 -> null
              - version               = "1.0" -> null
            }
          - logging {
              - delete                = false -> null
              - read                  = false -> null
              - retention_policy_days = 0 -> null
              - version               = "1.0" -> null
              - write                 = false -> null
            }
          - minute_metrics {
              - enabled               = false -> null
              - include_apis          = false -> null
              - retention_policy_days = 0 -> null
              - version               = "1.0" -> null
            }
        }

      - share_properties {
          - retention_policy {
              - days = 7 -> null
            }
        }
    }

  # module.module-01.azurerm_subnet.vnet_shared_01_subnets["AzureBastionSubnet"] must be replaced
-/+ resource "azurerm_subnet" "vnet_shared_01_subnets" {
      ~ enforce_private_link_endpoint_network_policies = true -> (known after apply)
      ~ enforce_private_link_service_network_policies  = false -> (known after apply)
      ~ id                                             = "/subscriptions/33f27ac9-52ef-43de-b518-ef0b994e7f1b/resourceGroups/RG-EastUS-terraform-3/providers/Microsoft.Network/virtualNetworks/vnet-shared-01/subnets/AzureBastionSubnet" -> (known after apply)
        name                                           = "AzureBastionSubnet"
      ~ private_link_service_network_policies_enabled  = true -> (known after apply)
      ~ resource_group_name                            = "RG-EastUS-terraform-3" -> "RG-SwedenCentral-terraform-3" # forces replacement
      - service_endpoint_policy_ids                    = [] -> null
      - service_endpoints                              = [] -> null
        # (3 unchanged attributes hidden)
    }

  # module.module-01.azurerm_subnet.vnet_shared_01_subnets["snet-adds-01"] must be replaced
-/+ resource "azurerm_subnet" "vnet_shared_01_subnets" {
      ~ enforce_private_link_endpoint_network_policies = true -> (known after apply)
      ~ enforce_private_link_service_network_policies  = false -> (known after apply)
      ~ id                                             = "/subscriptions/33f27ac9-52ef-43de-b518-ef0b994e7f1b/resourceGroups/RG-EastUS-terraform-3/providers/Microsoft.Network/virtualNetworks/vnet-shared-01/subnets/snet-adds-01" -> (known after apply)
        name                                           = "snet-adds-01"
      ~ private_link_service_network_policies_enabled  = true -> (known after apply)
      ~ resource_group_name                            = "RG-EastUS-terraform-3" -> "RG-SwedenCentral-terraform-3" # forces replacement
      - service_endpoint_policy_ids                    = [] -> null
      - service_endpoints                              = [] -> null
        # (3 unchanged attributes hidden)
    }

  # module.module-01.azurerm_subnet.vnet_shared_01_subnets["snet-misc-01"] must be replaced
-/+ resource "azurerm_subnet" "vnet_shared_01_subnets" {
      ~ enforce_private_link_endpoint_network_policies = true -> (known after apply)
      ~ enforce_private_link_service_network_policies  = false -> (known after apply)
      ~ id                                             = "/subscriptions/33f27ac9-52ef-43de-b518-ef0b994e7f1b/resourceGroups/RG-EastUS-terraform-3/providers/Microsoft.Network/virtualNetworks/vnet-shared-01/subnets/snet-misc-01" -> (known after apply)
        name                                           = "snet-misc-01"
      ~ private_link_service_network_policies_enabled  = true -> (known after apply)
      ~ resource_group_name                            = "RG-EastUS-terraform-3" -> "RG-SwedenCentral-terraform-3" # forces replacement
      - service_endpoint_policy_ids                    = [] -> null
      - service_endpoints                              = [] -> null
        # (3 unchanged attributes hidden)
    }

  # module.module-01.azurerm_subnet.vnet_shared_01_subnets["snet-misc-02"] must be replaced
-/+ resource "azurerm_subnet" "vnet_shared_01_subnets" {
      ~ enforce_private_link_endpoint_network_policies = true -> (known after apply)
      ~ enforce_private_link_service_network_policies  = false -> (known after apply)
      ~ id                                             = "/subscriptions/33f27ac9-52ef-43de-b518-ef0b994e7f1b/resourceGroups/RG-EastUS-terraform-3/providers/Microsoft.Network/virtualNetworks/vnet-shared-01/subnets/snet-misc-02" -> (known after apply)
        name                                           = "snet-misc-02"
      ~ private_link_service_network_policies_enabled  = true -> (known after apply)
      ~ resource_group_name                            = "RG-EastUS-terraform-3" -> "RG-SwedenCentral-terraform-3" # forces replacement
      - service_endpoint_policy_ids                    = [] -> null
      - service_endpoints                              = [] -> null
        # (3 unchanged attributes hidden)
    }

  # module.module-01.azurerm_subnet_network_security_group_association.nsg_subnet_associations_m1["AzureBastionSubnet"] must be replaced
-/+ resource "azurerm_subnet_network_security_group_association" "nsg_subnet_associations_m1" {
      ~ id                        = "/subscriptions/33f27ac9-52ef-43de-b518-ef0b994e7f1b/resourceGroups/RG-EastUS-terraform-3/providers/Microsoft.Network/virtualNetworks/vnet-shared-01/subnets/AzureBastionSubnet" -> (known after apply)
      ~ network_security_group_id = "/subscriptions/33f27ac9-52ef-43de-b518-ef0b994e7f1b/resourceGroups/RG-EastUS-terraform-3/providers/Microsoft.Network/networkSecurityGroups/nsg-vnet-shared-01.AzureBastionSubnet" # forces replacement -> (known after apply) # forces replacement
      ~ subnet_id                 = "/subscriptions/33f27ac9-52ef-43de-b518-ef0b994e7f1b/resourceGroups/RG-EastUS-terraform-3/providers/Microsoft.Network/virtualNetworks/vnet-shared-01/subnets/AzureBastionSubnet" # forces replacement -> (known after apply) # forces replacement
    }

  # module.module-01.azurerm_subnet_network_security_group_association.nsg_subnet_associations_m1["snet-adds-01"] must be replaced
-/+ resource "azurerm_subnet_network_security_group_association" "nsg_subnet_associations_m1" {
      ~ id                        = "/subscriptions/33f27ac9-52ef-43de-b518-ef0b994e7f1b/resourceGroups/RG-EastUS-terraform-3/providers/Microsoft.Network/virtualNetworks/vnet-shared-01/subnets/snet-adds-01" -> (known after apply)
      ~ network_security_group_id = "/subscriptions/33f27ac9-52ef-43de-b518-ef0b994e7f1b/resourceGroups/RG-EastUS-terraform-3/providers/Microsoft.Network/networkSecurityGroups/nsg-vnet-shared-01.snet-adds-01" # forces replacement -> (known after apply) # forces replacement
      ~ subnet_id                 = "/subscriptions/33f27ac9-52ef-43de-b518-ef0b994e7f1b/resourceGroups/RG-EastUS-terraform-3/providers/Microsoft.Network/virtualNetworks/vnet-shared-01/subnets/snet-adds-01" # forces replacement -> (known after apply) # forces replacement
    }

  # module.module-01.azurerm_subnet_network_security_group_association.nsg_subnet_associations_m1["snet-misc-01"] must be replaced
-/+ resource "azurerm_subnet_network_security_group_association" "nsg_subnet_associations_m1" {
      ~ id                        = "/subscriptions/33f27ac9-52ef-43de-b518-ef0b994e7f1b/resourceGroups/RG-EastUS-terraform-3/providers/Microsoft.Network/virtualNetworks/vnet-shared-01/subnets/snet-misc-01" -> (known after apply)
      ~ network_security_group_id = "/subscriptions/33f27ac9-52ef-43de-b518-ef0b994e7f1b/resourceGroups/RG-EastUS-terraform-3/providers/Microsoft.Network/networkSecurityGroups/nsg-vnet-shared-01.snet-misc-01" # forces replacement -> (known after apply) # forces replacement
      ~ subnet_id                 = "/subscriptions/33f27ac9-52ef-43de-b518-ef0b994e7f1b/resourceGroups/RG-EastUS-terraform-3/providers/Microsoft.Network/virtualNetworks/vnet-shared-01/subnets/snet-misc-01" # forces replacement -> (known after apply) # forces replacement
    }

  # module.module-01.azurerm_subnet_network_security_group_association.nsg_subnet_associations_m1["snet-misc-02"] must be replaced
-/+ resource "azurerm_subnet_network_security_group_association" "nsg_subnet_associations_m1" {
      ~ id                        = "/subscriptions/33f27ac9-52ef-43de-b518-ef0b994e7f1b/resourceGroups/RG-EastUS-terraform-3/providers/Microsoft.Network/virtualNetworks/vnet-shared-01/subnets/snet-misc-02" -> (known after apply)
      ~ network_security_group_id = "/subscriptions/33f27ac9-52ef-43de-b518-ef0b994e7f1b/resourceGroups/RG-EastUS-terraform-3/providers/Microsoft.Network/networkSecurityGroups/nsg-vnet-shared-01.snet-misc-02" # forces replacement -> (known after apply) # forces replacement
      ~ subnet_id                 = "/subscriptions/33f27ac9-52ef-43de-b518-ef0b994e7f1b/resourceGroups/RG-EastUS-terraform-3/providers/Microsoft.Network/virtualNetworks/vnet-shared-01/subnets/snet-misc-02" # forces replacement -> (known after apply) # forces replacement
    }

  # module.module-01.azurerm_virtual_network.vnet_shared_01 must be replaced
-/+ resource "azurerm_virtual_network" "vnet_shared_01" {
      - flow_timeout_in_minutes = 0 -> null
      ~ guid                    = "e20796ca-41ba-4a3e-8191-77631fdb4ab9" -> (known after apply)
      ~ id                      = "/subscriptions/33f27ac9-52ef-43de-b518-ef0b994e7f1b/resourceGroups/RG-EastUS-terraform-3/providers/Microsoft.Network/virtualNetworks/vnet-shared-01" -> (known after apply)
      ~ location                = "eastus" -> "swedencentral" # forces replacement
        name                    = "vnet-shared-01"
      ~ resource_group_name     = "RG-EastUS-terraform-3" -> "RG-SwedenCentral-terraform-3" # forces replacement
      ~ subnet                  = [
          - {
              - address_prefix = "10.1.0.0/27"
              - id             = "/subscriptions/33f27ac9-52ef-43de-b518-ef0b994e7f1b/resourceGroups/RG-EastUS-terraform-3/providers/Microsoft.Network/virtualNetworks/vnet-shared-01/subnets/AzureBastionSubnet"
              - name           = "AzureBastionSubnet"
              - security_group = "/subscriptions/33f27ac9-52ef-43de-b518-ef0b994e7f1b/resourceGroups/RG-EastUS-terraform-3/providers/Microsoft.Network/networkSecurityGroups/nsg-vnet-shared-01.AzureBastionSubnet"
            },
          - {
              - address_prefix = "10.1.1.0/24"
              - id             = "/subscriptions/33f27ac9-52ef-43de-b518-ef0b994e7f1b/resourceGroups/RG-EastUS-terraform-3/providers/Microsoft.Network/virtualNetworks/vnet-shared-01/subnets/snet-adds-01"
              - name           = "snet-adds-01"
              - security_group = "/subscriptions/33f27ac9-52ef-43de-b518-ef0b994e7f1b/resourceGroups/RG-EastUS-terraform-3/providers/Microsoft.Network/networkSecurityGroups/nsg-vnet-shared-01.snet-adds-01"
            },
          - {
              - address_prefix = "10.1.2.0/27"
              - id             = "/subscriptions/33f27ac9-52ef-43de-b518-ef0b994e7f1b/resourceGroups/RG-EastUS-terraform-3/providers/Microsoft.Network/virtualNetworks/vnet-shared-01/subnets/snet-misc-01"
              - name           = "snet-misc-01"
              - security_group = "/subscriptions/33f27ac9-52ef-43de-b518-ef0b994e7f1b/resourceGroups/RG-EastUS-terraform-3/providers/Microsoft.Network/networkSecurityGroups/nsg-vnet-shared-01.snet-misc-01"
            },
          - {
              - address_prefix = "10.1.3.0/27"
              - id             = "/subscriptions/33f27ac9-52ef-43de-b518-ef0b994e7f1b/resourceGroups/RG-EastUS-terraform-3/providers/Microsoft.Network/virtualNetworks/vnet-shared-01/subnets/snet-misc-02"
              - name           = "snet-misc-02"
              - security_group = "/subscriptions/33f27ac9-52ef-43de-b518-ef0b994e7f1b/resourceGroups/RG-EastUS-terraform-3/providers/Microsoft.Network/networkSecurityGroups/nsg-vnet-shared-01.snet-misc-02"
            },
        ] -> (known after apply)
      - tags                    = {} -> null
        # (2 unchanged attributes hidden)
    }

Plan: 40 to add, 0 to change, 40 to destroy.
╷
│ Error: "admin_password" has to fulfill 3 out of these 4 conditions: Has lower characters, Has upper characters, Has a digit, Has a special character other than "_", fullfiled only 2 conditions
│ 
│   with module.module-01.azurerm_windows_virtual_machine.vm_adds,
│   on modules/module-01/module-01.tf line 202, in resource "azurerm_windows_virtual_machine" "vm_adds":
│  202:   admin_password           = azurerm_key_vault_secret.adminpassword.value
│ 
╵
Starting provisioning process
module.module-01.random_string.azurerm_storage_account_name: Refreshing state... [id=kfgddidyzldwoalo]
module.module-01.random_password.admin_password: Refreshing state... [id=none]
module.module-01.azurerm_key_vault.kv: Refreshing state... [id=/subscriptions/33f27ac9-52ef-43de-b518-ef0b994e7f1b/resourceGroups/RG-EastUS-terraform-3/providers/Microsoft.KeyVault/vaults/kv-kfgddidyzldwoalo]
module.module-01.azurerm_public_ip.bastion_host_01: Refreshing state... [id=/subscriptions/33f27ac9-52ef-43de-b518-ef0b994e7f1b/resourceGroups/RG-EastUS-terraform-3/providers/Microsoft.Network/publicIPAddresses/pip-bst-terraform-01]
module.module-01.azurerm_log_analytics_workspace.log_analytics_workspace_01: Refreshing state... [id=/subscriptions/33f27ac9-52ef-43de-b518-ef0b994e7f1b/resourceGroups/RG-EastUS-terraform-3/providers/Microsoft.OperationalInsights/workspaces/log-shared-terraform-01]
module.module-01.azurerm_virtual_network.vnet_shared_01: Refreshing state... [id=/subscriptions/33f27ac9-52ef-43de-b518-ef0b994e7f1b/resourceGroups/RG-EastUS-terraform-3/providers/Microsoft.Network/virtualNetworks/vnet-shared-01]
module.module-01.azurerm_storage_account.st: Refreshing state... [id=/subscriptions/33f27ac9-52ef-43de-b518-ef0b994e7f1b/resourceGroups/RG-EastUS-terraform-3/providers/Microsoft.Storage/storageAccounts/stkfgddidyzldwoalo]
module.module-01.azurerm_subnet.vnet_shared_01_subnets["snet-misc-02"]: Refreshing state... [id=/subscriptions/33f27ac9-52ef-43de-b518-ef0b994e7f1b/resourceGroups/RG-EastUS-terraform-3/providers/Microsoft.Network/virtualNetworks/vnet-shared-01/subnets/snet-misc-02]
module.module-01.azurerm_subnet.vnet_shared_01_subnets["AzureBastionSubnet"]: Refreshing state... [id=/subscriptions/33f27ac9-52ef-43de-b518-ef0b994e7f1b/resourceGroups/RG-EastUS-terraform-3/providers/Microsoft.Network/virtualNetworks/vnet-shared-01/subnets/AzureBastionSubnet]
module.module-01.azurerm_subnet.vnet_shared_01_subnets["snet-misc-01"]: Refreshing state... [id=/subscriptions/33f27ac9-52ef-43de-b518-ef0b994e7f1b/resourceGroups/RG-EastUS-terraform-3/providers/Microsoft.Network/virtualNetworks/vnet-shared-01/subnets/snet-misc-01]
module.module-01.azurerm_subnet.vnet_shared_01_subnets["snet-adds-01"]: Refreshing state... [id=/subscriptions/33f27ac9-52ef-43de-b518-ef0b994e7f1b/resourceGroups/RG-EastUS-terraform-3/providers/Microsoft.Network/virtualNetworks/vnet-shared-01/subnets/snet-adds-01]
module.module-01.azurerm_network_security_group.network_security_groups_m1["snet-misc-01"]: Refreshing state... [id=/subscriptions/33f27ac9-52ef-43de-b518-ef0b994e7f1b/resourceGroups/RG-EastUS-terraform-3/providers/Microsoft.Network/networkSecurityGroups/nsg-vnet-shared-01.snet-misc-01]
module.module-01.azurerm_network_security_group.network_security_groups_m1["snet-misc-02"]: Refreshing state... [id=/subscriptions/33f27ac9-52ef-43de-b518-ef0b994e7f1b/resourceGroups/RG-EastUS-terraform-3/providers/Microsoft.Network/networkSecurityGroups/nsg-vnet-shared-01.snet-misc-02]
module.module-01.azurerm_network_security_group.network_security_groups_m1["AzureBastionSubnet"]: Refreshing state... [id=/subscriptions/33f27ac9-52ef-43de-b518-ef0b994e7f1b/resourceGroups/RG-EastUS-terraform-3/providers/Microsoft.Network/networkSecurityGroups/nsg-vnet-shared-01.AzureBastionSubnet]
module.module-01.azurerm_network_interface.vm_adds_nic_01: Refreshing state... [id=/subscriptions/33f27ac9-52ef-43de-b518-ef0b994e7f1b/resourceGroups/RG-EastUS-terraform-3/providers/Microsoft.Network/networkInterfaces/nic-adds1-1]
module.module-01.azurerm_network_security_group.network_security_groups_m1["snet-adds-01"]: Refreshing state... [id=/subscriptions/33f27ac9-52ef-43de-b518-ef0b994e7f1b/resourceGroups/RG-EastUS-terraform-3/providers/Microsoft.Network/networkSecurityGroups/nsg-vnet-shared-01.snet-adds-01]
module.module-01.azurerm_network_security_rule.network_security_rules_m1["snet-misc-01.AllowVirtualNetworkOutbound"]: Refreshing state... [id=/subscriptions/33f27ac9-52ef-43de-b518-ef0b994e7f1b/resourceGroups/RG-EastUS-terraform-3/providers/Microsoft.Network/networkSecurityGroups/nsg-vnet-shared-01.snet-misc-01/securityRules/AllowVirtualNetworkOutbound]
module.module-01.azurerm_network_security_rule.network_security_rules_m1["AzureBastionSubnet.AllowGatewayManagerInbound"]: Refreshing state... [id=/subscriptions/33f27ac9-52ef-43de-b518-ef0b994e7f1b/resourceGroups/RG-EastUS-terraform-3/providers/Microsoft.Network/networkSecurityGroups/nsg-vnet-shared-01.AzureBastionSubnet/securityRules/AllowGatewayManagerInbound]
module.module-01.azurerm_network_security_rule.network_security_rules_m1["AzureBastionSubnet.AllowHttpsInbound"]: Refreshing state... [id=/subscriptions/33f27ac9-52ef-43de-b518-ef0b994e7f1b/resourceGroups/RG-EastUS-terraform-3/providers/Microsoft.Network/networkSecurityGroups/nsg-vnet-shared-01.AzureBastionSubnet/securityRules/AllowHttpsInbound]
module.module-01.azurerm_network_security_rule.network_security_rules_m1["AzureBastionSubnet.AllowGetSessionInformationOutbound"]: Refreshing state... [id=/subscriptions/33f27ac9-52ef-43de-b518-ef0b994e7f1b/resourceGroups/RG-EastUS-terraform-3/providers/Microsoft.Network/networkSecurityGroups/nsg-vnet-shared-01.AzureBastionSubnet/securityRules/AllowGetSessionInformationOutbound]
module.module-01.azurerm_network_security_rule.network_security_rules_m1["AzureBastionSubnet.AllowAzureCloudOutbound"]: Refreshing state... [id=/subscriptions/33f27ac9-52ef-43de-b518-ef0b994e7f1b/resourceGroups/RG-EastUS-terraform-3/providers/Microsoft.Network/networkSecurityGroups/nsg-vnet-shared-01.AzureBastionSubnet/securityRules/AllowAzureCloudOutbound]
module.module-01.azurerm_network_security_rule.network_security_rules_m1["AzureBastionSubnet.AllowBastionCommunicationOutbound"]: Refreshing state... [id=/subscriptions/33f27ac9-52ef-43de-b518-ef0b994e7f1b/resourceGroups/RG-EastUS-terraform-3/providers/Microsoft.Network/networkSecurityGroups/nsg-vnet-shared-01.AzureBastionSubnet/securityRules/AllowBastionCommunicationOutbound]
module.module-01.azurerm_network_security_rule.network_security_rules_m1["AzureBastionSubnet.AllowSshRdpOutbound"]: Refreshing state... [id=/subscriptions/33f27ac9-52ef-43de-b518-ef0b994e7f1b/resourceGroups/RG-EastUS-terraform-3/providers/Microsoft.Network/networkSecurityGroups/nsg-vnet-shared-01.AzureBastionSubnet/securityRules/AllowSshRdpOutbound]
module.module-01.azurerm_network_security_rule.network_security_rules_m1["snet-misc-02.AllowVirtualNetworkInbound"]: Refreshing state... [id=/subscriptions/33f27ac9-52ef-43de-b518-ef0b994e7f1b/resourceGroups/RG-EastUS-terraform-3/providers/Microsoft.Network/networkSecurityGroups/nsg-vnet-shared-01.snet-misc-02/securityRules/AllowVirtualNetworkInbound]
module.module-01.azurerm_network_security_rule.network_security_rules_m1["snet-adds-01.AllowInternetOutbound"]: Refreshing state... [id=/subscriptions/33f27ac9-52ef-43de-b518-ef0b994e7f1b/resourceGroups/RG-EastUS-terraform-3/providers/Microsoft.Network/networkSecurityGroups/nsg-vnet-shared-01.snet-adds-01/securityRules/AllowInternetOutbound]
module.module-01.azurerm_network_security_rule.network_security_rules_m1["snet-misc-02.AllowInternetOutbound"]: Refreshing state... [id=/subscriptions/33f27ac9-52ef-43de-b518-ef0b994e7f1b/resourceGroups/RG-EastUS-terraform-3/providers/Microsoft.Network/networkSecurityGroups/nsg-vnet-shared-01.snet-misc-02/securityRules/AllowInternetOutbound]
module.module-01.azurerm_network_security_rule.network_security_rules_m1["snet-misc-02.AllowVirtualNetworkOutbound"]: Refreshing state... [id=/subscriptions/33f27ac9-52ef-43de-b518-ef0b994e7f1b/resourceGroups/RG-EastUS-terraform-3/providers/Microsoft.Network/networkSecurityGroups/nsg-vnet-shared-01.snet-misc-02/securityRules/AllowVirtualNetworkOutbound]
module.module-01.azurerm_network_security_rule.network_security_rules_m1["AzureBastionSubnet.AllowAzureLoadBalancerInbound"]: Refreshing state... [id=/subscriptions/33f27ac9-52ef-43de-b518-ef0b994e7f1b/resourceGroups/RG-EastUS-terraform-3/providers/Microsoft.Network/networkSecurityGroups/nsg-vnet-shared-01.AzureBastionSubnet/securityRules/AllowAzureLoadBalancerInbound]
module.module-01.azurerm_network_security_rule.network_security_rules_m1["snet-misc-01.AllowVirtualNetworkInbound"]: Refreshing state... [id=/subscriptions/33f27ac9-52ef-43de-b518-ef0b994e7f1b/resourceGroups/RG-EastUS-terraform-3/providers/Microsoft.Network/networkSecurityGroups/nsg-vnet-shared-01.snet-misc-01/securityRules/AllowVirtualNetworkInbound]
module.module-01.azurerm_network_security_rule.network_security_rules_m1["snet-adds-01.AllowVirtualNetworkOutbound"]: Refreshing state... [id=/subscriptions/33f27ac9-52ef-43de-b518-ef0b994e7f1b/resourceGroups/RG-EastUS-terraform-3/providers/Microsoft.Network/networkSecurityGroups/nsg-vnet-shared-01.snet-adds-01/securityRules/AllowVirtualNetworkOutbound]
module.module-01.azurerm_network_security_rule.network_security_rules_m1["snet-misc-01.AllowInternetOutbound"]: Refreshing state... [id=/subscriptions/33f27ac9-52ef-43de-b518-ef0b994e7f1b/resourceGroups/RG-EastUS-terraform-3/providers/Microsoft.Network/networkSecurityGroups/nsg-vnet-shared-01.snet-misc-01/securityRules/AllowInternetOutbound]
module.module-01.azurerm_network_security_rule.network_security_rules_m1["AzureBastionSubnet.AllowBastionCommunicationInbound"]: Refreshing state... [id=/subscriptions/33f27ac9-52ef-43de-b518-ef0b994e7f1b/resourceGroups/RG-EastUS-terraform-3/providers/Microsoft.Network/networkSecurityGroups/nsg-vnet-shared-01.AzureBastionSubnet/securityRules/AllowBastionCommunicationInbound]
module.module-01.azurerm_network_security_rule.network_security_rules_m1["snet-adds-01.AllowVirtualNetworkInbound"]: Refreshing state... [id=/subscriptions/33f27ac9-52ef-43de-b518-ef0b994e7f1b/resourceGroups/RG-EastUS-terraform-3/providers/Microsoft.Network/networkSecurityGroups/nsg-vnet-shared-01.snet-adds-01/securityRules/AllowVirtualNetworkInbound]
module.module-01.azurerm_storage_container.st_container: Refreshing state... [id=https://stkfgddidyzldwoalo.blob.core.windows.net/scripts]
module.module-01.azurerm_subnet_network_security_group_association.nsg_subnet_associations_m1["snet-misc-01"]: Refreshing state... [id=/subscriptions/33f27ac9-52ef-43de-b518-ef0b994e7f1b/resourceGroups/RG-EastUS-terraform-3/providers/Microsoft.Network/virtualNetworks/vnet-shared-01/subnets/snet-misc-01]
module.module-01.azurerm_subnet_network_security_group_association.nsg_subnet_associations_m1["AzureBastionSubnet"]: Refreshing state... [id=/subscriptions/33f27ac9-52ef-43de-b518-ef0b994e7f1b/resourceGroups/RG-EastUS-terraform-3/providers/Microsoft.Network/virtualNetworks/vnet-shared-01/subnets/AzureBastionSubnet]
module.module-01.azurerm_subnet_network_security_group_association.nsg_subnet_associations_m1["snet-misc-02"]: Refreshing state... [id=/subscriptions/33f27ac9-52ef-43de-b518-ef0b994e7f1b/resourceGroups/RG-EastUS-terraform-3/providers/Microsoft.Network/virtualNetworks/vnet-shared-01/subnets/snet-misc-02]
module.module-01.azurerm_subnet_network_security_group_association.nsg_subnet_associations_m1["snet-adds-01"]: Refreshing state... [id=/subscriptions/33f27ac9-52ef-43de-b518-ef0b994e7f1b/resourceGroups/RG-EastUS-terraform-3/providers/Microsoft.Network/virtualNetworks/vnet-shared-01/subnets/snet-adds-01]
module.module-01.azurerm_key_vault_secret.adminuser: Refreshing state... [id=https://kv-kfgddidyzldwoalo.vault.azure.net/secrets/adminuser/d901eef8f0644823a6f4ad27268310cb]
module.module-01.azurerm_key_vault_secret.adminpassword: Refreshing state... [id=https://kv-kfgddidyzldwoalo.vault.azure.net/secrets/adminpassword/e4a0657e301e434fad947ea9f5d93588]
module.module-01.azurerm_key_vault_secret.storage_account_access_key: Refreshing state... [id=https://kv-kfgddidyzldwoalo.vault.azure.net/secrets/stkfgddidyzldwoalo/402ae9bb4c484336a9808f860ff063b2]
module.module-01.azurerm_bastion_host.bastion_host_01: Refreshing state... [id=/subscriptions/33f27ac9-52ef-43de-b518-ef0b994e7f1b/resourceGroups/RG-EastUS-terraform-3/providers/Microsoft.Network/bastionHosts/bst-terraform-01]
module.module-01.azurerm_key_vault_secret.log_analytics_workspace_01_primary_shared_key: Refreshing state... [id=https://kv-kfgddidyzldwoalo.vault.azure.net/secrets/c6bcec30-2587-422d-8bf4-378a35f63df6/43a30bedb2aa4c27b3655a1de521c84c]

Terraform used the selected providers to generate the following execution
plan. Resource actions are indicated with the following symbols:
-/+ destroy and then create replacement

Terraform planned the following actions, but then encountered a problem:

  # module.module-01.azurerm_bastion_host.bastion_host_01 must be replaced
-/+ resource "azurerm_bastion_host" "bastion_host_01" {
      ~ dns_name               = "bst-2e04ffa9-f119-46a2-bf7e-c81c86a9c7f4.bastion.azure.com" -> (known after apply)
      ~ id                     = "/subscriptions/33f27ac9-52ef-43de-b518-ef0b994e7f1b/resourceGroups/RG-EastUS-terraform-3/providers/Microsoft.Network/bastionHosts/bst-terraform-01" -> (known after apply)
      ~ location               = "eastus" -> "swedencentral" # forces replacement
        name                   = "bst-terraform-01"
      ~ resource_group_name    = "RG-EastUS-terraform-3" -> "RG-SwedenCentral-terraform-3" # forces replacement
      - tags                   = {} -> null
        # (7 unchanged attributes hidden)

      ~ ip_configuration {
            name                 = "ipc-bst-terraform-01"
          ~ public_ip_address_id = "/subscriptions/33f27ac9-52ef-43de-b518-ef0b994e7f1b/resourceGroups/RG-EastUS-terraform-3/providers/Microsoft.Network/publicIPAddresses/pip-bst-terraform-01" # forces replacement -> (known after apply) # forces replacement
          ~ subnet_id            = "/subscriptions/33f27ac9-52ef-43de-b518-ef0b994e7f1b/resourceGroups/RG-EastUS-terraform-3/providers/Microsoft.Network/virtualNetworks/vnet-shared-01/subnets/AzureBastionSubnet" # forces replacement -> (known after apply) # forces replacement
        }
    }

  # module.module-01.azurerm_key_vault.kv must be replaced
-/+ resource "azurerm_key_vault" "kv" {
      ~ access_policy                   = [
          ~ {
              - application_id          = ""
              - certificate_permissions = []
              - key_permissions         = []
              - storage_permissions     = []
                # (3 unchanged attributes hidden)
            },
          ~ {
              - application_id          = ""
              - certificate_permissions = []
              - key_permissions         = []
              - storage_permissions     = []
                # (3 unchanged attributes hidden)
            },
        ]
      - enabled_for_deployment          = false -> null
      - enabled_for_disk_encryption     = false -> null
      - enabled_for_template_deployment = false -> null
      ~ id                              = "/subscriptions/33f27ac9-52ef-43de-b518-ef0b994e7f1b/resourceGroups/RG-EastUS-terraform-3/providers/Microsoft.KeyVault/vaults/kv-kfgddidyzldwoalo" -> (known after apply)
      ~ location                        = "eastus" -> "swedencentral" # forces replacement
        name                            = "kv-kfgddidyzldwoalo"
      ~ resource_group_name             = "RG-EastUS-terraform-3" -> "RG-SwedenCentral-terraform-3" # forces replacement
      - tags                            = {} -> null
      ~ vault_uri                       = "https://kv-kfgddidyzldwoalo.vault.azure.net/" -> (known after apply)
        # (6 unchanged attributes hidden)

      - network_acls {
          - bypass                     = "AzureServices" -> null
          - default_action             = "Allow" -> null
          - ip_rules                   = [] -> null
          - virtual_network_subnet_ids = [] -> null
        }
    }

  # module.module-01.azurerm_key_vault_secret.adminpassword must be replaced
-/+ resource "azurerm_key_vault_secret" "adminpassword" {
      ~ id                      = "https://kv-kfgddidyzldwoalo.vault.azure.net/secrets/adminpassword/e4a0657e301e434fad947ea9f5d93588" -> (known after apply)
      ~ key_vault_id            = "/subscriptions/33f27ac9-52ef-43de-b518-ef0b994e7f1b/resourceGroups/RG-EastUS-terraform-3/providers/Microsoft.KeyVault/vaults/kv-kfgddidyzldwoalo" # forces replacement -> (known after apply) # forces replacement
        name                    = "adminpassword"
      ~ resource_id             = "/subscriptions/33f27ac9-52ef-43de-b518-ef0b994e7f1b/resourceGroups/RG-EastUS-terraform-3/providers/Microsoft.KeyVault/vaults/kv-kfgddidyzldwoalo/secrets/adminpassword/versions/e4a0657e301e434fad947ea9f5d93588" -> (known after apply)
      ~ resource_versionless_id = "/subscriptions/33f27ac9-52ef-43de-b518-ef0b994e7f1b/resourceGroups/RG-EastUS-terraform-3/providers/Microsoft.KeyVault/vaults/kv-kfgddidyzldwoalo/secrets/adminpassword" -> (known after apply)
      - tags                    = {} -> null
      ~ version                 = "e4a0657e301e434fad947ea9f5d93588" -> (known after apply)
      ~ versionless_id          = "https://kv-kfgddidyzldwoalo.vault.azure.net/secrets/adminpassword" -> (known after apply)
        # (1 unchanged attribute hidden)
    }

  # module.module-01.azurerm_key_vault_secret.adminuser must be replaced
-/+ resource "azurerm_key_vault_secret" "adminuser" {
      ~ id                      = "https://kv-kfgddidyzldwoalo.vault.azure.net/secrets/adminuser/d901eef8f0644823a6f4ad27268310cb" -> (known after apply)
      ~ key_vault_id            = "/subscriptions/33f27ac9-52ef-43de-b518-ef0b994e7f1b/resourceGroups/RG-EastUS-terraform-3/providers/Microsoft.KeyVault/vaults/kv-kfgddidyzldwoalo" # forces replacement -> (known after apply) # forces replacement
        name                    = "adminuser"
      ~ resource_id             = "/subscriptions/33f27ac9-52ef-43de-b518-ef0b994e7f1b/resourceGroups/RG-EastUS-terraform-3/providers/Microsoft.KeyVault/vaults/kv-kfgddidyzldwoalo/secrets/adminuser/versions/d901eef8f0644823a6f4ad27268310cb" -> (known after apply)
      ~ resource_versionless_id = "/subscriptions/33f27ac9-52ef-43de-b518-ef0b994e7f1b/resourceGroups/RG-EastUS-terraform-3/providers/Microsoft.KeyVault/vaults/kv-kfgddidyzldwoalo/secrets/adminuser" -> (known after apply)
      - tags                    = {} -> null
      ~ version                 = "d901eef8f0644823a6f4ad27268310cb" -> (known after apply)
      ~ versionless_id          = "https://kv-kfgddidyzldwoalo.vault.azure.net/secrets/adminuser" -> (known after apply)
        # (1 unchanged attribute hidden)
    }

  # module.module-01.azurerm_key_vault_secret.log_analytics_workspace_01_primary_shared_key must be replaced
-/+ resource "azurerm_key_vault_secret" "log_analytics_workspace_01_primary_shared_key" {
      ~ id                      = "https://kv-kfgddidyzldwoalo.vault.azure.net/secrets/c6bcec30-2587-422d-8bf4-378a35f63df6/43a30bedb2aa4c27b3655a1de521c84c" -> (known after apply)
      ~ key_vault_id            = "/subscriptions/33f27ac9-52ef-43de-b518-ef0b994e7f1b/resourceGroups/RG-EastUS-terraform-3/providers/Microsoft.KeyVault/vaults/kv-kfgddidyzldwoalo" # forces replacement -> (known after apply) # forces replacement
      ~ name                    = "c6bcec30-2587-422d-8bf4-378a35f63df6" # forces replacement -> (known after apply) # forces replacement
      ~ resource_id             = "/subscriptions/33f27ac9-52ef-43de-b518-ef0b994e7f1b/resourceGroups/RG-EastUS-terraform-3/providers/Microsoft.KeyVault/vaults/kv-kfgddidyzldwoalo/secrets/c6bcec30-2587-422d-8bf4-378a35f63df6/versions/43a30bedb2aa4c27b3655a1de521c84c" -> (known after apply)
      ~ resource_versionless_id = "/subscriptions/33f27ac9-52ef-43de-b518-ef0b994e7f1b/resourceGroups/RG-EastUS-terraform-3/providers/Microsoft.KeyVault/vaults/kv-kfgddidyzldwoalo/secrets/c6bcec30-2587-422d-8bf4-378a35f63df6" -> (known after apply)
      - tags                    = {} -> null
      ~ value                   = (sensitive value)
      ~ version                 = "43a30bedb2aa4c27b3655a1de521c84c" -> (known after apply)
      ~ versionless_id          = "https://kv-kfgddidyzldwoalo.vault.azure.net/secrets/c6bcec30-2587-422d-8bf4-378a35f63df6" -> (known after apply)
    }

  # module.module-01.azurerm_key_vault_secret.storage_account_access_key must be replaced
-/+ resource "azurerm_key_vault_secret" "storage_account_access_key" {
      ~ id                      = "https://kv-kfgddidyzldwoalo.vault.azure.net/secrets/stkfgddidyzldwoalo/402ae9bb4c484336a9808f860ff063b2" -> (known after apply)
      ~ key_vault_id            = "/subscriptions/33f27ac9-52ef-43de-b518-ef0b994e7f1b/resourceGroups/RG-EastUS-terraform-3/providers/Microsoft.KeyVault/vaults/kv-kfgddidyzldwoalo" # forces replacement -> (known after apply) # forces replacement
        name                    = "stkfgddidyzldwoalo"
      ~ resource_id             = "/subscriptions/33f27ac9-52ef-43de-b518-ef0b994e7f1b/resourceGroups/RG-EastUS-terraform-3/providers/Microsoft.KeyVault/vaults/kv-kfgddidyzldwoalo/secrets/stkfgddidyzldwoalo/versions/402ae9bb4c484336a9808f860ff063b2" -> (known after apply)
      ~ resource_versionless_id = "/subscriptions/33f27ac9-52ef-43de-b518-ef0b994e7f1b/resourceGroups/RG-EastUS-terraform-3/providers/Microsoft.KeyVault/vaults/kv-kfgddidyzldwoalo/secrets/stkfgddidyzldwoalo" -> (known after apply)
      - tags                    = {} -> null
      ~ value                   = (sensitive value)
      ~ version                 = "402ae9bb4c484336a9808f860ff063b2" -> (known after apply)
      ~ versionless_id          = "https://kv-kfgddidyzldwoalo.vault.azure.net/secrets/stkfgddidyzldwoalo" -> (known after apply)
    }

  # module.module-01.azurerm_log_analytics_workspace.log_analytics_workspace_01 must be replaced
-/+ resource "azurerm_log_analytics_workspace" "log_analytics_workspace_01" {
      - cmk_for_query_forced                    = false -> null
      ~ id                                      = "/subscriptions/33f27ac9-52ef-43de-b518-ef0b994e7f1b/resourceGroups/RG-EastUS-terraform-3/providers/Microsoft.OperationalInsights/workspaces/log-shared-terraform-01" -> (known after apply)
      - immediate_data_purge_on_30_days_enabled = false -> null
      ~ location                                = "eastus" -> "swedencentral" # forces replacement
        name                                    = "log-shared-terraform-01"
      ~ primary_shared_key                      = (sensitive value)
      ~ resource_group_name                     = "RG-EastUS-terraform-3" -> "RG-SwedenCentral-terraform-3" # forces replacement
      ~ secondary_shared_key                    = (sensitive value)
      - tags                                    = {} -> null
      ~ workspace_id                            = "c6bcec30-2587-422d-8bf4-378a35f63df6" -> (known after apply)
        # (7 unchanged attributes hidden)
    }

  # module.module-01.azurerm_network_interface.vm_adds_nic_01 must be replaced
-/+ resource "azurerm_network_interface" "vm_adds_nic_01" {
      ~ applied_dns_servers           = [] -> (known after apply)
      ~ dns_servers                   = [] -> (known after apply)
      ~ id                            = "/subscriptions/33f27ac9-52ef-43de-b518-ef0b994e7f1b/resourceGroups/RG-EastUS-terraform-3/providers/Microsoft.Network/networkInterfaces/nic-adds1-1" -> (known after apply)
      + internal_dns_name_label       = (known after apply)
      ~ internal_domain_name_suffix   = "zklapyv0ie5evamro3rr5w0kxb.bx.internal.cloudapp.net" -> (known after apply)
      ~ location                      = "eastus" -> "swedencentral" # forces replacement
      + mac_address                   = (known after apply)
        name                          = "nic-adds1-1"
      ~ private_ip_address            = "10.1.1.4" -> (known after apply)
      ~ private_ip_addresses          = [
          - "10.1.1.4",
        ] -> (known after apply)
      ~ resource_group_name           = "RG-EastUS-terraform-3" -> "RG-SwedenCentral-terraform-3" # forces replacement
      - tags                          = {} -> null
      + virtual_machine_id            = (known after apply)
        # (2 unchanged attributes hidden)

      ~ ip_configuration {
          + gateway_load_balancer_frontend_ip_configuration_id = (known after apply)
            name                                               = "ipc-adds1-1"
          ~ primary                                            = true -> (known after apply)
          ~ private_ip_address                                 = "10.1.1.4" -> (known after apply)
          ~ subnet_id                                          = "/subscriptions/33f27ac9-52ef-43de-b518-ef0b994e7f1b/resourceGroups/RG-EastUS-terraform-3/providers/Microsoft.Network/virtualNetworks/vnet-shared-01/subnets/snet-adds-01" -> (known after apply)
            # (2 unchanged attributes hidden)
        }
    }

  # module.module-01.azurerm_network_security_group.network_security_groups_m1["AzureBastionSubnet"] must be replaced
-/+ resource "azurerm_network_security_group" "network_security_groups_m1" {
      ~ id                  = "/subscriptions/33f27ac9-52ef-43de-b518-ef0b994e7f1b/resourceGroups/RG-EastUS-terraform-3/providers/Microsoft.Network/networkSecurityGroups/nsg-vnet-shared-01.AzureBastionSubnet" -> (known after apply)
      ~ location            = "eastus" -> "swedencentral" # forces replacement
        name                = "nsg-vnet-shared-01.AzureBastionSubnet"
      ~ resource_group_name = "RG-EastUS-terraform-3" -> "RG-SwedenCentral-terraform-3" # forces replacement
      ~ security_rule       = [
          - {
              - access                                     = "Allow"
              - description                                = ""
              - destination_address_prefix                 = "*"
              - destination_address_prefixes               = []
              - destination_application_security_group_ids = []
              - destination_port_range                     = "443"
              - destination_port_ranges                    = []
              - direction                                  = "Inbound"
              - name                                       = "AllowAzureLoadBalancerInbound"
              - priority                                   = 120
              - protocol                                   = "Tcp"
              - source_address_prefix                      = "AzureLoadBalancer"
              - source_address_prefixes                    = []
              - source_application_security_group_ids      = []
              - source_port_range                          = "*"
              - source_port_ranges                         = []
            },
          - {
              - access                                     = "Allow"
              - description                                = ""
              - destination_address_prefix                 = "*"
              - destination_address_prefixes               = []
              - destination_application_security_group_ids = []
              - destination_port_range                     = "443"
              - destination_port_ranges                    = []
              - direction                                  = "Inbound"
              - name                                       = "AllowGatewayManagerInbound"
              - priority                                   = 110
              - protocol                                   = "Tcp"
              - source_address_prefix                      = "GatewayManager"
              - source_address_prefixes                    = []
              - source_application_security_group_ids      = []
              - source_port_range                          = "*"
              - source_port_ranges                         = []
            },
          - {
              - access                                     = "Allow"
              - description                                = ""
              - destination_address_prefix                 = "*"
              - destination_address_prefixes               = []
              - destination_application_security_group_ids = []
              - destination_port_range                     = "443"
              - destination_port_ranges                    = []
              - direction                                  = "Inbound"
              - name                                       = "AllowHttpsInbound"
              - priority                                   = 100
              - protocol                                   = "Tcp"
              - source_address_prefix                      = "Internet"
              - source_address_prefixes                    = []
              - source_application_security_group_ids      = []
              - source_port_range                          = "*"
              - source_port_ranges                         = []
            },
          - {
              - access                                     = "Allow"
              - description                                = ""
              - destination_address_prefix                 = "AzureCloud"
              - destination_address_prefixes               = []
              - destination_application_security_group_ids = []
              - destination_port_range                     = "443"
              - destination_port_ranges                    = []
              - direction                                  = "Outbound"
              - name                                       = "AllowAzureCloudOutbound"
              - priority                                   = 150
              - protocol                                   = "Tcp"
              - source_address_prefix                      = "*"
              - source_address_prefixes                    = []
              - source_application_security_group_ids      = []
              - source_port_range                          = "*"
              - source_port_ranges                         = []
            },
          - {
              - access                                     = "Allow"
              - description                                = ""
              - destination_address_prefix                 = "Internet"
              - destination_address_prefixes               = []
              - destination_application_security_group_ids = []
              - destination_port_range                     = "80"
              - destination_port_ranges                    = []
              - direction                                  = "Outbound"
              - name                                       = "AllowGetSessionInformationOutbound"
              - priority                                   = 170
              - protocol                                   = "*"
              - source_address_prefix                      = "*"
              - source_address_prefixes                    = []
              - source_application_security_group_ids      = []
              - source_port_range                          = "*"
              - source_port_ranges                         = []
            },
          - {
              - access                                     = "Allow"
              - description                                = ""
              - destination_address_prefix                 = "VirtualNetwork"
              - destination_address_prefixes               = []
              - destination_application_security_group_ids = []
              - destination_port_range                     = ""
              - destination_port_ranges                    = [
                  - "22",
                  - "3389",
                ]
              - direction                                  = "Outbound"
              - name                                       = "AllowSshRdpOutbound"
              - priority                                   = 140
              - protocol                                   = "*"
              - source_address_prefix                      = "*"
              - source_address_prefixes                    = []
              - source_application_security_group_ids      = []
              - source_port_range                          = "*"
              - source_port_ranges                         = []
            },
          - {
              - access                                     = "Allow"
              - description                                = ""
              - destination_address_prefix                 = "VirtualNetwork"
              - destination_address_prefixes               = []
              - destination_application_security_group_ids = []
              - destination_port_range                     = ""
              - destination_port_ranges                    = [
                  - "5701",
                  - "8080",
                ]
              - direction                                  = "Inbound"
              - name                                       = "AllowBastionCommunicationInbound"
              - priority                                   = 130
              - protocol                                   = "*"
              - source_address_prefix                      = "VirtualNetwork"
              - source_address_prefixes                    = []
              - source_application_security_group_ids      = []
              - source_port_range                          = "*"
              - source_port_ranges                         = []
            },
          - {
              - access                                     = "Allow"
              - description                                = ""
              - destination_address_prefix                 = "VirtualNetwork"
              - destination_address_prefixes               = []
              - destination_application_security_group_ids = []
              - destination_port_range                     = ""
              - destination_port_ranges                    = [
                  - "5701",
                  - "8080",
                ]
              - direction                                  = "Outbound"
              - name                                       = "AllowBastionCommunicationOutbound"
              - priority                                   = 160
              - protocol                                   = "*"
              - source_address_prefix                      = "VirtualNetwork"
              - source_address_prefixes                    = []
              - source_application_security_group_ids      = []
              - source_port_range                          = "*"
              - source_port_ranges                         = []
            },
        ] -> (known after apply)
      - tags                = {} -> null
    }

  # module.module-01.azurerm_network_security_group.network_security_groups_m1["snet-adds-01"] must be replaced
-/+ resource "azurerm_network_security_group" "network_security_groups_m1" {
      ~ id                  = "/subscriptions/33f27ac9-52ef-43de-b518-ef0b994e7f1b/resourceGroups/RG-EastUS-terraform-3/providers/Microsoft.Network/networkSecurityGroups/nsg-vnet-shared-01.snet-adds-01" -> (known after apply)
      ~ location            = "eastus" -> "swedencentral" # forces replacement
        name                = "nsg-vnet-shared-01.snet-adds-01"
      ~ resource_group_name = "RG-EastUS-terraform-3" -> "RG-SwedenCentral-terraform-3" # forces replacement
      ~ security_rule       = [
          - {
              - access                                     = "Allow"
              - description                                = ""
              - destination_address_prefix                 = "Internet"
              - destination_address_prefixes               = []
              - destination_application_security_group_ids = []
              - destination_port_range                     = "*"
              - destination_port_ranges                    = []
              - direction                                  = "Outbound"
              - name                                       = "AllowInternetOutbound"
              - priority                                   = 120
              - protocol                                   = "*"
              - source_address_prefix                      = "*"
              - source_address_prefixes                    = []
              - source_application_security_group_ids      = []
              - source_port_range                          = "*"
              - source_port_ranges                         = []
            },
          - {
              - access                                     = "Allow"
              - description                                = ""
              - destination_address_prefix                 = "VirtualNetwork"
              - destination_address_prefixes               = []
              - destination_application_security_group_ids = []
              - destination_port_range                     = "*"
              - destination_port_ranges                    = []
              - direction                                  = "Inbound"
              - name                                       = "AllowVirtualNetworkInbound"
              - priority                                   = 100
              - protocol                                   = "*"
              - source_address_prefix                      = "VirtualNetwork"
              - source_address_prefixes                    = []
              - source_application_security_group_ids      = []
              - source_port_range                          = "*"
              - source_port_ranges                         = []
            },
          - {
              - access                                     = "Allow"
              - description                                = ""
              - destination_address_prefix                 = "VirtualNetwork"
              - destination_address_prefixes               = []
              - destination_application_security_group_ids = []
              - destination_port_range                     = "*"
              - destination_port_ranges                    = []
              - direction                                  = "Outbound"
              - name                                       = "AllowVirtualNetworkOutbound"
              - priority                                   = 110
              - protocol                                   = "*"
              - source_address_prefix                      = "VirtualNetwork"
              - source_address_prefixes                    = []
              - source_application_security_group_ids      = []
              - source_port_range                          = "*"
              - source_port_ranges                         = []
            },
        ] -> (known after apply)
      - tags                = {} -> null
    }

  # module.module-01.azurerm_network_security_group.network_security_groups_m1["snet-misc-01"] must be replaced
-/+ resource "azurerm_network_security_group" "network_security_groups_m1" {
      ~ id                  = "/subscriptions/33f27ac9-52ef-43de-b518-ef0b994e7f1b/resourceGroups/RG-EastUS-terraform-3/providers/Microsoft.Network/networkSecurityGroups/nsg-vnet-shared-01.snet-misc-01" -> (known after apply)
      ~ location            = "eastus" -> "swedencentral" # forces replacement
        name                = "nsg-vnet-shared-01.snet-misc-01"
      ~ resource_group_name = "RG-EastUS-terraform-3" -> "RG-SwedenCentral-terraform-3" # forces replacement
      ~ security_rule       = [
          - {
              - access                                     = "Allow"
              - description                                = ""
              - destination_address_prefix                 = "Internet"
              - destination_address_prefixes               = []
              - destination_application_security_group_ids = []
              - destination_port_range                     = "*"
              - destination_port_ranges                    = []
              - direction                                  = "Outbound"
              - name                                       = "AllowInternetOutbound"
              - priority                                   = 120
              - protocol                                   = "*"
              - source_address_prefix                      = "*"
              - source_address_prefixes                    = []
              - source_application_security_group_ids      = []
              - source_port_range                          = "*"
              - source_port_ranges                         = []
            },
          - {
              - access                                     = "Allow"
              - description                                = ""
              - destination_address_prefix                 = "VirtualNetwork"
              - destination_address_prefixes               = []
              - destination_application_security_group_ids = []
              - destination_port_range                     = "*"
              - destination_port_ranges                    = []
              - direction                                  = "Inbound"
              - name                                       = "AllowVirtualNetworkInbound"
              - priority                                   = 100
              - protocol                                   = "*"
              - source_address_prefix                      = "VirtualNetwork"
              - source_address_prefixes                    = []
              - source_application_security_group_ids      = []
              - source_port_range                          = "*"
              - source_port_ranges                         = []
            },
          - {
              - access                                     = "Allow"
              - description                                = ""
              - destination_address_prefix                 = "VirtualNetwork"
              - destination_address_prefixes               = []
              - destination_application_security_group_ids = []
              - destination_port_range                     = "*"
              - destination_port_ranges                    = []
              - direction                                  = "Outbound"
              - name                                       = "AllowVirtualNetworkOutbound"
              - priority                                   = 110
              - protocol                                   = "*"
              - source_address_prefix                      = "VirtualNetwork"
              - source_address_prefixes                    = []
              - source_application_security_group_ids      = []
              - source_port_range                          = "*"
              - source_port_ranges                         = []
            },
        ] -> (known after apply)
      - tags                = {} -> null
    }

  # module.module-01.azurerm_network_security_group.network_security_groups_m1["snet-misc-02"] must be replaced
-/+ resource "azurerm_network_security_group" "network_security_groups_m1" {
      ~ id                  = "/subscriptions/33f27ac9-52ef-43de-b518-ef0b994e7f1b/resourceGroups/RG-EastUS-terraform-3/providers/Microsoft.Network/networkSecurityGroups/nsg-vnet-shared-01.snet-misc-02" -> (known after apply)
      ~ location            = "eastus" -> "swedencentral" # forces replacement
        name                = "nsg-vnet-shared-01.snet-misc-02"
      ~ resource_group_name = "RG-EastUS-terraform-3" -> "RG-SwedenCentral-terraform-3" # forces replacement
      ~ security_rule       = [
          - {
              - access                                     = "Allow"
              - description                                = ""
              - destination_address_prefix                 = "Internet"
              - destination_address_prefixes               = []
              - destination_application_security_group_ids = []
              - destination_port_range                     = "*"
              - destination_port_ranges                    = []
              - direction                                  = "Outbound"
              - name                                       = "AllowInternetOutbound"
              - priority                                   = 120
              - protocol                                   = "*"
              - source_address_prefix                      = "*"
              - source_address_prefixes                    = []
              - source_application_security_group_ids      = []
              - source_port_range                          = "*"
              - source_port_ranges                         = []
            },
          - {
              - access                                     = "Allow"
              - description                                = ""
              - destination_address_prefix                 = "VirtualNetwork"
              - destination_address_prefixes               = []
              - destination_application_security_group_ids = []
              - destination_port_range                     = "*"
              - destination_port_ranges                    = []
              - direction                                  = "Inbound"
              - name                                       = "AllowVirtualNetworkInbound"
              - priority                                   = 100
              - protocol                                   = "*"
              - source_address_prefix                      = "VirtualNetwork"
              - source_address_prefixes                    = []
              - source_application_security_group_ids      = []
              - source_port_range                          = "*"
              - source_port_ranges                         = []
            },
          - {
              - access                                     = "Allow"
              - description                                = ""
              - destination_address_prefix                 = "VirtualNetwork"
              - destination_address_prefixes               = []
              - destination_application_security_group_ids = []
              - destination_port_range                     = "*"
              - destination_port_ranges                    = []
              - direction                                  = "Outbound"
              - name                                       = "AllowVirtualNetworkOutbound"
              - priority                                   = 110
              - protocol                                   = "*"
              - source_address_prefix                      = "VirtualNetwork"
              - source_address_prefixes                    = []
              - source_application_security_group_ids      = []
              - source_port_range                          = "*"
              - source_port_ranges                         = []
            },
        ] -> (known after apply)
      - tags                = {} -> null
    }

  # module.module-01.azurerm_network_security_rule.network_security_rules_m1["AzureBastionSubnet.AllowAzureCloudOutbound"] must be replaced
-/+ resource "azurerm_network_security_rule" "network_security_rules_m1" {
      - destination_address_prefixes               = [] -> null
      - destination_application_security_group_ids = [] -> null
      - destination_port_ranges                    = [] -> null
      ~ id                                         = "/subscriptions/33f27ac9-52ef-43de-b518-ef0b994e7f1b/resourceGroups/RG-EastUS-terraform-3/providers/Microsoft.Network/networkSecurityGroups/nsg-vnet-shared-01.AzureBastionSubnet/securityRules/AllowAzureCloudOutbound" -> (known after apply)
        name                                       = "AllowAzureCloudOutbound"
      ~ resource_group_name                        = "RG-EastUS-terraform-3" -> "RG-SwedenCentral-terraform-3" # forces replacement
      - source_address_prefixes                    = [] -> null
      - source_application_security_group_ids      = [] -> null
      - source_port_ranges                         = [] -> null
        # (9 unchanged attributes hidden)
    }

  # module.module-01.azurerm_network_security_rule.network_security_rules_m1["AzureBastionSubnet.AllowAzureLoadBalancerInbound"] must be replaced
-/+ resource "azurerm_network_security_rule" "network_security_rules_m1" {
      - destination_address_prefixes               = [] -> null
      - destination_application_security_group_ids = [] -> null
      - destination_port_ranges                    = [] -> null
      ~ id                                         = "/subscriptions/33f27ac9-52ef-43de-b518-ef0b994e7f1b/resourceGroups/RG-EastUS-terraform-3/providers/Microsoft.Network/networkSecurityGroups/nsg-vnet-shared-01.AzureBastionSubnet/securityRules/AllowAzureLoadBalancerInbound" -> (known after apply)
        name                                       = "AllowAzureLoadBalancerInbound"
      ~ resource_group_name                        = "RG-EastUS-terraform-3" -> "RG-SwedenCentral-terraform-3" # forces replacement
      - source_address_prefixes                    = [] -> null
      - source_application_security_group_ids      = [] -> null
      - source_port_ranges                         = [] -> null
        # (9 unchanged attributes hidden)
    }

  # module.module-01.azurerm_network_security_rule.network_security_rules_m1["AzureBastionSubnet.AllowBastionCommunicationInbound"] must be replaced
-/+ resource "azurerm_network_security_rule" "network_security_rules_m1" {
      - destination_address_prefixes               = [] -> null
      - destination_application_security_group_ids = [] -> null
      ~ id                                         = "/subscriptions/33f27ac9-52ef-43de-b518-ef0b994e7f1b/resourceGroups/RG-EastUS-terraform-3/providers/Microsoft.Network/networkSecurityGroups/nsg-vnet-shared-01.AzureBastionSubnet/securityRules/AllowBastionCommunicationInbound" -> (known after apply)
        name                                       = "AllowBastionCommunicationInbound"
      ~ resource_group_name                        = "RG-EastUS-terraform-3" -> "RG-SwedenCentral-terraform-3" # forces replacement
      - source_address_prefixes                    = [] -> null
      - source_application_security_group_ids      = [] -> null
      - source_port_ranges                         = [] -> null
        # (9 unchanged attributes hidden)
    }

  # module.module-01.azurerm_network_security_rule.network_security_rules_m1["AzureBastionSubnet.AllowBastionCommunicationOutbound"] must be replaced
-/+ resource "azurerm_network_security_rule" "network_security_rules_m1" {
      - destination_address_prefixes               = [] -> null
      - destination_application_security_group_ids = [] -> null
      ~ id                                         = "/subscriptions/33f27ac9-52ef-43de-b518-ef0b994e7f1b/resourceGroups/RG-EastUS-terraform-3/providers/Microsoft.Network/networkSecurityGroups/nsg-vnet-shared-01.AzureBastionSubnet/securityRules/AllowBastionCommunicationOutbound" -> (known after apply)
        name                                       = "AllowBastionCommunicationOutbound"
      ~ resource_group_name                        = "RG-EastUS-terraform-3" -> "RG-SwedenCentral-terraform-3" # forces replacement
      - source_address_prefixes                    = [] -> null
      - source_application_security_group_ids      = [] -> null
      - source_port_ranges                         = [] -> null
        # (9 unchanged attributes hidden)
    }

  # module.module-01.azurerm_network_security_rule.network_security_rules_m1["AzureBastionSubnet.AllowGatewayManagerInbound"] must be replaced
-/+ resource "azurerm_network_security_rule" "network_security_rules_m1" {
      - destination_address_prefixes               = [] -> null
      - destination_application_security_group_ids = [] -> null
      - destination_port_ranges                    = [] -> null
      ~ id                                         = "/subscriptions/33f27ac9-52ef-43de-b518-ef0b994e7f1b/resourceGroups/RG-EastUS-terraform-3/providers/Microsoft.Network/networkSecurityGroups/nsg-vnet-shared-01.AzureBastionSubnet/securityRules/AllowGatewayManagerInbound" -> (known after apply)
        name                                       = "AllowGatewayManagerInbound"
      ~ resource_group_name                        = "RG-EastUS-terraform-3" -> "RG-SwedenCentral-terraform-3" # forces replacement
      - source_address_prefixes                    = [] -> null
      - source_application_security_group_ids      = [] -> null
      - source_port_ranges                         = [] -> null
        # (9 unchanged attributes hidden)
    }

  # module.module-01.azurerm_network_security_rule.network_security_rules_m1["AzureBastionSubnet.AllowGetSessionInformationOutbound"] must be replaced
-/+ resource "azurerm_network_security_rule" "network_security_rules_m1" {
      - destination_address_prefixes               = [] -> null
      - destination_application_security_group_ids = [] -> null
      - destination_port_ranges                    = [] -> null
      ~ id                                         = "/subscriptions/33f27ac9-52ef-43de-b518-ef0b994e7f1b/resourceGroups/RG-EastUS-terraform-3/providers/Microsoft.Network/networkSecurityGroups/nsg-vnet-shared-01.AzureBastionSubnet/securityRules/AllowGetSessionInformationOutbound" -> (known after apply)
        name                                       = "AllowGetSessionInformationOutbound"
      ~ resource_group_name                        = "RG-EastUS-terraform-3" -> "RG-SwedenCentral-terraform-3" # forces replacement
      - source_address_prefixes                    = [] -> null
      - source_application_security_group_ids      = [] -> null
      - source_port_ranges                         = [] -> null
        # (9 unchanged attributes hidden)
    }

  # module.module-01.azurerm_network_security_rule.network_security_rules_m1["AzureBastionSubnet.AllowHttpsInbound"] must be replaced
-/+ resource "azurerm_network_security_rule" "network_security_rules_m1" {
      - destination_address_prefixes               = [] -> null
      - destination_application_security_group_ids = [] -> null
      - destination_port_ranges                    = [] -> null
      ~ id                                         = "/subscriptions/33f27ac9-52ef-43de-b518-ef0b994e7f1b/resourceGroups/RG-EastUS-terraform-3/providers/Microsoft.Network/networkSecurityGroups/nsg-vnet-shared-01.AzureBastionSubnet/securityRules/AllowHttpsInbound" -> (known after apply)
        name                                       = "AllowHttpsInbound"
      ~ resource_group_name                        = "RG-EastUS-terraform-3" -> "RG-SwedenCentral-terraform-3" # forces replacement
      - source_address_prefixes                    = [] -> null
      - source_application_security_group_ids      = [] -> null
      - source_port_ranges                         = [] -> null
        # (9 unchanged attributes hidden)
    }

  # module.module-01.azurerm_network_security_rule.network_security_rules_m1["AzureBastionSubnet.AllowSshRdpOutbound"] must be replaced
-/+ resource "azurerm_network_security_rule" "network_security_rules_m1" {
      - destination_address_prefixes               = [] -> null
      - destination_application_security_group_ids = [] -> null
      ~ id                                         = "/subscriptions/33f27ac9-52ef-43de-b518-ef0b994e7f1b/resourceGroups/RG-EastUS-terraform-3/providers/Microsoft.Network/networkSecurityGroups/nsg-vnet-shared-01.AzureBastionSubnet/securityRules/AllowSshRdpOutbound" -> (known after apply)
        name                                       = "AllowSshRdpOutbound"
      ~ resource_group_name                        = "RG-EastUS-terraform-3" -> "RG-SwedenCentral-terraform-3" # forces replacement
      - source_address_prefixes                    = [] -> null
      - source_application_security_group_ids      = [] -> null
      - source_port_ranges                         = [] -> null
        # (9 unchanged attributes hidden)
    }

  # module.module-01.azurerm_network_security_rule.network_security_rules_m1["snet-adds-01.AllowInternetOutbound"] must be replaced
-/+ resource "azurerm_network_security_rule" "network_security_rules_m1" {
      - destination_address_prefixes               = [] -> null
      - destination_application_security_group_ids = [] -> null
      - destination_port_ranges                    = [] -> null
      ~ id                                         = "/subscriptions/33f27ac9-52ef-43de-b518-ef0b994e7f1b/resourceGroups/RG-EastUS-terraform-3/providers/Microsoft.Network/networkSecurityGroups/nsg-vnet-shared-01.snet-adds-01/securityRules/AllowInternetOutbound" -> (known after apply)
        name                                       = "AllowInternetOutbound"
      ~ resource_group_name                        = "RG-EastUS-terraform-3" -> "RG-SwedenCentral-terraform-3" # forces replacement
      - source_address_prefixes                    = [] -> null
      - source_application_security_group_ids      = [] -> null
      - source_port_ranges                         = [] -> null
        # (9 unchanged attributes hidden)
    }

  # module.module-01.azurerm_network_security_rule.network_security_rules_m1["snet-adds-01.AllowVirtualNetworkInbound"] must be replaced
-/+ resource "azurerm_network_security_rule" "network_security_rules_m1" {
      - destination_address_prefixes               = [] -> null
      - destination_application_security_group_ids = [] -> null
      - destination_port_ranges                    = [] -> null
      ~ id                                         = "/subscriptions/33f27ac9-52ef-43de-b518-ef0b994e7f1b/resourceGroups/RG-EastUS-terraform-3/providers/Microsoft.Network/networkSecurityGroups/nsg-vnet-shared-01.snet-adds-01/securityRules/AllowVirtualNetworkInbound" -> (known after apply)
        name                                       = "AllowVirtualNetworkInbound"
      ~ resource_group_name                        = "RG-EastUS-terraform-3" -> "RG-SwedenCentral-terraform-3" # forces replacement
      - source_address_prefixes                    = [] -> null
      - source_application_security_group_ids      = [] -> null
      - source_port_ranges                         = [] -> null
        # (9 unchanged attributes hidden)
    }

  # module.module-01.azurerm_network_security_rule.network_security_rules_m1["snet-adds-01.AllowVirtualNetworkOutbound"] must be replaced
-/+ resource "azurerm_network_security_rule" "network_security_rules_m1" {
      - destination_address_prefixes               = [] -> null
      - destination_application_security_group_ids = [] -> null
      - destination_port_ranges                    = [] -> null
      ~ id                                         = "/subscriptions/33f27ac9-52ef-43de-b518-ef0b994e7f1b/resourceGroups/RG-EastUS-terraform-3/providers/Microsoft.Network/networkSecurityGroups/nsg-vnet-shared-01.snet-adds-01/securityRules/AllowVirtualNetworkOutbound" -> (known after apply)
        name                                       = "AllowVirtualNetworkOutbound"
      ~ resource_group_name                        = "RG-EastUS-terraform-3" -> "RG-SwedenCentral-terraform-3" # forces replacement
      - source_address_prefixes                    = [] -> null
      - source_application_security_group_ids      = [] -> null
      - source_port_ranges                         = [] -> null
        # (9 unchanged attributes hidden)
    }

  # module.module-01.azurerm_network_security_rule.network_security_rules_m1["snet-misc-01.AllowInternetOutbound"] must be replaced
-/+ resource "azurerm_network_security_rule" "network_security_rules_m1" {
      - destination_address_prefixes               = [] -> null
      - destination_application_security_group_ids = [] -> null
      - destination_port_ranges                    = [] -> null
      ~ id                                         = "/subscriptions/33f27ac9-52ef-43de-b518-ef0b994e7f1b/resourceGroups/RG-EastUS-terraform-3/providers/Microsoft.Network/networkSecurityGroups/nsg-vnet-shared-01.snet-misc-01/securityRules/AllowInternetOutbound" -> (known after apply)
        name                                       = "AllowInternetOutbound"
      ~ resource_group_name                        = "RG-EastUS-terraform-3" -> "RG-SwedenCentral-terraform-3" # forces replacement
      - source_address_prefixes                    = [] -> null
      - source_application_security_group_ids      = [] -> null
      - source_port_ranges                         = [] -> null
        # (9 unchanged attributes hidden)
    }

  # module.module-01.azurerm_network_security_rule.network_security_rules_m1["snet-misc-01.AllowVirtualNetworkInbound"] must be replaced
-/+ resource "azurerm_network_security_rule" "network_security_rules_m1" {
      - destination_address_prefixes               = [] -> null
      - destination_application_security_group_ids = [] -> null
      - destination_port_ranges                    = [] -> null
      ~ id                                         = "/subscriptions/33f27ac9-52ef-43de-b518-ef0b994e7f1b/resourceGroups/RG-EastUS-terraform-3/providers/Microsoft.Network/networkSecurityGroups/nsg-vnet-shared-01.snet-misc-01/securityRules/AllowVirtualNetworkInbound" -> (known after apply)
        name                                       = "AllowVirtualNetworkInbound"
      ~ resource_group_name                        = "RG-EastUS-terraform-3" -> "RG-SwedenCentral-terraform-3" # forces replacement
      - source_address_prefixes                    = [] -> null
      - source_application_security_group_ids      = [] -> null
      - source_port_ranges                         = [] -> null
        # (9 unchanged attributes hidden)
    }

  # module.module-01.azurerm_network_security_rule.network_security_rules_m1["snet-misc-01.AllowVirtualNetworkOutbound"] must be replaced
-/+ resource "azurerm_network_security_rule" "network_security_rules_m1" {
      - destination_address_prefixes               = [] -> null
      - destination_application_security_group_ids = [] -> null
      - destination_port_ranges                    = [] -> null
      ~ id                                         = "/subscriptions/33f27ac9-52ef-43de-b518-ef0b994e7f1b/resourceGroups/RG-EastUS-terraform-3/providers/Microsoft.Network/networkSecurityGroups/nsg-vnet-shared-01.snet-misc-01/securityRules/AllowVirtualNetworkOutbound" -> (known after apply)
        name                                       = "AllowVirtualNetworkOutbound"
      ~ resource_group_name                        = "RG-EastUS-terraform-3" -> "RG-SwedenCentral-terraform-3" # forces replacement
      - source_address_prefixes                    = [] -> null
      - source_application_security_group_ids      = [] -> null
      - source_port_ranges                         = [] -> null
        # (9 unchanged attributes hidden)
    }

  # module.module-01.azurerm_network_security_rule.network_security_rules_m1["snet-misc-02.AllowInternetOutbound"] must be replaced
-/+ resource "azurerm_network_security_rule" "network_security_rules_m1" {
      - destination_address_prefixes               = [] -> null
      - destination_application_security_group_ids = [] -> null
      - destination_port_ranges                    = [] -> null
      ~ id                                         = "/subscriptions/33f27ac9-52ef-43de-b518-ef0b994e7f1b/resourceGroups/RG-EastUS-terraform-3/providers/Microsoft.Network/networkSecurityGroups/nsg-vnet-shared-01.snet-misc-02/securityRules/AllowInternetOutbound" -> (known after apply)
        name                                       = "AllowInternetOutbound"
      ~ resource_group_name                        = "RG-EastUS-terraform-3" -> "RG-SwedenCentral-terraform-3" # forces replacement
      - source_address_prefixes                    = [] -> null
      - source_application_security_group_ids      = [] -> null
      - source_port_ranges                         = [] -> null
        # (9 unchanged attributes hidden)
    }

  # module.module-01.azurerm_network_security_rule.network_security_rules_m1["snet-misc-02.AllowVirtualNetworkInbound"] must be replaced
-/+ resource "azurerm_network_security_rule" "network_security_rules_m1" {
      - destination_address_prefixes               = [] -> null
      - destination_application_security_group_ids = [] -> null
      - destination_port_ranges                    = [] -> null
      ~ id                                         = "/subscriptions/33f27ac9-52ef-43de-b518-ef0b994e7f1b/resourceGroups/RG-EastUS-terraform-3/providers/Microsoft.Network/networkSecurityGroups/nsg-vnet-shared-01.snet-misc-02/securityRules/AllowVirtualNetworkInbound" -> (known after apply)
        name                                       = "AllowVirtualNetworkInbound"
      ~ resource_group_name                        = "RG-EastUS-terraform-3" -> "RG-SwedenCentral-terraform-3" # forces replacement
      - source_address_prefixes                    = [] -> null
      - source_application_security_group_ids      = [] -> null
      - source_port_ranges                         = [] -> null
        # (9 unchanged attributes hidden)
    }

  # module.module-01.azurerm_network_security_rule.network_security_rules_m1["snet-misc-02.AllowVirtualNetworkOutbound"] must be replaced
-/+ resource "azurerm_network_security_rule" "network_security_rules_m1" {
      - destination_address_prefixes               = [] -> null
      - destination_application_security_group_ids = [] -> null
      - destination_port_ranges                    = [] -> null
      ~ id                                         = "/subscriptions/33f27ac9-52ef-43de-b518-ef0b994e7f1b/resourceGroups/RG-EastUS-terraform-3/providers/Microsoft.Network/networkSecurityGroups/nsg-vnet-shared-01.snet-misc-02/securityRules/AllowVirtualNetworkOutbound" -> (known after apply)
        name                                       = "AllowVirtualNetworkOutbound"
      ~ resource_group_name                        = "RG-EastUS-terraform-3" -> "RG-SwedenCentral-terraform-3" # forces replacement
      - source_address_prefixes                    = [] -> null
      - source_application_security_group_ids      = [] -> null
      - source_port_ranges                         = [] -> null
        # (9 unchanged attributes hidden)
    }

  # module.module-01.azurerm_public_ip.bastion_host_01 must be replaced
-/+ resource "azurerm_public_ip" "bastion_host_01" {
      + fqdn                    = (known after apply)
      ~ id                      = "/subscriptions/33f27ac9-52ef-43de-b518-ef0b994e7f1b/resourceGroups/RG-EastUS-terraform-3/providers/Microsoft.Network/publicIPAddresses/pip-bst-terraform-01" -> (known after apply)
      ~ ip_address              = "52.234.220.78" -> (known after apply)
      - ip_tags                 = {} -> null
      ~ location                = "eastus" -> "swedencentral" # forces replacement
        name                    = "pip-bst-terraform-01"
      ~ resource_group_name     = "RG-EastUS-terraform-3" -> "RG-SwedenCentral-terraform-3" # forces replacement
      - tags                    = {} -> null
      - zones                   = [] -> null
        # (6 unchanged attributes hidden)
    }

  # module.module-01.azurerm_storage_account.st must be replaced
-/+ resource "azurerm_storage_account" "st" {
      ~ access_tier                        = "Hot" -> (known after apply)
      ~ id                                 = "/subscriptions/33f27ac9-52ef-43de-b518-ef0b994e7f1b/resourceGroups/RG-EastUS-terraform-3/providers/Microsoft.Storage/storageAccounts/stkfgddidyzldwoalo" -> (known after apply)
      + large_file_share_enabled           = (known after apply)
      ~ location                           = "eastus" -> "swedencentral" # forces replacement
        name                               = "stkfgddidyzldwoalo"
      ~ primary_access_key                 = (sensitive value)
      ~ primary_blob_connection_string     = (sensitive value)
      ~ primary_blob_endpoint              = "https://stkfgddidyzldwoalo.blob.core.windows.net/" -> (known after apply)
      ~ primary_blob_host                  = "stkfgddidyzldwoalo.blob.core.windows.net" -> (known after apply)
      + primary_blob_internet_endpoint     = (known after apply)
      + primary_blob_internet_host         = (known after apply)
      + primary_blob_microsoft_endpoint    = (known after apply)
      + primary_blob_microsoft_host        = (known after apply)
      ~ primary_connection_string          = (sensitive value)
      ~ primary_dfs_endpoint               = "https://stkfgddidyzldwoalo.dfs.core.windows.net/" -> (known after apply)
      ~ primary_dfs_host                   = "stkfgddidyzldwoalo.dfs.core.windows.net" -> (known after apply)
      + primary_dfs_internet_endpoint      = (known after apply)
      + primary_dfs_internet_host          = (known after apply)
      + primary_dfs_microsoft_endpoint     = (known after apply)
      + primary_dfs_microsoft_host         = (known after apply)
      ~ primary_file_endpoint              = "https://stkfgddidyzldwoalo.file.core.windows.net/" -> (known after apply)
      ~ primary_file_host                  = "stkfgddidyzldwoalo.file.core.windows.net" -> (known after apply)
      + primary_file_internet_endpoint     = (known after apply)
      + primary_file_internet_host         = (known after apply)
      + primary_file_microsoft_endpoint    = (known after apply)
      + primary_file_microsoft_host        = (known after apply)
      ~ primary_location                   = "eastus" -> (known after apply)
      ~ primary_queue_endpoint             = "https://stkfgddidyzldwoalo.queue.core.windows.net/" -> (known after apply)
      ~ primary_queue_host                 = "stkfgddidyzldwoalo.queue.core.windows.net" -> (known after apply)
      + primary_queue_microsoft_endpoint   = (known after apply)
      + primary_queue_microsoft_host       = (known after apply)
      ~ primary_table_endpoint             = "https://stkfgddidyzldwoalo.table.core.windows.net/" -> (known after apply)
      ~ primary_table_host                 = "stkfgddidyzldwoalo.table.core.windows.net" -> (known after apply)
      + primary_table_microsoft_endpoint   = (known after apply)
      + primary_table_microsoft_host       = (known after apply)
      ~ primary_web_endpoint               = "https://stkfgddidyzldwoalo.z13.web.core.windows.net/" -> (known after apply)
      ~ primary_web_host                   = "stkfgddidyzldwoalo.z13.web.core.windows.net" -> (known after apply)
      + primary_web_internet_endpoint      = (known after apply)
      + primary_web_internet_host          = (known after apply)
      + primary_web_microsoft_endpoint     = (known after apply)
      + primary_web_microsoft_host         = (known after apply)
      ~ resource_group_name                = "RG-EastUS-terraform-3" -> "RG-SwedenCentral-terraform-3" # forces replacement
      ~ secondary_access_key               = (sensitive value)
      + secondary_blob_connection_string   = (sensitive value)
      + secondary_blob_endpoint            = (known after apply)
      + secondary_blob_host                = (known after apply)
      + secondary_blob_internet_endpoint   = (known after apply)
      + secondary_blob_internet_host       = (known after apply)
      + secondary_blob_microsoft_endpoint  = (known after apply)
      + secondary_blob_microsoft_host      = (known after apply)
      ~ secondary_connection_string        = (sensitive value)
      + secondary_dfs_endpoint             = (known after apply)
      + secondary_dfs_host                 = (known after apply)
      + secondary_dfs_internet_endpoint    = (known after apply)
      + secondary_dfs_internet_host        = (known after apply)
      + secondary_dfs_microsoft_endpoint   = (known after apply)
      + secondary_dfs_microsoft_host       = (known after apply)
      + secondary_file_endpoint            = (known after apply)
      + secondary_file_host                = (known after apply)
      + secondary_file_internet_endpoint   = (known after apply)
      + secondary_file_internet_host       = (known after apply)
      + secondary_file_microsoft_endpoint  = (known after apply)
      + secondary_file_microsoft_host      = (known after apply)
      + secondary_location                 = (known after apply)
      + secondary_queue_endpoint           = (known after apply)
      + secondary_queue_host               = (known after apply)
      + secondary_queue_microsoft_endpoint = (known after apply)
      + secondary_queue_microsoft_host     = (known after apply)
      + secondary_table_endpoint           = (known after apply)
      + secondary_table_host               = (known after apply)
      + secondary_table_microsoft_endpoint = (known after apply)
      + secondary_table_microsoft_host     = (known after apply)
      + secondary_web_endpoint             = (known after apply)
      + secondary_web_host                 = (known after apply)
      + secondary_web_internet_endpoint    = (known after apply)
      + secondary_web_internet_host        = (known after apply)
      + secondary_web_microsoft_endpoint   = (known after apply)
      + secondary_web_microsoft_host       = (known after apply)
      - tags                               = {} -> null
        # (17 unchanged attributes hidden)

      - blob_properties {
          - change_feed_enabled           = false -> null
          - change_feed_retention_in_days = 0 -> null
          - last_access_time_enabled      = false -> null
          - versioning_enabled            = false -> null
        }

      - network_rules {
          - bypass                     = [
              - "AzureServices",
            ] -> null
          - default_action             = "Allow" -> null
          - ip_rules                   = [] -> null
          - virtual_network_subnet_ids = [] -> null
        }

      - queue_properties {
          - hour_metrics {
              - enabled               = true -> null
              - include_apis          = true -> null
              - retention_policy_days = 7 -> null
              - version               = "1.0" -> null
            }
          - logging {
              - delete                = false -> null
              - read                  = false -> null
              - retention_policy_days = 0 -> null
              - version               = "1.0" -> null
              - write                 = false -> null
            }
          - minute_metrics {
              - enabled               = false -> null
              - include_apis          = false -> null
              - retention_policy_days = 0 -> null
              - version               = "1.0" -> null
            }
        }

      - share_properties {
          - retention_policy {
              - days = 7 -> null
            }
        }
    }

  # module.module-01.azurerm_subnet.vnet_shared_01_subnets["AzureBastionSubnet"] must be replaced
-/+ resource "azurerm_subnet" "vnet_shared_01_subnets" {
      ~ enforce_private_link_endpoint_network_policies = true -> (known after apply)
      ~ enforce_private_link_service_network_policies  = false -> (known after apply)
      ~ id                                             = "/subscriptions/33f27ac9-52ef-43de-b518-ef0b994e7f1b/resourceGroups/RG-EastUS-terraform-3/providers/Microsoft.Network/virtualNetworks/vnet-shared-01/subnets/AzureBastionSubnet" -> (known after apply)
        name                                           = "AzureBastionSubnet"
      ~ private_link_service_network_policies_enabled  = true -> (known after apply)
      ~ resource_group_name                            = "RG-EastUS-terraform-3" -> "RG-SwedenCentral-terraform-3" # forces replacement
      - service_endpoint_policy_ids                    = [] -> null
      - service_endpoints                              = [] -> null
        # (3 unchanged attributes hidden)
    }

  # module.module-01.azurerm_subnet.vnet_shared_01_subnets["snet-adds-01"] must be replaced
-/+ resource "azurerm_subnet" "vnet_shared_01_subnets" {
      ~ enforce_private_link_endpoint_network_policies = true -> (known after apply)
      ~ enforce_private_link_service_network_policies  = false -> (known after apply)
      ~ id                                             = "/subscriptions/33f27ac9-52ef-43de-b518-ef0b994e7f1b/resourceGroups/RG-EastUS-terraform-3/providers/Microsoft.Network/virtualNetworks/vnet-shared-01/subnets/snet-adds-01" -> (known after apply)
        name                                           = "snet-adds-01"
      ~ private_link_service_network_policies_enabled  = true -> (known after apply)
      ~ resource_group_name                            = "RG-EastUS-terraform-3" -> "RG-SwedenCentral-terraform-3" # forces replacement
      - service_endpoint_policy_ids                    = [] -> null
      - service_endpoints                              = [] -> null
        # (3 unchanged attributes hidden)
    }

  # module.module-01.azurerm_subnet.vnet_shared_01_subnets["snet-misc-01"] must be replaced
-/+ resource "azurerm_subnet" "vnet_shared_01_subnets" {
      ~ enforce_private_link_endpoint_network_policies = true -> (known after apply)
      ~ enforce_private_link_service_network_policies  = false -> (known after apply)
      ~ id                                             = "/subscriptions/33f27ac9-52ef-43de-b518-ef0b994e7f1b/resourceGroups/RG-EastUS-terraform-3/providers/Microsoft.Network/virtualNetworks/vnet-shared-01/subnets/snet-misc-01" -> (known after apply)
        name                                           = "snet-misc-01"
      ~ private_link_service_network_policies_enabled  = true -> (known after apply)
      ~ resource_group_name                            = "RG-EastUS-terraform-3" -> "RG-SwedenCentral-terraform-3" # forces replacement
      - service_endpoint_policy_ids                    = [] -> null
      - service_endpoints                              = [] -> null
        # (3 unchanged attributes hidden)
    }

  # module.module-01.azurerm_subnet.vnet_shared_01_subnets["snet-misc-02"] must be replaced
-/+ resource "azurerm_subnet" "vnet_shared_01_subnets" {
      ~ enforce_private_link_endpoint_network_policies = true -> (known after apply)
      ~ enforce_private_link_service_network_policies  = false -> (known after apply)
      ~ id                                             = "/subscriptions/33f27ac9-52ef-43de-b518-ef0b994e7f1b/resourceGroups/RG-EastUS-terraform-3/providers/Microsoft.Network/virtualNetworks/vnet-shared-01/subnets/snet-misc-02" -> (known after apply)
        name                                           = "snet-misc-02"
      ~ private_link_service_network_policies_enabled  = true -> (known after apply)
      ~ resource_group_name                            = "RG-EastUS-terraform-3" -> "RG-SwedenCentral-terraform-3" # forces replacement
      - service_endpoint_policy_ids                    = [] -> null
      - service_endpoints                              = [] -> null
        # (3 unchanged attributes hidden)
    }

  # module.module-01.azurerm_subnet_network_security_group_association.nsg_subnet_associations_m1["AzureBastionSubnet"] must be replaced
-/+ resource "azurerm_subnet_network_security_group_association" "nsg_subnet_associations_m1" {
      ~ id                        = "/subscriptions/33f27ac9-52ef-43de-b518-ef0b994e7f1b/resourceGroups/RG-EastUS-terraform-3/providers/Microsoft.Network/virtualNetworks/vnet-shared-01/subnets/AzureBastionSubnet" -> (known after apply)
      ~ network_security_group_id = "/subscriptions/33f27ac9-52ef-43de-b518-ef0b994e7f1b/resourceGroups/RG-EastUS-terraform-3/providers/Microsoft.Network/networkSecurityGroups/nsg-vnet-shared-01.AzureBastionSubnet" # forces replacement -> (known after apply) # forces replacement
      ~ subnet_id                 = "/subscriptions/33f27ac9-52ef-43de-b518-ef0b994e7f1b/resourceGroups/RG-EastUS-terraform-3/providers/Microsoft.Network/virtualNetworks/vnet-shared-01/subnets/AzureBastionSubnet" # forces replacement -> (known after apply) # forces replacement
    }

  # module.module-01.azurerm_subnet_network_security_group_association.nsg_subnet_associations_m1["snet-adds-01"] must be replaced
-/+ resource "azurerm_subnet_network_security_group_association" "nsg_subnet_associations_m1" {
      ~ id                        = "/subscriptions/33f27ac9-52ef-43de-b518-ef0b994e7f1b/resourceGroups/RG-EastUS-terraform-3/providers/Microsoft.Network/virtualNetworks/vnet-shared-01/subnets/snet-adds-01" -> (known after apply)
      ~ network_security_group_id = "/subscriptions/33f27ac9-52ef-43de-b518-ef0b994e7f1b/resourceGroups/RG-EastUS-terraform-3/providers/Microsoft.Network/networkSecurityGroups/nsg-vnet-shared-01.snet-adds-01" # forces replacement -> (known after apply) # forces replacement
      ~ subnet_id                 = "/subscriptions/33f27ac9-52ef-43de-b518-ef0b994e7f1b/resourceGroups/RG-EastUS-terraform-3/providers/Microsoft.Network/virtualNetworks/vnet-shared-01/subnets/snet-adds-01" # forces replacement -> (known after apply) # forces replacement
    }

  # module.module-01.azurerm_subnet_network_security_group_association.nsg_subnet_associations_m1["snet-misc-01"] must be replaced
-/+ resource "azurerm_subnet_network_security_group_association" "nsg_subnet_associations_m1" {
      ~ id                        = "/subscriptions/33f27ac9-52ef-43de-b518-ef0b994e7f1b/resourceGroups/RG-EastUS-terraform-3/providers/Microsoft.Network/virtualNetworks/vnet-shared-01/subnets/snet-misc-01" -> (known after apply)
      ~ network_security_group_id = "/subscriptions/33f27ac9-52ef-43de-b518-ef0b994e7f1b/resourceGroups/RG-EastUS-terraform-3/providers/Microsoft.Network/networkSecurityGroups/nsg-vnet-shared-01.snet-misc-01" # forces replacement -> (known after apply) # forces replacement
      ~ subnet_id                 = "/subscriptions/33f27ac9-52ef-43de-b518-ef0b994e7f1b/resourceGroups/RG-EastUS-terraform-3/providers/Microsoft.Network/virtualNetworks/vnet-shared-01/subnets/snet-misc-01" # forces replacement -> (known after apply) # forces replacement
    }

  # module.module-01.azurerm_subnet_network_security_group_association.nsg_subnet_associations_m1["snet-misc-02"] must be replaced
-/+ resource "azurerm_subnet_network_security_group_association" "nsg_subnet_associations_m1" {
      ~ id                        = "/subscriptions/33f27ac9-52ef-43de-b518-ef0b994e7f1b/resourceGroups/RG-EastUS-terraform-3/providers/Microsoft.Network/virtualNetworks/vnet-shared-01/subnets/snet-misc-02" -> (known after apply)
      ~ network_security_group_id = "/subscriptions/33f27ac9-52ef-43de-b518-ef0b994e7f1b/resourceGroups/RG-EastUS-terraform-3/providers/Microsoft.Network/networkSecurityGroups/nsg-vnet-shared-01.snet-misc-02" # forces replacement -> (known after apply) # forces replacement
      ~ subnet_id                 = "/subscriptions/33f27ac9-52ef-43de-b518-ef0b994e7f1b/resourceGroups/RG-EastUS-terraform-3/providers/Microsoft.Network/virtualNetworks/vnet-shared-01/subnets/snet-misc-02" # forces replacement -> (known after apply) # forces replacement
    }

  # module.module-01.azurerm_virtual_network.vnet_shared_01 must be replaced
-/+ resource "azurerm_virtual_network" "vnet_shared_01" {
      - flow_timeout_in_minutes = 0 -> null
      ~ guid                    = "e20796ca-41ba-4a3e-8191-77631fdb4ab9" -> (known after apply)
      ~ id                      = "/subscriptions/33f27ac9-52ef-43de-b518-ef0b994e7f1b/resourceGroups/RG-EastUS-terraform-3/providers/Microsoft.Network/virtualNetworks/vnet-shared-01" -> (known after apply)
      ~ location                = "eastus" -> "swedencentral" # forces replacement
        name                    = "vnet-shared-01"
      ~ resource_group_name     = "RG-EastUS-terraform-3" -> "RG-SwedenCentral-terraform-3" # forces replacement
      ~ subnet                  = [
          - {
              - address_prefix = "10.1.0.0/27"
              - id             = "/subscriptions/33f27ac9-52ef-43de-b518-ef0b994e7f1b/resourceGroups/RG-EastUS-terraform-3/providers/Microsoft.Network/virtualNetworks/vnet-shared-01/subnets/AzureBastionSubnet"
              - name           = "AzureBastionSubnet"
              - security_group = "/subscriptions/33f27ac9-52ef-43de-b518-ef0b994e7f1b/resourceGroups/RG-EastUS-terraform-3/providers/Microsoft.Network/networkSecurityGroups/nsg-vnet-shared-01.AzureBastionSubnet"
            },
          - {
              - address_prefix = "10.1.1.0/24"
              - id             = "/subscriptions/33f27ac9-52ef-43de-b518-ef0b994e7f1b/resourceGroups/RG-EastUS-terraform-3/providers/Microsoft.Network/virtualNetworks/vnet-shared-01/subnets/snet-adds-01"
              - name           = "snet-adds-01"
              - security_group = "/subscriptions/33f27ac9-52ef-43de-b518-ef0b994e7f1b/resourceGroups/RG-EastUS-terraform-3/providers/Microsoft.Network/networkSecurityGroups/nsg-vnet-shared-01.snet-adds-01"
            },
          - {
              - address_prefix = "10.1.2.0/27"
              - id             = "/subscriptions/33f27ac9-52ef-43de-b518-ef0b994e7f1b/resourceGroups/RG-EastUS-terraform-3/providers/Microsoft.Network/virtualNetworks/vnet-shared-01/subnets/snet-misc-01"
              - name           = "snet-misc-01"
              - security_group = "/subscriptions/33f27ac9-52ef-43de-b518-ef0b994e7f1b/resourceGroups/RG-EastUS-terraform-3/providers/Microsoft.Network/networkSecurityGroups/nsg-vnet-shared-01.snet-misc-01"
            },
          - {
              - address_prefix = "10.1.3.0/27"
              - id             = "/subscriptions/33f27ac9-52ef-43de-b518-ef0b994e7f1b/resourceGroups/RG-EastUS-terraform-3/providers/Microsoft.Network/virtualNetworks/vnet-shared-01/subnets/snet-misc-02"
              - name           = "snet-misc-02"
              - security_group = "/subscriptions/33f27ac9-52ef-43de-b518-ef0b994e7f1b/resourceGroups/RG-EastUS-terraform-3/providers/Microsoft.Network/networkSecurityGroups/nsg-vnet-shared-01.snet-misc-02"
            },
        ] -> (known after apply)
      - tags                    = {} -> null
        # (2 unchanged attributes hidden)
    }

Plan: 40 to add, 0 to change, 40 to destroy.
╷
│ Error: "admin_password" has to fulfill 3 out of these 4 conditions: Has lower characters, Has upper characters, Has a digit, Has a special character other than "_", fullfiled only 2 conditions
│ 
│   with module.module-01.azurerm_windows_virtual_machine.vm_adds,
│   on modules/module-01/module-01.tf line 202, in resource "azurerm_windows_virtual_machine" "vm_adds":
│  202:   admin_password           = azurerm_key_vault_secret.adminpassword.value
│ 
╵
