Starting provisioning process

Terraform used the selected providers to generate the following execution
plan. Resource actions are indicated with the following symbols:
  + create

Terraform will perform the following actions:

  # module.module-01.azurerm_bastion_host.bastion_host_01 will be created
  + resource "azurerm_bastion_host" "bastion_host_01" {
      + copy_paste_enabled     = true
      + dns_name               = (known after apply)
      + file_copy_enabled      = false
      + id                     = (known after apply)
      + ip_connect_enabled     = false
      + location               = "swedencentral"
      + name                   = "bst-terraform-01"
      + resource_group_name    = "RG-SwedenCentral-terraform-3"
      + scale_units            = 2
      + shareable_link_enabled = false
      + sku                    = "Basic"
      + tunneling_enabled      = false

      + ip_configuration {
          + name                 = "ipc-bst-terraform-01"
          + public_ip_address_id = (known after apply)
          + subnet_id            = (known after apply)
        }
    }

  # module.module-01.azurerm_key_vault.kv will be created
  + resource "azurerm_key_vault" "kv" {
      + access_policy                 = [
          + {
              + object_id          = "d007f379-1e9f-4e5a-8758-5a424f73c1f5"
              + secret_permissions = [
                  + "Get",
                  + "List",
                  + "Set",
                  + "Delete",
                  + "Purge",
                ]
              + tenant_id          = "0d0b34fb-8aab-495b-9b5e-b511560eeaab"
            },
          + {
              + object_id          = "385d2034-9ca3-4b02-99ca-5edc4654f183"
              + secret_permissions = [
                  + "Get",
                  + "Set",
                  + "Delete",
                  + "Purge",
                ]
              + tenant_id          = "0d0b34fb-8aab-495b-9b5e-b511560eeaab"
            },
        ]
      + enable_rbac_authorization     = false
      + id                            = (known after apply)
      + location                      = "swedencentral"
      + name                          = (known after apply)
      + public_network_access_enabled = true
      + purge_protection_enabled      = false
      + resource_group_name           = "RG-SwedenCentral-terraform-3"
      + sku_name                      = "standard"
      + soft_delete_retention_days    = 7
      + tenant_id                     = "0d0b34fb-8aab-495b-9b5e-b511560eeaab"
      + vault_uri                     = (known after apply)
    }

  # module.module-01.azurerm_key_vault_secret.adminpassword will be created
  + resource "azurerm_key_vault_secret" "adminpassword" {
      + id                      = (known after apply)
      + key_vault_id            = (known after apply)
      + name                    = "adminpassword"
      + resource_id             = (known after apply)
      + resource_versionless_id = (known after apply)
      + value                   = (sensitive value)
      + version                 = (known after apply)
      + versionless_id          = (known after apply)
    }

  # module.module-01.azurerm_key_vault_secret.adminuser will be created
  + resource "azurerm_key_vault_secret" "adminuser" {
      + id                      = (known after apply)
      + key_vault_id            = (known after apply)
      + name                    = "adminuser"
      + resource_id             = (known after apply)
      + resource_versionless_id = (known after apply)
      + value                   = (sensitive value)
      + version                 = (known after apply)
      + versionless_id          = (known after apply)
    }

  # module.module-01.azurerm_key_vault_secret.log_analytics_workspace_01_primary_shared_key will be created
  + resource "azurerm_key_vault_secret" "log_analytics_workspace_01_primary_shared_key" {
      + id                      = (known after apply)
      + key_vault_id            = (known after apply)
      + name                    = (known after apply)
      + resource_id             = (known after apply)
      + resource_versionless_id = (known after apply)
      + value                   = (sensitive value)
      + version                 = (known after apply)
      + versionless_id          = (known after apply)
    }

  # module.module-01.azurerm_key_vault_secret.storage_account_access_key will be created
  + resource "azurerm_key_vault_secret" "storage_account_access_key" {
      + id                      = (known after apply)
      + key_vault_id            = (known after apply)
      + name                    = (known after apply)
      + resource_id             = (known after apply)
      + resource_versionless_id = (known after apply)
      + value                   = (sensitive value)
      + version                 = (known after apply)
      + versionless_id          = (known after apply)
    }

  # module.module-01.azurerm_log_analytics_workspace.log_analytics_workspace_01 will be created
  + resource "azurerm_log_analytics_workspace" "log_analytics_workspace_01" {
      + allow_resource_only_permissions = true
      + daily_quota_gb                  = -1
      + id                              = (known after apply)
      + internet_ingestion_enabled      = true
      + internet_query_enabled          = true
      + local_authentication_disabled   = false
      + location                        = "swedencentral"
      + name                            = "log-shared-terraform-01"
      + primary_shared_key              = (sensitive value)
      + resource_group_name             = "RG-SwedenCentral-terraform-3"
      + retention_in_days               = 30
      + secondary_shared_key            = (sensitive value)
      + sku                             = "PerGB2018"
      + workspace_id                    = (known after apply)
    }

  # module.module-01.azurerm_network_interface.vm_adds_nic_01 will be created
  + resource "azurerm_network_interface" "vm_adds_nic_01" {
      + applied_dns_servers           = (known after apply)
      + dns_servers                   = (known after apply)
      + enable_accelerated_networking = false
      + enable_ip_forwarding          = false
      + id                            = (known after apply)
      + internal_dns_name_label       = (known after apply)
      + internal_domain_name_suffix   = (known after apply)
      + location                      = "swedencentral"
      + mac_address                   = (known after apply)
      + name                          = "nic-adds1-1"
      + private_ip_address            = (known after apply)
      + private_ip_addresses          = (known after apply)
      + resource_group_name           = "RG-SwedenCentral-terraform-3"
      + virtual_machine_id            = (known after apply)

      + ip_configuration {
          + gateway_load_balancer_frontend_ip_configuration_id = (known after apply)
          + name                                               = "ipc-adds1-1"
          + primary                                            = (known after apply)
          + private_ip_address                                 = (known after apply)
          + private_ip_address_allocation                      = "Dynamic"
          + private_ip_address_version                         = "IPv4"
          + subnet_id                                          = (known after apply)
        }
    }

  # module.module-01.azurerm_network_security_group.network_security_groups_m1["AzureBastionSubnet"] will be created
  + resource "azurerm_network_security_group" "network_security_groups_m1" {
      + id                  = (known after apply)
      + location            = "swedencentral"
      + name                = "nsg-vnet-shared-01.AzureBastionSubnet"
      + resource_group_name = "RG-SwedenCentral-terraform-3"
      + security_rule       = (known after apply)
    }

  # module.module-01.azurerm_network_security_group.network_security_groups_m1["snet-adds-01"] will be created
  + resource "azurerm_network_security_group" "network_security_groups_m1" {
      + id                  = (known after apply)
      + location            = "swedencentral"
      + name                = "nsg-vnet-shared-01.snet-adds-01"
      + resource_group_name = "RG-SwedenCentral-terraform-3"
      + security_rule       = (known after apply)
    }

  # module.module-01.azurerm_network_security_group.network_security_groups_m1["snet-misc-01"] will be created
  + resource "azurerm_network_security_group" "network_security_groups_m1" {
      + id                  = (known after apply)
      + location            = "swedencentral"
      + name                = "nsg-vnet-shared-01.snet-misc-01"
      + resource_group_name = "RG-SwedenCentral-terraform-3"
      + security_rule       = (known after apply)
    }

  # module.module-01.azurerm_network_security_group.network_security_groups_m1["snet-misc-02"] will be created
  + resource "azurerm_network_security_group" "network_security_groups_m1" {
      + id                  = (known after apply)
      + location            = "swedencentral"
      + name                = "nsg-vnet-shared-01.snet-misc-02"
      + resource_group_name = "RG-SwedenCentral-terraform-3"
      + security_rule       = (known after apply)
    }

  # module.module-01.azurerm_network_security_rule.network_security_rules_m1["AzureBastionSubnet.AllowAzureCloudOutbound"] will be created
  + resource "azurerm_network_security_rule" "network_security_rules_m1" {
      + access                      = "Allow"
      + destination_address_prefix  = "AzureCloud"
      + destination_port_range      = "443"
      + direction                   = "Outbound"
      + id                          = (known after apply)
      + name                        = "AllowAzureCloudOutbound"
      + network_security_group_name = "nsg-vnet-shared-01.AzureBastionSubnet"
      + priority                    = 150
      + protocol                    = "Tcp"
      + resource_group_name         = "RG-SwedenCentral-terraform-3"
      + source_address_prefix       = "*"
      + source_port_range           = "*"
    }

  # module.module-01.azurerm_network_security_rule.network_security_rules_m1["AzureBastionSubnet.AllowAzureLoadBalancerInbound"] will be created
  + resource "azurerm_network_security_rule" "network_security_rules_m1" {
      + access                      = "Allow"
      + destination_address_prefix  = "*"
      + destination_port_range      = "443"
      + direction                   = "Inbound"
      + id                          = (known after apply)
      + name                        = "AllowAzureLoadBalancerInbound"
      + network_security_group_name = "nsg-vnet-shared-01.AzureBastionSubnet"
      + priority                    = 120
      + protocol                    = "Tcp"
      + resource_group_name         = "RG-SwedenCentral-terraform-3"
      + source_address_prefix       = "AzureLoadBalancer"
      + source_port_range           = "*"
    }

  # module.module-01.azurerm_network_security_rule.network_security_rules_m1["AzureBastionSubnet.AllowBastionCommunicationInbound"] will be created
  + resource "azurerm_network_security_rule" "network_security_rules_m1" {
      + access                      = "Allow"
      + destination_address_prefix  = "VirtualNetwork"
      + destination_port_ranges     = [
          + "5701",
          + "8080",
        ]
      + direction                   = "Inbound"
      + id                          = (known after apply)
      + name                        = "AllowBastionCommunicationInbound"
      + network_security_group_name = "nsg-vnet-shared-01.AzureBastionSubnet"
      + priority                    = 130
      + protocol                    = "*"
      + resource_group_name         = "RG-SwedenCentral-terraform-3"
      + source_address_prefix       = "VirtualNetwork"
      + source_port_range           = "*"
    }

  # module.module-01.azurerm_network_security_rule.network_security_rules_m1["AzureBastionSubnet.AllowBastionCommunicationOutbound"] will be created
  + resource "azurerm_network_security_rule" "network_security_rules_m1" {
      + access                      = "Allow"
      + destination_address_prefix  = "VirtualNetwork"
      + destination_port_ranges     = [
          + "5701",
          + "8080",
        ]
      + direction                   = "Outbound"
      + id                          = (known after apply)
      + name                        = "AllowBastionCommunicationOutbound"
      + network_security_group_name = "nsg-vnet-shared-01.AzureBastionSubnet"
      + priority                    = 160
      + protocol                    = "*"
      + resource_group_name         = "RG-SwedenCentral-terraform-3"
      + source_address_prefix       = "VirtualNetwork"
      + source_port_range           = "*"
    }

  # module.module-01.azurerm_network_security_rule.network_security_rules_m1["AzureBastionSubnet.AllowGatewayManagerInbound"] will be created
  + resource "azurerm_network_security_rule" "network_security_rules_m1" {
      + access                      = "Allow"
      + destination_address_prefix  = "*"
      + destination_port_range      = "443"
      + direction                   = "Inbound"
      + id                          = (known after apply)
      + name                        = "AllowGatewayManagerInbound"
      + network_security_group_name = "nsg-vnet-shared-01.AzureBastionSubnet"
      + priority                    = 110
      + protocol                    = "Tcp"
      + resource_group_name         = "RG-SwedenCentral-terraform-3"
      + source_address_prefix       = "GatewayManager"
      + source_port_range           = "*"
    }

  # module.module-01.azurerm_network_security_rule.network_security_rules_m1["AzureBastionSubnet.AllowGetSessionInformationOutbound"] will be created
  + resource "azurerm_network_security_rule" "network_security_rules_m1" {
      + access                      = "Allow"
      + destination_address_prefix  = "Internet"
      + destination_port_range      = "80"
      + direction                   = "Outbound"
      + id                          = (known after apply)
      + name                        = "AllowGetSessionInformationOutbound"
      + network_security_group_name = "nsg-vnet-shared-01.AzureBastionSubnet"
      + priority                    = 170
      + protocol                    = "*"
      + resource_group_name         = "RG-SwedenCentral-terraform-3"
      + source_address_prefix       = "*"
      + source_port_range           = "*"
    }

  # module.module-01.azurerm_network_security_rule.network_security_rules_m1["AzureBastionSubnet.AllowHttpsInbound"] will be created
  + resource "azurerm_network_security_rule" "network_security_rules_m1" {
      + access                      = "Allow"
      + destination_address_prefix  = "*"
      + destination_port_range      = "443"
      + direction                   = "Inbound"
      + id                          = (known after apply)
      + name                        = "AllowHttpsInbound"
      + network_security_group_name = "nsg-vnet-shared-01.AzureBastionSubnet"
      + priority                    = 100
      + protocol                    = "Tcp"
      + resource_group_name         = "RG-SwedenCentral-terraform-3"
      + source_address_prefix       = "Internet"
      + source_port_range           = "*"
    }

  # module.module-01.azurerm_network_security_rule.network_security_rules_m1["AzureBastionSubnet.AllowSshRdpOutbound"] will be created
  + resource "azurerm_network_security_rule" "network_security_rules_m1" {
      + access                      = "Allow"
      + destination_address_prefix  = "VirtualNetwork"
      + destination_port_ranges     = [
          + "22",
          + "3389",
        ]
      + direction                   = "Outbound"
      + id                          = (known after apply)
      + name                        = "AllowSshRdpOutbound"
      + network_security_group_name = "nsg-vnet-shared-01.AzureBastionSubnet"
      + priority                    = 140
      + protocol                    = "*"
      + resource_group_name         = "RG-SwedenCentral-terraform-3"
      + source_address_prefix       = "*"
      + source_port_range           = "*"
    }

  # module.module-01.azurerm_network_security_rule.network_security_rules_m1["snet-adds-01.AllowInternetOutbound"] will be created
  + resource "azurerm_network_security_rule" "network_security_rules_m1" {
      + access                      = "Allow"
      + destination_address_prefix  = "Internet"
      + destination_port_range      = "*"
      + direction                   = "Outbound"
      + id                          = (known after apply)
      + name                        = "AllowInternetOutbound"
      + network_security_group_name = "nsg-vnet-shared-01.snet-adds-01"
      + priority                    = 120
      + protocol                    = "*"
      + resource_group_name         = "RG-SwedenCentral-terraform-3"
      + source_address_prefix       = "*"
      + source_port_range           = "*"
    }

  # module.module-01.azurerm_network_security_rule.network_security_rules_m1["snet-adds-01.AllowVirtualNetworkInbound"] will be created
  + resource "azurerm_network_security_rule" "network_security_rules_m1" {
      + access                      = "Allow"
      + destination_address_prefix  = "VirtualNetwork"
      + destination_port_range      = "*"
      + direction                   = "Inbound"
      + id                          = (known after apply)
      + name                        = "AllowVirtualNetworkInbound"
      + network_security_group_name = "nsg-vnet-shared-01.snet-adds-01"
      + priority                    = 100
      + protocol                    = "*"
      + resource_group_name         = "RG-SwedenCentral-terraform-3"
      + source_address_prefix       = "VirtualNetwork"
      + source_port_range           = "*"
    }

  # module.module-01.azurerm_network_security_rule.network_security_rules_m1["snet-adds-01.AllowVirtualNetworkOutbound"] will be created
  + resource "azurerm_network_security_rule" "network_security_rules_m1" {
      + access                      = "Allow"
      + destination_address_prefix  = "VirtualNetwork"
      + destination_port_range      = "*"
      + direction                   = "Outbound"
      + id                          = (known after apply)
      + name                        = "AllowVirtualNetworkOutbound"
      + network_security_group_name = "nsg-vnet-shared-01.snet-adds-01"
      + priority                    = 110
      + protocol                    = "*"
      + resource_group_name         = "RG-SwedenCentral-terraform-3"
      + source_address_prefix       = "VirtualNetwork"
      + source_port_range           = "*"
    }

  # module.module-01.azurerm_network_security_rule.network_security_rules_m1["snet-misc-01.AllowInternetOutbound"] will be created
  + resource "azurerm_network_security_rule" "network_security_rules_m1" {
      + access                      = "Allow"
      + destination_address_prefix  = "Internet"
      + destination_port_range      = "*"
      + direction                   = "Outbound"
      + id                          = (known after apply)
      + name                        = "AllowInternetOutbound"
      + network_security_group_name = "nsg-vnet-shared-01.snet-misc-01"
      + priority                    = 120
      + protocol                    = "*"
      + resource_group_name         = "RG-SwedenCentral-terraform-3"
      + source_address_prefix       = "*"
      + source_port_range           = "*"
    }

  # module.module-01.azurerm_network_security_rule.network_security_rules_m1["snet-misc-01.AllowVirtualNetworkInbound"] will be created
  + resource "azurerm_network_security_rule" "network_security_rules_m1" {
      + access                      = "Allow"
      + destination_address_prefix  = "VirtualNetwork"
      + destination_port_range      = "*"
      + direction                   = "Inbound"
      + id                          = (known after apply)
      + name                        = "AllowVirtualNetworkInbound"
      + network_security_group_name = "nsg-vnet-shared-01.snet-misc-01"
      + priority                    = 100
      + protocol                    = "*"
      + resource_group_name         = "RG-SwedenCentral-terraform-3"
      + source_address_prefix       = "VirtualNetwork"
      + source_port_range           = "*"
    }

  # module.module-01.azurerm_network_security_rule.network_security_rules_m1["snet-misc-01.AllowVirtualNetworkOutbound"] will be created
  + resource "azurerm_network_security_rule" "network_security_rules_m1" {
      + access                      = "Allow"
      + destination_address_prefix  = "VirtualNetwork"
      + destination_port_range      = "*"
      + direction                   = "Outbound"
      + id                          = (known after apply)
      + name                        = "AllowVirtualNetworkOutbound"
      + network_security_group_name = "nsg-vnet-shared-01.snet-misc-01"
      + priority                    = 110
      + protocol                    = "*"
      + resource_group_name         = "RG-SwedenCentral-terraform-3"
      + source_address_prefix       = "VirtualNetwork"
      + source_port_range           = "*"
    }

  # module.module-01.azurerm_network_security_rule.network_security_rules_m1["snet-misc-02.AllowInternetOutbound"] will be created
  + resource "azurerm_network_security_rule" "network_security_rules_m1" {
      + access                      = "Allow"
      + destination_address_prefix  = "Internet"
      + destination_port_range      = "*"
      + direction                   = "Outbound"
      + id                          = (known after apply)
      + name                        = "AllowInternetOutbound"
      + network_security_group_name = "nsg-vnet-shared-01.snet-misc-02"
      + priority                    = 120
      + protocol                    = "*"
      + resource_group_name         = "RG-SwedenCentral-terraform-3"
      + source_address_prefix       = "*"
      + source_port_range           = "*"
    }

  # module.module-01.azurerm_network_security_rule.network_security_rules_m1["snet-misc-02.AllowVirtualNetworkInbound"] will be created
  + resource "azurerm_network_security_rule" "network_security_rules_m1" {
      + access                      = "Allow"
      + destination_address_prefix  = "VirtualNetwork"
      + destination_port_range      = "*"
      + direction                   = "Inbound"
      + id                          = (known after apply)
      + name                        = "AllowVirtualNetworkInbound"
      + network_security_group_name = "nsg-vnet-shared-01.snet-misc-02"
      + priority                    = 100
      + protocol                    = "*"
      + resource_group_name         = "RG-SwedenCentral-terraform-3"
      + source_address_prefix       = "VirtualNetwork"
      + source_port_range           = "*"
    }

  # module.module-01.azurerm_network_security_rule.network_security_rules_m1["snet-misc-02.AllowVirtualNetworkOutbound"] will be created
  + resource "azurerm_network_security_rule" "network_security_rules_m1" {
      + access                      = "Allow"
      + destination_address_prefix  = "VirtualNetwork"
      + destination_port_range      = "*"
      + direction                   = "Outbound"
      + id                          = (known after apply)
      + name                        = "AllowVirtualNetworkOutbound"
      + network_security_group_name = "nsg-vnet-shared-01.snet-misc-02"
      + priority                    = 110
      + protocol                    = "*"
      + resource_group_name         = "RG-SwedenCentral-terraform-3"
      + source_address_prefix       = "VirtualNetwork"
      + source_port_range           = "*"
    }

  # module.module-01.azurerm_public_ip.bastion_host_01 will be created
  + resource "azurerm_public_ip" "bastion_host_01" {
      + allocation_method       = "Static"
      + ddos_protection_mode    = "VirtualNetworkInherited"
      + fqdn                    = (known after apply)
      + id                      = (known after apply)
      + idle_timeout_in_minutes = 4
      + ip_address              = (known after apply)
      + ip_version              = "IPv4"
      + location                = "swedencentral"
      + name                    = "pip-bst-terraform-01"
      + resource_group_name     = "RG-SwedenCentral-terraform-3"
      + sku                     = "Standard"
      + sku_tier                = "Regional"
    }

  # module.module-01.azurerm_storage_account.st will be created
  + resource "azurerm_storage_account" "st" {
      + access_tier                        = (known after apply)
      + account_kind                       = "StorageV2"
      + account_replication_type           = "LRS"
      + account_tier                       = "Standard"
      + allow_nested_items_to_be_public    = true
      + cross_tenant_replication_enabled   = true
      + default_to_oauth_authentication    = false
      + enable_https_traffic_only          = true
      + id                                 = (known after apply)
      + infrastructure_encryption_enabled  = false
      + is_hns_enabled                     = false
      + large_file_share_enabled           = (known after apply)
      + local_user_enabled                 = true
      + location                           = "swedencentral"
      + min_tls_version                    = "TLS1_2"
      + name                               = (known after apply)
      + nfsv3_enabled                      = false
      + primary_access_key                 = (sensitive value)
      + primary_blob_connection_string     = (sensitive value)
      + primary_blob_endpoint              = (known after apply)
      + primary_blob_host                  = (known after apply)
      + primary_blob_internet_endpoint     = (known after apply)
      + primary_blob_internet_host         = (known after apply)
      + primary_blob_microsoft_endpoint    = (known after apply)
      + primary_blob_microsoft_host        = (known after apply)
      + primary_connection_string          = (sensitive value)
      + primary_dfs_endpoint               = (known after apply)
      + primary_dfs_host                   = (known after apply)
      + primary_dfs_internet_endpoint      = (known after apply)
      + primary_dfs_internet_host          = (known after apply)
      + primary_dfs_microsoft_endpoint     = (known after apply)
      + primary_dfs_microsoft_host         = (known after apply)
      + primary_file_endpoint              = (known after apply)
      + primary_file_host                  = (known after apply)
      + primary_file_internet_endpoint     = (known after apply)
      + primary_file_internet_host         = (known after apply)
      + primary_file_microsoft_endpoint    = (known after apply)
      + primary_file_microsoft_host        = (known after apply)
      + primary_location                   = (known after apply)
      + primary_queue_endpoint             = (known after apply)
      + primary_queue_host                 = (known after apply)
      + primary_queue_microsoft_endpoint   = (known after apply)
      + primary_queue_microsoft_host       = (known after apply)
      + primary_table_endpoint             = (known after apply)
      + primary_table_host                 = (known after apply)
      + primary_table_microsoft_endpoint   = (known after apply)
      + primary_table_microsoft_host       = (known after apply)
      + primary_web_endpoint               = (known after apply)
      + primary_web_host                   = (known after apply)
      + primary_web_internet_endpoint      = (known after apply)
      + primary_web_internet_host          = (known after apply)
      + primary_web_microsoft_endpoint     = (known after apply)
      + primary_web_microsoft_host         = (known after apply)
      + public_network_access_enabled      = true
      + queue_encryption_key_type          = "Service"
      + resource_group_name                = "RG-SwedenCentral-terraform-3"
      + secondary_access_key               = (sensitive value)
      + secondary_blob_connection_string   = (sensitive value)
      + secondary_blob_endpoint            = (known after apply)
      + secondary_blob_host                = (known after apply)
      + secondary_blob_internet_endpoint   = (known after apply)
      + secondary_blob_internet_host       = (known after apply)
      + secondary_blob_microsoft_endpoint  = (known after apply)
      + secondary_blob_microsoft_host      = (known after apply)
      + secondary_connection_string        = (sensitive value)
      + secondary_dfs_endpoint             = (known after apply)
      + secondary_dfs_host                 = (known after apply)
      + secondary_dfs_internet_endpoint    = (known after apply)
      + secondary_dfs_internet_host        = (known after apply)
      + secondary_dfs_microsoft_endpoint   = (known after apply)
      + secondary_dfs_microsoft_host       = (known after apply)
      + secondary_file_endpoint            = (known after apply)
      + secondary_file_host                = (known after apply)
      + secondary_file_internet_endpoint   = (known after apply)
      + secondary_file_internet_host       = (known after apply)
      + secondary_file_microsoft_endpoint  = (known after apply)
      + secondary_file_microsoft_host      = (known after apply)
      + secondary_location                 = (known after apply)
      + secondary_queue_endpoint           = (known after apply)
      + secondary_queue_host               = (known after apply)
      + secondary_queue_microsoft_endpoint = (known after apply)
      + secondary_queue_microsoft_host     = (known after apply)
      + secondary_table_endpoint           = (known after apply)
      + secondary_table_host               = (known after apply)
      + secondary_table_microsoft_endpoint = (known after apply)
      + secondary_table_microsoft_host     = (known after apply)
      + secondary_web_endpoint             = (known after apply)
      + secondary_web_host                 = (known after apply)
      + secondary_web_internet_endpoint    = (known after apply)
      + secondary_web_internet_host        = (known after apply)
      + secondary_web_microsoft_endpoint   = (known after apply)
      + secondary_web_microsoft_host       = (known after apply)
      + sftp_enabled                       = false
      + shared_access_key_enabled          = true
      + table_encryption_key_type          = "Service"
    }

  # module.module-01.azurerm_storage_container.st_container will be created
  + resource "azurerm_storage_container" "st_container" {
      + container_access_type   = "private"
      + has_immutability_policy = (known after apply)
      + has_legal_hold          = (known after apply)
      + id                      = (known after apply)
      + metadata                = (known after apply)
      + name                    = "scripts"
      + resource_manager_id     = (known after apply)
      + storage_account_name    = (known after apply)
    }

  # module.module-01.azurerm_subnet.vnet_shared_01_subnets["AzureBastionSubnet"] will be created
  + resource "azurerm_subnet" "vnet_shared_01_subnets" {
      + address_prefixes                               = [
          + "10.1.0.0/27",
        ]
      + enforce_private_link_endpoint_network_policies = (known after apply)
      + enforce_private_link_service_network_policies  = (known after apply)
      + id                                             = (known after apply)
      + name                                           = "AzureBastionSubnet"
      + private_endpoint_network_policies_enabled      = false
      + private_link_service_network_policies_enabled  = (known after apply)
      + resource_group_name                            = "RG-SwedenCentral-terraform-3"
      + virtual_network_name                           = "vnet-shared-01"
    }

  # module.module-01.azurerm_subnet.vnet_shared_01_subnets["snet-adds-01"] will be created
  + resource "azurerm_subnet" "vnet_shared_01_subnets" {
      + address_prefixes                               = [
          + "10.1.1.0/24",
        ]
      + enforce_private_link_endpoint_network_policies = (known after apply)
      + enforce_private_link_service_network_policies  = (known after apply)
      + id                                             = (known after apply)
      + name                                           = "snet-adds-01"
      + private_endpoint_network_policies_enabled      = false
      + private_link_service_network_policies_enabled  = (known after apply)
      + resource_group_name                            = "RG-SwedenCentral-terraform-3"
      + virtual_network_name                           = "vnet-shared-01"
    }

  # module.module-01.azurerm_subnet.vnet_shared_01_subnets["snet-misc-01"] will be created
  + resource "azurerm_subnet" "vnet_shared_01_subnets" {
      + address_prefixes                               = [
          + "10.1.2.0/27",
        ]
      + enforce_private_link_endpoint_network_policies = (known after apply)
      + enforce_private_link_service_network_policies  = (known after apply)
      + id                                             = (known after apply)
      + name                                           = "snet-misc-01"
      + private_endpoint_network_policies_enabled      = false
      + private_link_service_network_policies_enabled  = (known after apply)
      + resource_group_name                            = "RG-SwedenCentral-terraform-3"
      + virtual_network_name                           = "vnet-shared-01"
    }

  # module.module-01.azurerm_subnet.vnet_shared_01_subnets["snet-misc-02"] will be created
  + resource "azurerm_subnet" "vnet_shared_01_subnets" {
      + address_prefixes                               = [
          + "10.1.3.0/27",
        ]
      + enforce_private_link_endpoint_network_policies = (known after apply)
      + enforce_private_link_service_network_policies  = (known after apply)
      + id                                             = (known after apply)
      + name                                           = "snet-misc-02"
      + private_endpoint_network_policies_enabled      = false
      + private_link_service_network_policies_enabled  = (known after apply)
      + resource_group_name                            = "RG-SwedenCentral-terraform-3"
      + virtual_network_name                           = "vnet-shared-01"
    }

  # module.module-01.azurerm_subnet_network_security_group_association.nsg_subnet_associations_m1["AzureBastionSubnet"] will be created
  + resource "azurerm_subnet_network_security_group_association" "nsg_subnet_associations_m1" {
      + id                        = (known after apply)
      + network_security_group_id = (known after apply)
      + subnet_id                 = (known after apply)
    }

  # module.module-01.azurerm_subnet_network_security_group_association.nsg_subnet_associations_m1["snet-adds-01"] will be created
  + resource "azurerm_subnet_network_security_group_association" "nsg_subnet_associations_m1" {
      + id                        = (known after apply)
      + network_security_group_id = (known after apply)
      + subnet_id                 = (known after apply)
    }

  # module.module-01.azurerm_subnet_network_security_group_association.nsg_subnet_associations_m1["snet-misc-01"] will be created
  + resource "azurerm_subnet_network_security_group_association" "nsg_subnet_associations_m1" {
      + id                        = (known after apply)
      + network_security_group_id = (known after apply)
      + subnet_id                 = (known after apply)
    }

  # module.module-01.azurerm_subnet_network_security_group_association.nsg_subnet_associations_m1["snet-misc-02"] will be created
  + resource "azurerm_subnet_network_security_group_association" "nsg_subnet_associations_m1" {
      + id                        = (known after apply)
      + network_security_group_id = (known after apply)
      + subnet_id                 = (known after apply)
    }

  # module.module-01.azurerm_virtual_network.vnet_shared_01 will be created
  + resource "azurerm_virtual_network" "vnet_shared_01" {
      + address_space       = [
          + "10.1.0.0/16",
        ]
      + dns_servers         = [
          + "10.1.1.4",
          + "168.63.129.16",
        ]
      + guid                = (known after apply)
      + id                  = (known after apply)
      + location            = "swedencentral"
      + name                = "vnet-shared-01"
      + resource_group_name = "RG-SwedenCentral-terraform-3"
      + subnet              = (known after apply)
    }

  # module.module-01.azurerm_windows_virtual_machine.vm_adds will be created
  + resource "azurerm_windows_virtual_machine" "vm_adds" {
      + admin_password                                         = (sensitive value)
      + admin_username                                         = (sensitive value)
      + allow_extension_operations                             = true
      + bypass_platform_safety_checks_on_user_schedule_enabled = false
      + computer_name                                          = (known after apply)
      + enable_automatic_updates                               = true
      + extensions_time_budget                                 = "PT1H30M"
      + hotpatching_enabled                                    = false
      + id                                                     = (known after apply)
      + location                                               = "swedencentral"
      + max_bid_price                                          = -1
      + name                                                   = "vm-adds1"
      + network_interface_ids                                  = (known after apply)
      + patch_assessment_mode                                  = "ImageDefault"
      + patch_mode                                             = "AutomaticByOS"
      + platform_fault_domain                                  = -1
      + priority                                               = "Regular"
      + private_ip_address                                     = (known after apply)
      + private_ip_addresses                                   = (known after apply)
      + provision_vm_agent                                     = true
      + public_ip_address                                      = (known after apply)
      + public_ip_addresses                                    = (known after apply)
      + resource_group_name                                    = "RG-SwedenCentral-terraform-3"
      + size                                                   = "Standard_B1s"
      + virtual_machine_id                                     = (known after apply)

      + os_disk {
          + caching                   = "ReadWrite"
          + disk_size_gb              = (known after apply)
          + name                      = (known after apply)
          + storage_account_type      = "Standard_LRS"
          + write_accelerator_enabled = false
        }

      + source_image_reference {
          + offer     = "WindowsServer"
          + publisher = "MicrosoftWindowsServer"
          + sku       = "2022-datacenter-core-g2"
          + version   = "Latest"
        }
    }

  # module.module-01.random_password.admin_password will be created
  + resource "random_password" "admin_password" {
      + bcrypt_hash      = (sensitive value)
      + id               = (known after apply)
      + length           = 16
      + lower            = true
      + min_lower        = 0
      + min_numeric      = 0
      + min_special      = 0
      + min_upper        = 0
      + number           = true
      + numeric          = true
      + override_special = "!#$%&*"
      + result           = (sensitive value)
      + special          = true
      + upper            = true
    }

  # module.module-01.random_string.azurerm_storage_account_name will be created
  + resource "random_string" "azurerm_storage_account_name" {
      + id          = (known after apply)
      + length      = 16
      + lower       = true
      + min_lower   = 0
      + min_numeric = 0
      + min_special = 0
      + min_upper   = 0
      + number      = false
      + numeric     = false
      + result      = (known after apply)
      + special     = false
      + upper       = false
    }

Plan: 44 to add, 0 to change, 0 to destroy.
module.module-01.random_string.azurerm_storage_account_name: Creating...
module.module-01.random_password.admin_password: Creating...
module.module-01.random_string.azurerm_storage_account_name: Creation complete after 0s [id=fnvllmvakkrbuaim]
module.module-01.random_password.admin_password: Creation complete after 0s [id=none]
module.module-01.azurerm_log_analytics_workspace.log_analytics_workspace_01: Creating...
module.module-01.azurerm_key_vault.kv: Creating...
module.module-01.azurerm_public_ip.bastion_host_01: Creating...
module.module-01.azurerm_virtual_network.vnet_shared_01: Creating...
module.module-01.azurerm_storage_account.st: Creating...
module.module-01.azurerm_public_ip.bastion_host_01: Creation complete after 3s [id=/subscriptions/f0afb0df-9549-4bb4-8af8-683201ed7aaa/resourceGroups/RG-SwedenCentral-terraform-3/providers/Microsoft.Network/publicIPAddresses/pip-bst-terraform-01]
module.module-01.azurerm_virtual_network.vnet_shared_01: Creation complete after 5s [id=/subscriptions/f0afb0df-9549-4bb4-8af8-683201ed7aaa/resourceGroups/RG-SwedenCentral-terraform-3/providers/Microsoft.Network/virtualNetworks/vnet-shared-01]
module.module-01.azurerm_subnet.vnet_shared_01_subnets["AzureBastionSubnet"]: Creating...
module.module-01.azurerm_subnet.vnet_shared_01_subnets["snet-misc-02"]: Creating...
module.module-01.azurerm_subnet.vnet_shared_01_subnets["snet-misc-01"]: Creating...
module.module-01.azurerm_subnet.vnet_shared_01_subnets["snet-adds-01"]: Creating...
module.module-01.azurerm_subnet.vnet_shared_01_subnets["snet-misc-02"]: Creation complete after 5s [id=/subscriptions/f0afb0df-9549-4bb4-8af8-683201ed7aaa/resourceGroups/RG-SwedenCentral-terraform-3/providers/Microsoft.Network/virtualNetworks/vnet-shared-01/subnets/snet-misc-02]
module.module-01.azurerm_log_analytics_workspace.log_analytics_workspace_01: Still creating... [10s elapsed]
module.module-01.azurerm_key_vault.kv: Still creating... [10s elapsed]
module.module-01.azurerm_storage_account.st: Still creating... [10s elapsed]
module.module-01.azurerm_subnet.vnet_shared_01_subnets["snet-misc-01"]: Creation complete after 10s [id=/subscriptions/f0afb0df-9549-4bb4-8af8-683201ed7aaa/resourceGroups/RG-SwedenCentral-terraform-3/providers/Microsoft.Network/virtualNetworks/vnet-shared-01/subnets/snet-misc-01]
module.module-01.azurerm_subnet.vnet_shared_01_subnets["AzureBastionSubnet"]: Still creating... [10s elapsed]
module.module-01.azurerm_subnet.vnet_shared_01_subnets["snet-adds-01"]: Still creating... [10s elapsed]
module.module-01.azurerm_subnet.vnet_shared_01_subnets["snet-adds-01"]: Creation complete after 15s [id=/subscriptions/f0afb0df-9549-4bb4-8af8-683201ed7aaa/resourceGroups/RG-SwedenCentral-terraform-3/providers/Microsoft.Network/virtualNetworks/vnet-shared-01/subnets/snet-adds-01]
module.module-01.azurerm_log_analytics_workspace.log_analytics_workspace_01: Still creating... [20s elapsed]
module.module-01.azurerm_key_vault.kv: Still creating... [20s elapsed]
module.module-01.azurerm_storage_account.st: Still creating... [20s elapsed]
module.module-01.azurerm_log_analytics_workspace.log_analytics_workspace_01: Creation complete after 24s [id=/subscriptions/f0afb0df-9549-4bb4-8af8-683201ed7aaa/resourceGroups/RG-SwedenCentral-terraform-3/providers/Microsoft.OperationalInsights/workspaces/log-shared-terraform-01]
module.module-01.azurerm_subnet.vnet_shared_01_subnets["AzureBastionSubnet"]: Creation complete after 20s [id=/subscriptions/f0afb0df-9549-4bb4-8af8-683201ed7aaa/resourceGroups/RG-SwedenCentral-terraform-3/providers/Microsoft.Network/virtualNetworks/vnet-shared-01/subnets/AzureBastionSubnet]
module.module-01.azurerm_network_security_group.network_security_groups_m1["snet-misc-02"]: Creating...
module.module-01.azurerm_network_interface.vm_adds_nic_01: Creating...
module.module-01.azurerm_network_security_group.network_security_groups_m1["AzureBastionSubnet"]: Creating...
module.module-01.azurerm_network_security_group.network_security_groups_m1["snet-misc-01"]: Creating...
module.module-01.azurerm_network_security_group.network_security_groups_m1["snet-adds-01"]: Creating...
module.module-01.azurerm_bastion_host.bastion_host_01: Creating...
module.module-01.azurerm_storage_account.st: Creation complete after 25s [id=/subscriptions/f0afb0df-9549-4bb4-8af8-683201ed7aaa/resourceGroups/RG-SwedenCentral-terraform-3/providers/Microsoft.Storage/storageAccounts/stfnvllmvakkrbuaim]
module.module-01.azurerm_storage_container.st_container: Creating...
module.module-01.azurerm_storage_container.st_container: Creation complete after 1s [id=https://stfnvllmvakkrbuaim.blob.core.windows.net/scripts]
module.module-01.azurerm_network_security_group.network_security_groups_m1["snet-misc-02"]: Creation complete after 3s [id=/subscriptions/f0afb0df-9549-4bb4-8af8-683201ed7aaa/resourceGroups/RG-SwedenCentral-terraform-3/providers/Microsoft.Network/networkSecurityGroups/nsg-vnet-shared-01.snet-misc-02]
module.module-01.azurerm_network_security_group.network_security_groups_m1["snet-adds-01"]: Creation complete after 3s [id=/subscriptions/f0afb0df-9549-4bb4-8af8-683201ed7aaa/resourceGroups/RG-SwedenCentral-terraform-3/providers/Microsoft.Network/networkSecurityGroups/nsg-vnet-shared-01.snet-adds-01]
module.module-01.azurerm_network_security_group.network_security_groups_m1["snet-misc-01"]: Creation complete after 3s [id=/subscriptions/f0afb0df-9549-4bb4-8af8-683201ed7aaa/resourceGroups/RG-SwedenCentral-terraform-3/providers/Microsoft.Network/networkSecurityGroups/nsg-vnet-shared-01.snet-misc-01]
module.module-01.azurerm_network_security_group.network_security_groups_m1["AzureBastionSubnet"]: Creation complete after 3s [id=/subscriptions/f0afb0df-9549-4bb4-8af8-683201ed7aaa/resourceGroups/RG-SwedenCentral-terraform-3/providers/Microsoft.Network/networkSecurityGroups/nsg-vnet-shared-01.AzureBastionSubnet]
module.module-01.azurerm_network_security_rule.network_security_rules_m1["AzureBastionSubnet.AllowGetSessionInformationOutbound"]: Creating...
module.module-01.azurerm_network_security_rule.network_security_rules_m1["AzureBastionSubnet.AllowHttpsInbound"]: Creating...
module.module-01.azurerm_network_security_rule.network_security_rules_m1["snet-misc-01.AllowVirtualNetworkInbound"]: Creating...
module.module-01.azurerm_network_security_rule.network_security_rules_m1["AzureBastionSubnet.AllowSshRdpOutbound"]: Creating...
module.module-01.azurerm_network_security_rule.network_security_rules_m1["AzureBastionSubnet.AllowBastionCommunicationOutbound"]: Creating...
module.module-01.azurerm_network_security_rule.network_security_rules_m1["AzureBastionSubnet.AllowGatewayManagerInbound"]: Creating...
module.module-01.azurerm_network_security_rule.network_security_rules_m1["AzureBastionSubnet.AllowAzureLoadBalancerInbound"]: Creating...
module.module-01.azurerm_key_vault.kv: Still creating... [30s elapsed]
module.module-01.azurerm_network_security_rule.network_security_rules_m1["snet-misc-01.AllowVirtualNetworkInbound"]: Creation complete after 2s [id=/subscriptions/f0afb0df-9549-4bb4-8af8-683201ed7aaa/resourceGroups/RG-SwedenCentral-terraform-3/providers/Microsoft.Network/networkSecurityGroups/nsg-vnet-shared-01.snet-misc-01/securityRules/AllowVirtualNetworkInbound]
module.module-01.azurerm_network_security_rule.network_security_rules_m1["snet-adds-01.AllowVirtualNetworkInbound"]: Creating...
module.module-01.azurerm_network_security_rule.network_security_rules_m1["AzureBastionSubnet.AllowSshRdpOutbound"]: Creation complete after 3s [id=/subscriptions/f0afb0df-9549-4bb4-8af8-683201ed7aaa/resourceGroups/RG-SwedenCentral-terraform-3/providers/Microsoft.Network/networkSecurityGroups/nsg-vnet-shared-01.AzureBastionSubnet/securityRules/AllowSshRdpOutbound]
module.module-01.azurerm_network_security_rule.network_security_rules_m1["snet-misc-01.AllowInternetOutbound"]: Creating...
module.module-01.azurerm_network_security_rule.network_security_rules_m1["AzureBastionSubnet.AllowGatewayManagerInbound"]: Creation complete after 3s [id=/subscriptions/f0afb0df-9549-4bb4-8af8-683201ed7aaa/resourceGroups/RG-SwedenCentral-terraform-3/providers/Microsoft.Network/networkSecurityGroups/nsg-vnet-shared-01.AzureBastionSubnet/securityRules/AllowGatewayManagerInbound]
module.module-01.azurerm_network_security_rule.network_security_rules_m1["AzureBastionSubnet.AllowAzureCloudOutbound"]: Creating...
module.module-01.azurerm_network_security_rule.network_security_rules_m1["AzureBastionSubnet.AllowGetSessionInformationOutbound"]: Creation complete after 3s [id=/subscriptions/f0afb0df-9549-4bb4-8af8-683201ed7aaa/resourceGroups/RG-SwedenCentral-terraform-3/providers/Microsoft.Network/networkSecurityGroups/nsg-vnet-shared-01.AzureBastionSubnet/securityRules/AllowGetSessionInformationOutbound]
module.module-01.azurerm_network_security_rule.network_security_rules_m1["snet-misc-02.AllowInternetOutbound"]: Creating...
module.module-01.azurerm_network_security_rule.network_security_rules_m1["AzureBastionSubnet.AllowBastionCommunicationOutbound"]: Creation complete after 3s [id=/subscriptions/f0afb0df-9549-4bb4-8af8-683201ed7aaa/resourceGroups/RG-SwedenCentral-terraform-3/providers/Microsoft.Network/networkSecurityGroups/nsg-vnet-shared-01.AzureBastionSubnet/securityRules/AllowBastionCommunicationOutbound]
module.module-01.azurerm_network_security_rule.network_security_rules_m1["snet-misc-02.AllowVirtualNetworkOutbound"]: Creating...
module.module-01.azurerm_network_security_rule.network_security_rules_m1["snet-misc-01.AllowInternetOutbound"]: Creation complete after 2s [id=/subscriptions/f0afb0df-9549-4bb4-8af8-683201ed7aaa/resourceGroups/RG-SwedenCentral-terraform-3/providers/Microsoft.Network/networkSecurityGroups/nsg-vnet-shared-01.snet-misc-01/securityRules/AllowInternetOutbound]
module.module-01.azurerm_network_security_rule.network_security_rules_m1["AzureBastionSubnet.AllowBastionCommunicationInbound"]: Creating...
module.module-01.azurerm_network_security_rule.network_security_rules_m1["snet-adds-01.AllowVirtualNetworkInbound"]: Creation complete after 3s [id=/subscriptions/f0afb0df-9549-4bb4-8af8-683201ed7aaa/resourceGroups/RG-SwedenCentral-terraform-3/providers/Microsoft.Network/networkSecurityGroups/nsg-vnet-shared-01.snet-adds-01/securityRules/AllowVirtualNetworkInbound]
module.module-01.azurerm_network_security_rule.network_security_rules_m1["snet-misc-02.AllowInternetOutbound"]: Creation complete after 2s [id=/subscriptions/f0afb0df-9549-4bb4-8af8-683201ed7aaa/resourceGroups/RG-SwedenCentral-terraform-3/providers/Microsoft.Network/networkSecurityGroups/nsg-vnet-shared-01.snet-misc-02/securityRules/AllowInternetOutbound]
module.module-01.azurerm_network_security_rule.network_security_rules_m1["snet-adds-01.AllowVirtualNetworkOutbound"]: Creating...
module.module-01.azurerm_network_security_rule.network_security_rules_m1["snet-misc-02.AllowVirtualNetworkInbound"]: Creating...
module.module-01.azurerm_network_security_rule.network_security_rules_m1["snet-misc-02.AllowVirtualNetworkOutbound"]: Creation complete after 2s [id=/subscriptions/f0afb0df-9549-4bb4-8af8-683201ed7aaa/resourceGroups/RG-SwedenCentral-terraform-3/providers/Microsoft.Network/networkSecurityGroups/nsg-vnet-shared-01.snet-misc-02/securityRules/AllowVirtualNetworkOutbound]
module.module-01.azurerm_network_security_rule.network_security_rules_m1["snet-misc-01.AllowVirtualNetworkOutbound"]: Creating...
module.module-01.azurerm_network_security_rule.network_security_rules_m1["AzureBastionSubnet.AllowAzureCloudOutbound"]: Creation complete after 2s [id=/subscriptions/f0afb0df-9549-4bb4-8af8-683201ed7aaa/resourceGroups/RG-SwedenCentral-terraform-3/providers/Microsoft.Network/networkSecurityGroups/nsg-vnet-shared-01.AzureBastionSubnet/securityRules/AllowAzureCloudOutbound]
module.module-01.azurerm_network_security_rule.network_security_rules_m1["snet-adds-01.AllowInternetOutbound"]: Creating...
module.module-01.azurerm_network_interface.vm_adds_nic_01: Still creating... [10s elapsed]
module.module-01.azurerm_bastion_host.bastion_host_01: Still creating... [10s elapsed]
module.module-01.azurerm_network_security_rule.network_security_rules_m1["AzureBastionSubnet.AllowBastionCommunicationInbound"]: Creation complete after 2s [id=/subscriptions/f0afb0df-9549-4bb4-8af8-683201ed7aaa/resourceGroups/RG-SwedenCentral-terraform-3/providers/Microsoft.Network/networkSecurityGroups/nsg-vnet-shared-01.AzureBastionSubnet/securityRules/AllowBastionCommunicationInbound]
module.module-01.azurerm_network_security_rule.network_security_rules_m1["snet-misc-02.AllowVirtualNetworkInbound"]: Creation complete after 2s [id=/subscriptions/f0afb0df-9549-4bb4-8af8-683201ed7aaa/resourceGroups/RG-SwedenCentral-terraform-3/providers/Microsoft.Network/networkSecurityGroups/nsg-vnet-shared-01.snet-misc-02/securityRules/AllowVirtualNetworkInbound]
module.module-01.azurerm_network_security_rule.network_security_rules_m1["snet-adds-01.AllowVirtualNetworkOutbound"]: Creation complete after 3s [id=/subscriptions/f0afb0df-9549-4bb4-8af8-683201ed7aaa/resourceGroups/RG-SwedenCentral-terraform-3/providers/Microsoft.Network/networkSecurityGroups/nsg-vnet-shared-01.snet-adds-01/securityRules/AllowVirtualNetworkOutbound]
module.module-01.azurerm_network_security_rule.network_security_rules_m1["snet-misc-01.AllowVirtualNetworkOutbound"]: Creation complete after 3s [id=/subscriptions/f0afb0df-9549-4bb4-8af8-683201ed7aaa/resourceGroups/RG-SwedenCentral-terraform-3/providers/Microsoft.Network/networkSecurityGroups/nsg-vnet-shared-01.snet-misc-01/securityRules/AllowVirtualNetworkOutbound]
module.module-01.azurerm_network_security_rule.network_security_rules_m1["snet-adds-01.AllowInternetOutbound"]: Creation complete after 3s [id=/subscriptions/f0afb0df-9549-4bb4-8af8-683201ed7aaa/resourceGroups/RG-SwedenCentral-terraform-3/providers/Microsoft.Network/networkSecurityGroups/nsg-vnet-shared-01.snet-adds-01/securityRules/AllowInternetOutbound]
module.module-01.azurerm_network_interface.vm_adds_nic_01: Creation complete after 12s [id=/subscriptions/f0afb0df-9549-4bb4-8af8-683201ed7aaa/resourceGroups/RG-SwedenCentral-terraform-3/providers/Microsoft.Network/networkInterfaces/nic-adds1-1]
module.module-01.azurerm_network_security_rule.network_security_rules_m1["AzureBastionSubnet.AllowHttpsInbound"]: Still creating... [10s elapsed]
module.module-01.azurerm_network_security_rule.network_security_rules_m1["AzureBastionSubnet.AllowAzureLoadBalancerInbound"]: Still creating... [10s elapsed]
module.module-01.azurerm_key_vault.kv: Still creating... [40s elapsed]
module.module-01.azurerm_network_security_rule.network_security_rules_m1["AzureBastionSubnet.AllowHttpsInbound"]: Creation complete after 15s [id=/subscriptions/f0afb0df-9549-4bb4-8af8-683201ed7aaa/resourceGroups/RG-SwedenCentral-terraform-3/providers/Microsoft.Network/networkSecurityGroups/nsg-vnet-shared-01.AzureBastionSubnet/securityRules/AllowHttpsInbound]
module.module-01.azurerm_bastion_host.bastion_host_01: Still creating... [20s elapsed]
module.module-01.azurerm_network_security_rule.network_security_rules_m1["AzureBastionSubnet.AllowAzureLoadBalancerInbound"]: Creation complete after 17s [id=/subscriptions/f0afb0df-9549-4bb4-8af8-683201ed7aaa/resourceGroups/RG-SwedenCentral-terraform-3/providers/Microsoft.Network/networkSecurityGroups/nsg-vnet-shared-01.AzureBastionSubnet/securityRules/AllowAzureLoadBalancerInbound]
module.module-01.azurerm_subnet_network_security_group_association.nsg_subnet_associations_m1["snet-misc-01"]: Creating...
module.module-01.azurerm_subnet_network_security_group_association.nsg_subnet_associations_m1["snet-misc-02"]: Creating...
module.module-01.azurerm_subnet_network_security_group_association.nsg_subnet_associations_m1["AzureBastionSubnet"]: Creating...
module.module-01.azurerm_subnet_network_security_group_association.nsg_subnet_associations_m1["snet-adds-01"]: Creating...
module.module-01.azurerm_key_vault.kv: Still creating... [50s elapsed]
module.module-01.azurerm_subnet_network_security_group_association.nsg_subnet_associations_m1["snet-misc-01"]: Creation complete after 5s [id=/subscriptions/f0afb0df-9549-4bb4-8af8-683201ed7aaa/resourceGroups/RG-SwedenCentral-terraform-3/providers/Microsoft.Network/virtualNetworks/vnet-shared-01/subnets/snet-misc-01]
module.module-01.azurerm_subnet_network_security_group_association.nsg_subnet_associations_m1["AzureBastionSubnet"]: Creation complete after 10s [id=/subscriptions/f0afb0df-9549-4bb4-8af8-683201ed7aaa/resourceGroups/RG-SwedenCentral-terraform-3/providers/Microsoft.Network/virtualNetworks/vnet-shared-01/subnets/AzureBastionSubnet]
module.module-01.azurerm_bastion_host.bastion_host_01: Still creating... [30s elapsed]
module.module-01.azurerm_subnet_network_security_group_association.nsg_subnet_associations_m1["snet-misc-02"]: Still creating... [10s elapsed]
module.module-01.azurerm_subnet_network_security_group_association.nsg_subnet_associations_m1["snet-adds-01"]: Still creating... [10s elapsed]
module.module-01.azurerm_subnet_network_security_group_association.nsg_subnet_associations_m1["snet-misc-02"]: Creation complete after 15s [id=/subscriptions/f0afb0df-9549-4bb4-8af8-683201ed7aaa/resourceGroups/RG-SwedenCentral-terraform-3/providers/Microsoft.Network/virtualNetworks/vnet-shared-01/subnets/snet-misc-02]
module.module-01.azurerm_key_vault.kv: Still creating... [1m0s elapsed]
module.module-01.azurerm_subnet_network_security_group_association.nsg_subnet_associations_m1["snet-adds-01"]: Creation complete after 20s [id=/subscriptions/f0afb0df-9549-4bb4-8af8-683201ed7aaa/resourceGroups/RG-SwedenCentral-terraform-3/providers/Microsoft.Network/virtualNetworks/vnet-shared-01/subnets/snet-adds-01]
module.module-01.azurerm_bastion_host.bastion_host_01: Still creating... [40s elapsed]
module.module-01.azurerm_key_vault.kv: Still creating... [1m10s elapsed]
module.module-01.azurerm_bastion_host.bastion_host_01: Still creating... [50s elapsed]
module.module-01.azurerm_key_vault.kv: Still creating... [1m20s elapsed]
module.module-01.azurerm_bastion_host.bastion_host_01: Still creating... [1m0s elapsed]
module.module-01.azurerm_key_vault.kv: Still creating... [1m30s elapsed]
module.module-01.azurerm_bastion_host.bastion_host_01: Still creating... [1m10s elapsed]
module.module-01.azurerm_key_vault.kv: Still creating... [1m40s elapsed]
module.module-01.azurerm_bastion_host.bastion_host_01: Still creating... [1m20s elapsed]
module.module-01.azurerm_key_vault.kv: Still creating... [1m50s elapsed]
module.module-01.azurerm_bastion_host.bastion_host_01: Still creating... [1m30s elapsed]
module.module-01.azurerm_key_vault.kv: Still creating... [2m0s elapsed]
module.module-01.azurerm_bastion_host.bastion_host_01: Still creating... [1m40s elapsed]
module.module-01.azurerm_key_vault.kv: Still creating... [2m10s elapsed]
module.module-01.azurerm_bastion_host.bastion_host_01: Still creating... [1m50s elapsed]
module.module-01.azurerm_key_vault.kv: Still creating... [2m20s elapsed]
module.module-01.azurerm_bastion_host.bastion_host_01: Still creating... [2m0s elapsed]
module.module-01.azurerm_key_vault.kv: Still creating... [2m30s elapsed]
module.module-01.azurerm_bastion_host.bastion_host_01: Still creating... [2m10s elapsed]
module.module-01.azurerm_key_vault.kv: Still creating... [2m40s elapsed]
module.module-01.azurerm_key_vault.kv: Creation complete after 2m42s [id=/subscriptions/f0afb0df-9549-4bb4-8af8-683201ed7aaa/resourceGroups/RG-SwedenCentral-terraform-3/providers/Microsoft.KeyVault/vaults/kv-fnvllmvakkrbuaim]
module.module-01.azurerm_key_vault_secret.log_analytics_workspace_01_primary_shared_key: Creating...
module.module-01.azurerm_key_vault_secret.adminpassword: Creating...
module.module-01.azurerm_key_vault_secret.adminuser: Creating...
module.module-01.azurerm_key_vault_secret.storage_account_access_key: Creating...
module.module-01.azurerm_key_vault_secret.adminpassword: Creation complete after 1s [id=https://kv-fnvllmvakkrbuaim.vault.azure.net/secrets/adminpassword/d99ad3fde6bf425b8831c1274604b3db]
module.module-01.azurerm_key_vault_secret.log_analytics_workspace_01_primary_shared_key: Creation complete after 1s [id=https://kv-fnvllmvakkrbuaim.vault.azure.net/secrets/0c3e34a8-72d0-4e18-aa1a-49865116b89a/30504058996d4b0f8bb1ea0ec4abe98c]
module.module-01.azurerm_key_vault_secret.adminuser: Creation complete after 1s [id=https://kv-fnvllmvakkrbuaim.vault.azure.net/secrets/adminuser/ff75c23e9df84a2fbb61cb74666be598]
module.module-01.azurerm_windows_virtual_machine.vm_adds: Creating...
module.module-01.azurerm_key_vault_secret.storage_account_access_key: Creation complete after 1s [id=https://kv-fnvllmvakkrbuaim.vault.azure.net/secrets/stfnvllmvakkrbuaim/144ca0ed44a64b25b63c972d9b3c9164]
module.module-01.azurerm_bastion_host.bastion_host_01: Still creating... [2m20s elapsed]
module.module-01.azurerm_windows_virtual_machine.vm_adds: Still creating... [10s elapsed]
module.module-01.azurerm_bastion_host.bastion_host_01: Still creating... [2m30s elapsed]
module.module-01.azurerm_windows_virtual_machine.vm_adds: Still creating... [20s elapsed]
module.module-01.azurerm_bastion_host.bastion_host_01: Still creating... [2m40s elapsed]
module.module-01.azurerm_windows_virtual_machine.vm_adds: Still creating... [30s elapsed]
module.module-01.azurerm_windows_virtual_machine.vm_adds: Creation complete after 31s [id=/subscriptions/f0afb0df-9549-4bb4-8af8-683201ed7aaa/resourceGroups/RG-SwedenCentral-terraform-3/providers/Microsoft.Compute/virtualMachines/vm-adds1]
module.module-01.azurerm_bastion_host.bastion_host_01: Still creating... [2m50s elapsed]
module.module-01.azurerm_bastion_host.bastion_host_01: Still creating... [3m0s elapsed]
module.module-01.azurerm_bastion_host.bastion_host_01: Still creating... [3m10s elapsed]
module.module-01.azurerm_bastion_host.bastion_host_01: Still creating... [3m20s elapsed]
module.module-01.azurerm_bastion_host.bastion_host_01: Still creating... [3m30s elapsed]
module.module-01.azurerm_bastion_host.bastion_host_01: Still creating... [3m40s elapsed]
module.module-01.azurerm_bastion_host.bastion_host_01: Still creating... [3m50s elapsed]
module.module-01.azurerm_bastion_host.bastion_host_01: Still creating... [4m0s elapsed]
module.module-01.azurerm_bastion_host.bastion_host_01: Still creating... [4m10s elapsed]
module.module-01.azurerm_bastion_host.bastion_host_01: Still creating... [4m20s elapsed]
module.module-01.azurerm_bastion_host.bastion_host_01: Still creating... [4m30s elapsed]
module.module-01.azurerm_bastion_host.bastion_host_01: Still creating... [4m40s elapsed]
module.module-01.azurerm_bastion_host.bastion_host_01: Still creating... [4m50s elapsed]
module.module-01.azurerm_bastion_host.bastion_host_01: Still creating... [5m0s elapsed]
module.module-01.azurerm_bastion_host.bastion_host_01: Still creating... [5m10s elapsed]
module.module-01.azurerm_bastion_host.bastion_host_01: Still creating... [5m20s elapsed]
module.module-01.azurerm_bastion_host.bastion_host_01: Still creating... [5m30s elapsed]
module.module-01.azurerm_bastion_host.bastion_host_01: Still creating... [5m40s elapsed]
module.module-01.azurerm_bastion_host.bastion_host_01: Still creating... [5m50s elapsed]
module.module-01.azurerm_bastion_host.bastion_host_01: Still creating... [6m0s elapsed]
module.module-01.azurerm_bastion_host.bastion_host_01: Still creating... [6m10s elapsed]
module.module-01.azurerm_bastion_host.bastion_host_01: Still creating... [6m20s elapsed]
module.module-01.azurerm_bastion_host.bastion_host_01: Still creating... [6m30s elapsed]
module.module-01.azurerm_bastion_host.bastion_host_01: Still creating... [6m40s elapsed]
module.module-01.azurerm_bastion_host.bastion_host_01: Still creating... [6m50s elapsed]
module.module-01.azurerm_bastion_host.bastion_host_01: Still creating... [7m0s elapsed]
module.module-01.azurerm_bastion_host.bastion_host_01: Still creating... [7m10s elapsed]
module.module-01.azurerm_bastion_host.bastion_host_01: Still creating... [7m20s elapsed]
module.module-01.azurerm_bastion_host.bastion_host_01: Still creating... [7m30s elapsed]
module.module-01.azurerm_bastion_host.bastion_host_01: Still creating... [7m40s elapsed]
module.module-01.azurerm_bastion_host.bastion_host_01: Still creating... [7m50s elapsed]
module.module-01.azurerm_bastion_host.bastion_host_01: Still creating... [8m0s elapsed]
module.module-01.azurerm_bastion_host.bastion_host_01: Creation complete after 8m4s [id=/subscriptions/f0afb0df-9549-4bb4-8af8-683201ed7aaa/resourceGroups/RG-SwedenCentral-terraform-3/providers/Microsoft.Network/bastionHosts/bst-terraform-01]

Apply complete! Resources: 44 added, 0 changed, 0 destroyed.
